
Microsoft Visual Studio Solution File, Format Version 12.00
# Visual Studio 14
VisualStudioVersion = 14.0.25420.1
MinimumVisualStudioVersion = 10.0.40219.1
Project("{FAE04EC0-301F-11D3-BF4B-00C04F79EFBC}") = "Cats.Android", "Cats\Cats.Android\Cats.Android.csproj", "{435F3DE1-39E4-43CD-991C-51F14C0836FE}"
EndProject
Project("{FAE04EC0-301F-11D3-BF4B-00C04F79EFBC}") = "Cats", "Cats\Cats\Cats.csproj", "{BF34DEC9-461D-4962-9BE9-D96D29CF3D50}"
EndProject
Project("{FAE04EC0-301F-11D3-BF4B-00C04F79EFBC}") = "Cats.UWP", "Cats\Cats.UWP\Cats.UWP.csproj", "{F9E417BE-B991-49F0-BB1D-6697D2C97148}"
EndProject
Project("{FAE04EC0-301F-11D3-BF4B-00C04F79EFBC}") = "Cats.iOS", "Cats\Cats.iOS\Cats.iOS.csproj", "{E17C5B13-ADE3-4DDA-894D-CF0042FC01AD}"
EndProject
Global
	GlobalSection(SolutionConfigurationPlatforms) = preSolution
		Ad-Hoc|Any CPU = Ad-Hoc|Any CPU
		Ad-Hoc|ARM = Ad-Hoc|ARM
		Ad-Hoc|iPhone = Ad-Hoc|iPhone
		Ad-Hoc|iPhoneSimulator = Ad-Hoc|iPhoneSimulator
		Ad-Hoc|x64 = Ad-Hoc|x64
		Ad-Hoc|x86 = Ad-Hoc|x86
		AppStore|Any CPU = AppStore|Any CPU
		AppStore|ARM = AppStore|ARM
		AppStore|iPhone = AppStore|iPhone
		AppStore|iPhoneSimulator = AppStore|iPhoneSimulator
		AppStore|x64 = AppStore|x64
		AppStore|x86 = AppStore|x86
		Debug|Any CPU = Debug|Any CPU
		Debug|ARM = Debug|ARM
		Debug|iPhone = Debug|iPhone
		Debug|iPhoneSimulator = Debug|iPhoneSimulator
		Debug|x64 = Debug|x64
		Debug|x86 = Debug|x86
		Release|Any CPU = Release|Any CPU
		Release|ARM = Release|ARM
		Release|iPhone = Release|iPhone
		Release|iPhoneSimulator = Release|iPhoneSimulator
		Release|x64 = Release|x64
		Release|x86 = Release|x86
	EndGlobalSection
	GlobalSection(ProjectConfigurationPlatforms) = postSolution
		{435F3DE1-39E4-43CD-991C-51F14C0836FE}.Ad-Hoc|Any CPU.ActiveCfg = Release|Any CPU
		{435F3DE1-39E4-43CD-991C-51F14C0836FE}.Ad-Hoc|Any CPU.Build.0 = Release|Any CPU
		{435F3DE1-39E4-43CD-991C-51F14C0836FE}.Ad-Hoc|Any CPU.Deploy.0 = Release|Any CPU
		{435F3DE1-39E4-43CD-991C-51F14C0836FE}.Ad-Hoc|ARM.ActiveCfg = Release|Any CPU
		{435F3DE1-39E4-43CD-991C-51F14C0836FE}.Ad-Hoc|ARM.Build.0 = Release|Any CPU
		{435F3DE1-39E4-43CD-991C-51F14C0836FE}.Ad-Hoc|ARM.Deploy.0 = Release|Any CPU
		{435F3DE1-39E4-43CD-991C-51F14C0836FE}.Ad-Hoc|iPhone.ActiveCfg = Release|Any CPU
		{435F3DE1-39E4-43CD-991C-51F14C0836FE}.Ad-Hoc|iPhone.Build.0 = Release|Any CPU
		{435F3DE1-39E4-43CD-991C-51F14C0836FE}.Ad-Hoc|iPhone.Deploy.0 = Release|Any CPU
		{435F3DE1-39E4-43CD-991C-51F14C0836FE}.Ad-Hoc|iPhoneSimulator.ActiveCfg = Release|Any CPU
		{435F3DE1-39E4-43CD-991C-51F14C0836FE}.Ad-Hoc|iPhoneSimulator.Build.0 = Release|Any CPU
		{435F3DE1-39E4-43CD-991C-51F14C0836FE}.Ad-Hoc|iPhoneSimulator.Deploy.0 = Release|Any CPU
		{435F3DE1-39E4-43CD-991C-51F14C0836FE}.Ad-Hoc|x64.ActiveCfg = Release|Any CPU
		{435F3DE1-39E4-43CD-991C-51F14C0836FE}.Ad-Hoc|x64.Build.0 = Release|Any CPU
		{435F3DE1-39E4-43CD-991C-51F14C0836FE}.Ad-Hoc|x64.Deploy.0 = Release|Any CPU
		{435F3DE1-39E4-43CD-991C-51F14C0836FE}.Ad-Hoc|x86.ActiveCfg = Release|Any CPU
		{435F3DE1-39E4-43CD-991C-51F14C0836FE}.Ad-Hoc|x86.Build.0 = Release|Any CPU
		{435F3DE1-39E4-43CD-991C-51F14C0836FE}.Ad-Hoc|x86.Deploy.0 = Release|Any CPU
		{435F3DE1-39E4-43CD-991C-51F14C0836FE}.AppStore|Any CPU.ActiveCfg = Release|Any CPU
		{435F3DE1-39E4-43CD-991C-51F14C0836FE}.AppStore|Any CPU.Build.0 = Release|Any CPU
		{435F3DE1-39E4-43CD-991C-51F14C0836FE}.AppStore|Any CPU.Deploy.0 = Release|Any CPU
		{435F3DE1-39E4-43CD-991C-51F14C0836FE}.AppStore|ARM.ActiveCfg = Release|Any CPU
		{435F3DE1-39E4-43CD-991C-51F14C0836FE}.AppStore|ARM.Build.0 = Release|Any CPU
		{435F3DE1-39E4-43CD-991C-51F14C0836FE}.AppStore|ARM.Deploy.0 = Release|Any CPU
		{435F3DE1-39E4-43CD-991C-51F14C0836FE}.AppStore|iPhone.ActiveCfg = Release|Any CPU
		{435F3DE1-39E4-43CD-991C-51F14C0836FE}.AppStore|iPhone.Build.0 = Release|Any CPU
		{435F3DE1-39E4-43CD-991C-51F14C0836FE}.AppStore|iPhone.Deploy.0 = Release|Any CPU
		{435F3DE1-39E4-43CD-991C-51F14C0836FE}.AppStore|iPhoneSimulator.ActiveCfg = Release|Any CPU
		{435F3DE1-39E4-43CD-991C-51F14C0836FE}.AppStore|iPhoneSimulator.Build.0 = Release|Any CPU
		{435F3DE1-39E4-43CD-991C-51F14C0836FE}.AppStore|iPhoneSimulator.Deploy.0 = Release|Any CPU
		{435F3DE1-39E4-43CD-991C-51F14C0836FE}.AppStore|x64.ActiveCfg = Release|Any CPU
		{435F3DE1-39E4-43CD-991C-51F14C0836FE}.AppStore|x64.Build.0 = Release|Any CPU
		{435F3DE1-39E4-43CD-991C-51F14C0836FE}.AppStore|x64.Deploy.0 = Release|Any CPU
		{435F3DE1-39E4-43CD-991C-51F14C0836FE}.AppStore|x86.ActiveCfg = Release|Any CPU
		{435F3DE1-39E4-43CD-991C-51F14C0836FE}.AppStore|x86.Build.0 = Release|Any CPU
		{435F3DE1-39E4-43CD-991C-51F14C0836FE}.AppStore|x86.Deploy.0 = Release|Any CPU
		{435F3DE1-39E4-43CD-991C-51F14C0836FE}.Debug|Any CPU.ActiveCfg = Debug|Any CPU
		{435F3DE1-39E4-43CD-991C-51F14C0836FE}.Debug|Any CPU.Build.0 = Debug|Any CPU
		{435F3DE1-39E4-43CD-991C-51F14C0836FE}.Debug|Any CPU.Deploy.0 = Debug|Any CPU
		{435F3DE1-39E4-43CD-991C-51F14C0836FE}.Debug|ARM.ActiveCfg = Debug|Any CPU
		{435F3DE1-39E4-43CD-991C-51F14C0836FE}.Debug|ARM.Build.0 = Debug|Any CPU
		{435F3DE1-39E4-43CD-991C-51F14C0836FE}.Debug|ARM.Deploy.0 = Debug|Any CPU
		{435F3DE1-39E4-43CD-991C-51F14C0836FE}.Debug|iPhone.ActiveCfg = Debug|Any CPU
		{435F3DE1-39E4-43CD-991C-51F14C0836FE}.Debug|iPhone.Build.0 = Debug|Any CPU
		{435F3DE1-39E4-43CD-991C-51F14C0836FE}.Debug|iPhone.Deploy.0 = Debug|Any CPU
		{435F3DE1-39E4-43CD-991C-51F14C0836FE}.Debug|iPhoneSimulator.ActiveCfg = Debug|Any CPU
		{435F3DE1-39E4-43CD-991C-51F14C0836FE}.Debug|iPhoneSimulator.Build.0 = Debug|Any CPU
		{435F3DE1-39E4-43CD-991C-51F14C0836FE}.Debug|iPhoneSimulator.Deploy.0 = Debug|Any CPU
		{435F3DE1-39E4-43CD-991C-51F14C0836FE}.Debug|x64.ActiveCfg = Debug|Any CPU
		{435F3DE1-39E4-43CD-991C-51F14C0836FE}.Debug|x64.Build.0 = Debug|Any CPU
		{435F3DE1-39E4-43CD-991C-51F14C0836FE}.Debug|x64.Deploy.0 = Debug|Any CPU
		{435F3DE1-39E4-43CD-991C-51F14C0836FE}.Debug|x86.ActiveCfg = Debug|Any CPU
		{435F3DE1-39E4-43CD-991C-51F14C0836FE}.Debug|x86.Build.0 = Debug|Any CPU
		{435F3DE1-39E4-43CD-991C-51F14C0836FE}.Debug|x86.Deploy.0 = Debug|Any CPU
		{435F3DE1-39E4-43CD-991C-51F14C0836FE}.Release|Any CPU.ActiveCfg = Release|Any CPU
		{435F3DE1-39E4-43CD-991C-51F14C0836FE}.Release|Any CPU.Build.0 = Release|Any CPU
		{435F3DE1-39E4-43CD-991C-51F14C0836FE}.Release|Any CPU.Deploy.0 = Release|Any CPU
		{435F3DE1-39E4-43CD-991C-51F14C0836FE}.Release|ARM.ActiveCfg = Release|Any CPU
		{435F3DE1-39E4-43CD-991C-51F14C0836FE}.Release|ARM.Build.0 = Release|Any CPU
		{435F3DE1-39E4-43CD-991C-51F14C0836FE}.Release|ARM.Deploy.0 = Release|Any CPU
		{435F3DE1-39E4-43CD-991C-51F14C0836FE}.Release|iPhone.ActiveCfg = Release|Any CPU
		{435F3DE1-39E4-43CD-991C-51F14C0836FE}.Release|iPhone.Build.0 = Release|Any CPU
		{435F3DE1-39E4-43CD-991C-51F14C0836FE}.Release|iPhone.Deploy.0 = Release|Any CPU
		{435F3DE1-39E4-43CD-991C-51F14C0836FE}.Release|iPhoneSimulator.ActiveCfg = Release|Any CPU
		{435F3DE1-39E4-43CD-991C-51F14C0836FE}.Release|iPhoneSimulator.Build.0 = Release|Any CPU
		{435F3DE1-39E4-43CD-991C-51F14C0836FE}.Release|iPhoneSimulator.Deploy.0 = Release|Any CPU
		{435F3DE1-39E4-43CD-991C-51F14C0836FE}.Release|x64.ActiveCfg = Release|Any CPU
		{435F3DE1-39E4-43CD-991C-51F14C0836FE}.Release|x64.Build.0 = Release|Any CPU
		{435F3DE1-39E4-43CD-991C-51F14C0836FE}.Release|x64.Deploy.0 = Release|Any CPU
		{435F3DE1-39E4-43CD-991C-51F14C0836FE}.Release|x86.ActiveCfg = Release|Any CPU
		{435F3DE1-39E4-43CD-991C-51F14C0836FE}.Release|x86.Build.0 = Release|Any CPU
		{435F3DE1-39E4-43CD-991C-51F14C0836FE}.Release|x86.Deploy.0 = Release|Any CPU
		{BF34DEC9-461D-4962-9BE9-D96D29CF3D50}.Ad-Hoc|Any CPU.ActiveCfg = Release|Any CPU
		{BF34DEC9-461D-4962-9BE9-D96D29CF3D50}.Ad-Hoc|Any CPU.Build.0 = Release|Any CPU
		{BF34DEC9-461D-4962-9BE9-D96D29CF3D50}.Ad-Hoc|ARM.ActiveCfg = Release|Any CPU
		{BF34DEC9-461D-4962-9BE9-D96D29CF3D50}.Ad-Hoc|ARM.Build.0 = Release|Any CPU
		{BF34DEC9-461D-4962-9BE9-D96D29CF3D50}.Ad-Hoc|iPhone.ActiveCfg = Release|Any CPU
		{BF34DEC9-461D-4962-9BE9-D96D29CF3D50}.Ad-Hoc|iPhone.Build.0 = Release|Any CPU
		{BF34DEC9-461D-4962-9BE9-D96D29CF3D50}.Ad-Hoc|iPhoneSimulator.ActiveCfg = Release|Any CPU
		{BF34DEC9-461D-4962-9BE9-D96D29CF3D50}.Ad-Hoc|iPhoneSimulator.Build.0 = Release|Any CPU
		{BF34DEC9-461D-4962-9BE9-D96D29CF3D50}.Ad-Hoc|x64.ActiveCfg = Release|Any CPU
		{BF34DEC9-461D-4962-9BE9-D96D29CF3D50}.Ad-Hoc|x64.Build.0 = Release|Any CPU
		{BF34DEC9-461D-4962-9BE9-D96D29CF3D50}.Ad-Hoc|x86.ActiveCfg = Release|Any CPU
		{BF34DEC9-461D-4962-9BE9-D96D29CF3D50}.Ad-Hoc|x86.Build.0 = Release|Any CPU
		{BF34DEC9-461D-4962-9BE9-D96D29CF3D50}.AppStore|Any CPU.ActiveCfg = Release|Any CPU
		{BF34DEC9-461D-4962-9BE9-D96D29CF3D50}.AppStore|Any CPU.Build.0 = Release|Any CPU
		{BF34DEC9-461D-4962-9BE9-D96D29CF3D50}.AppStore|ARM.ActiveCfg = Release|Any CPU
		{BF34DEC9-461D-4962-9BE9-D96D29CF3D50}.AppStore|ARM.Build.0 = Release|Any CPU
		{BF34DEC9-461D-4962-9BE9-D96D29CF3D50}.AppStore|iPhone.ActiveCfg = Release|Any CPU
		{BF34DEC9-461D-4962-9BE9-D96D29CF3D50}.AppStore|iPhone.Build.0 = Release|Any CPU
		{BF34DEC9-461D-4962-9BE9-D96D29CF3D50}.AppStore|iPhoneSimulator.ActiveCfg = Release|Any CPU
		{BF34DEC9-461D-4962-9BE9-D96D29CF3D50}.AppStore|iPhoneSimulator.Build.0 = Release|Any CPU
		{BF34DEC9-461D-4962-9BE9-D96D29CF3D50}.AppStore|x64.ActiveCfg = Release|Any CPU
		{BF34DEC9-461D-4962-9BE9-D96D29CF3D50}.AppStore|x64.Build.0 = Release|Any CPU
		{BF34DEC9-461D-4962-9BE9-D96D29CF3D50}.AppStore|x86.ActiveCfg = Release|Any CPU
		{BF34DEC9-461D-4962-9BE9-D96D29CF3D50}.AppStore|x86.Build.0 = Release|Any CPU
		{BF34DEC9-461D-4962-9BE9-D96D29CF3D50}.Debug|Any CPU.ActiveCfg = Debug|Any CPU
		{BF34DEC9-461D-4962-9BE9-D96D29CF3D50}.Debug|Any CPU.Build.0 = Debug|Any CPU
		{BF34DEC9-461D-4962-9BE9-D96D29CF3D50}.Debug|ARM.ActiveCfg = Debug|Any CPU
		{BF34DEC9-461D-4962-9BE9-D96D29CF3D50}.Debug|ARM.Build.0 = Debug|Any CPU
		{BF34DEC9-461D-4962-9BE9-D96D29CF3D50}.Debug|iPhone.ActiveCfg = Debug|Any CPU
		{BF34DEC9-461D-4962-9BE9-D96D29CF3D50}.Debug|iPhone.Build.0 = Debug|Any CPU
		{BF34DEC9-461D-4962-9BE9-D96D29CF3D50}.Debug|iPhoneSimulator.ActiveCfg = Debug|Any CPU
		{BF34DEC9-461D-4962-9BE9-D96D29CF3D50}.Debug|iPhoneSimulator.Build.0 = Debug|Any CPU
		{BF34DEC9-461D-4962-9BE9-D96D29CF3D50}.Debug|x64.ActiveCfg = Debug|Any CPU
		{BF34DEC9-461D-4962-9BE9-D96D29CF3D50}.Debug|x64.Build.0 = Debug|Any CPU
		{BF34DEC9-461D-4962-9BE9-D96D29CF3D50}.Debug|x86.ActiveCfg = Debug|Any CPU
		{BF34DEC9-461D-4962-9BE9-D96D29CF3D50}.Debug|x86.Build.0 = Debug|Any CPU
		{BF34DEC9-461D-4962-9BE9-D96D29CF3D50}.Release|Any CPU.ActiveCfg = Release|Any CPU
		{BF34DEC9-461D-4962-9BE9-D96D29CF3D50}.Release|Any CPU.Build.0 = Release|Any CPU
		{BF34DEC9-461D-4962-9BE9-D96D29CF3D50}.Release|ARM.ActiveCfg = Release|Any CPU
		{BF34DEC9-461D-4962-9BE9-D96D29CF3D50}.Release|ARM.Build.0 = Release|Any CPU
		{BF34DEC9-461D-4962-9BE9-D96D29CF3D50}.Release|iPhone.ActiveCfg = Release|Any CPU
		{BF34DEC9-461D-4962-9BE9-D96D29CF3D50}.Release|iPhone.Build.0 = Release|Any CPU
		{BF34DEC9-461D-4962-9BE9-D96D29CF3D50}.Release|iPhoneSimulator.ActiveCfg = Release|Any CPU
		{BF34DEC9-461D-4962-9BE9-D96D29CF3D50}.Release|iPhoneSimulator.Build.0 = Release|Any CPU
		{BF34DEC9-461D-4962-9BE9-D96D29CF3D50}.Release|x64.ActiveCfg = Release|Any CPU
		{BF34DEC9-461D-4962-9BE9-D96D29CF3D50}.Release|x64.Build.0 = Release|Any CPU
		{BF34DEC9-461D-4962-9BE9-D96D29CF3D50}.Release|x86.ActiveCfg = Release|Any CPU
		{BF34DEC9-461D-4962-9BE9-D96D29CF3D50}.Release|x86.Build.0 = Release|Any CPU
		{F9E417BE-B991-49F0-BB1D-6697D2C97148}.Ad-Hoc|Any CPU.ActiveCfg = Release|x86
		{F9E417BE-B991-49F0-BB1D-6697D2C97148}.Ad-Hoc|Any CPU.Build.0 = Release|x86
		{F9E417BE-B991-49F0-BB1D-6697D2C97148}.Ad-Hoc|Any CPU.Deploy.0 = Release|x86
		{F9E417BE-B991-49F0-BB1D-6697D2C97148}.Ad-Hoc|ARM.ActiveCfg = Release|ARM
		{F9E417BE-B991-49F0-BB1D-6697D2C97148}.Ad-Hoc|ARM.Build.0 = Release|ARM
		{F9E417BE-B991-49F0-BB1D-6697D2C97148}.Ad-Hoc|ARM.Deploy.0 = Release|ARM
		{F9E417BE-B991-49F0-BB1D-6697D2C97148}.Ad-Hoc|iPhone.ActiveCfg = Release|x86
		{F9E417BE-B991-49F0-BB1D-6697D2C97148}.Ad-Hoc|iPhone.Build.0 = Release|x86
		{F9E417BE-B991-49F0-BB1D-6697D2C97148}.Ad-Hoc|iPhone.Deploy.0 = Release|x86
		{F9E417BE-B991-49F0-BB1D-6697D2C97148}.Ad-Hoc|iPhoneSimulator.ActiveCfg = Release|x86
		{F9E417BE-B991-49F0-BB1D-6697D2C97148}.Ad-Hoc|iPhoneSimulator.Build.0 = Release|x86
		{F9E417BE-B991-49F0-BB1D-6697D2C97148}.Ad-Hoc|iPhoneSimulator.Deploy.0 = Release|x86
		{F9E417BE-B991-49F0-BB1D-6697D2C97148}.Ad-Hoc|x64.ActiveCfg = Release|x64
		{F9E417BE-B991-49F0-BB1D-6697D2C97148}.Ad-Hoc|x64.Build.0 = Release|x64
		{F9E417BE-B991-49F0-BB1D-6697D2C97148}.Ad-Hoc|x64.Deploy.0 = Release|x64
		{F9E417BE-B991-49F0-BB1D-6697D2C97148}.Ad-Hoc|x86.ActiveCfg = Release|x86
		{F9E417BE-B991-49F0-BB1D-6697D2C97148}.Ad-Hoc|x86.Build.0 = Release|x86
		{F9E417BE-B991-49F0-BB1D-6697D2C97148}.Ad-Hoc|x86.Deploy.0 = Release|x86
		{F9E417BE-B991-49F0-BB1D-6697D2C97148}.AppStore|Any CPU.ActiveCfg = Release|x86
		{F9E417BE-B991-49F0-BB1D-6697D2C97148}.AppStore|Any CPU.Build.0 = Release|x86
		{F9E417BE-B991-49F0-BB1D-6697D2C97148}.AppStore|Any CPU.Deploy.0 = Release|x86
		{F9E417BE-B991-49F0-BB1D-6697D2C97148}.AppStore|ARM.ActiveCfg = Release|ARM
		{F9E417BE-B991-49F0-BB1D-6697D2C97148}.AppStore|ARM.Build.0 = Release|ARM
		{F9E417BE-B991-49F0-BB1D-6697D2C97148}.AppStore|ARM.Deploy.0 = Release|ARM
		{F9E417BE-B991-49F0-BB1D-6697D2C97148}.AppStore|iPhone.ActiveCfg = Release|x86
		{F9E417BE-B991-49F0-BB1D-6697D2C97148}.AppStore|iPhone.Build.0 = Release|x86
		{F9E417BE-B991-49F0-BB1D-6697D2C97148}.AppStore|iPhone.Deploy.0 = Release|x86
		{F9E417BE-B991-49F0-BB1D-6697D2C97148}.AppStore|iPhoneSimulator.ActiveCfg = Release|x86
		{F9E417BE-B991-49F0-BB1D-6697D2C97148}.AppStore|iPhoneSimulator.Build.0 = Release|x86
		{F9E417BE-B991-49F0-BB1D-6697D2C97148}.AppStore|iPhoneSimulator.Deploy.0 = Release|x86
		{F9E417BE-B991-49F0-BB1D-6697D2C97148}.AppStore|x64.ActiveCfg = Release|x64
		{F9E417BE-B991-49F0-BB1D-6697D2C97148}.AppStore|x64.Build.0 = Release|x64
		{F9E417BE-B991-49F0-BB1D-6697D2C97148}.AppStore|x64.Deploy.0 = Release|x64
		{F9E417BE-B991-49F0-BB1D-6697D2C97148}.AppStore|x86.ActiveCfg = Release|x86
		{F9E417BE-B991-49F0-BB1D-6697D2C97148}.AppStore|x86.Build.0 = Release|x86
		{F9E417BE-B991-49F0-BB1D-6697D2C97148}.AppStore|x86.Deploy.0 = Release|x86
		{F9E417BE-B991-49F0-BB1D-6697D2C97148}.Debug|Any CPU.ActiveCfg = Debug|x86
		{F9E417BE-B991-49F0-BB1D-6697D2C97148}.Debug|ARM.ActiveCfg = Debug|ARM
		{F9E417BE-B991-49F0-BB1D-6697D2C97148}.Debug|ARM.Build.0 = Debug|ARM
		{F9E417BE-B991-49F0-BB1D-6697D2C97148}.Debug|ARM.Deploy.0 = Debug|ARM
		{F9E417BE-B991-49F0-BB1D-6697D2C97148}.Debug|iPhone.ActiveCfg = Debug|x86
		{F9E417BE-B991-49F0-BB1D-6697D2C97148}.Debug|iPhoneSimulator.ActiveCfg = Debug|x86
		{F9E417BE-B991-49F0-BB1D-6697D2C97148}.Debug|x64.ActiveCfg = Debug|x64
		{F9E417BE-B991-49F0-BB1D-6697D2C97148}.Debug|x64.Build.0 = Debug|x64
		{F9E417BE-B991-49F0-BB1D-6697D2C97148}.Debug|x64.Deploy.0 = Debug|x64
		{F9E417BE-B991-49F0-BB1D-6697D2C97148}.Debug|x86.ActiveCfg = Debug|x86
		{F9E417BE-B991-49F0-BB1D-6697D2C97148}.Debug|x86.Build.0 = Debug|x86
		{F9E417BE-B991-49F0-BB1D-6697D2C97148}.Debug|x86.Deploy.0 = Debug|x86
		{F9E417BE-B991-49F0-BB1D-6697D2C97148}.Release|Any CPU.ActiveCfg = Release|x86
		{F9E417BE-B991-49F0-BB1D-6697D2C97148}.Release|ARM.ActiveCfg = Release|ARM
		{F9E417BE-B991-49F0-BB1D-6697D2C97148}.Release|ARM.Build.0 = Release|ARM
		{F9E417BE-B991-49F0-BB1D-6697D2C97148}.Release|ARM.Deploy.0 = Release|ARM
		{F9E417BE-B991-49F0-BB1D-6697D2C97148}.Release|iPhone.ActiveCfg = Release|x86
		{F9E417BE-B991-49F0-BB1D-6697D2C97148}.Release|iPhoneSimulator.ActiveCfg = Release|x86
		{F9E417BE-B991-49F0-BB1D-6697D2C97148}.Release|x64.ActiveCfg = Release|x64
		{F9E417BE-B991-49F0-BB1D-6697D2C97148}.Release|x64.Build.0 = Release|x64
		{F9E417BE-B991-49F0-BB1D-6697D2C97148}.Release|x64.Deploy.0 = Release|x64
		{F9E417BE-B991-49F0-BB1D-6697D2C97148}.Release|x86.ActiveCfg = Release|x86
		{F9E417BE-B991-49F0-BB1D-6697D2C97148}.Release|x86.Build.0 = Release|x86
		{F9E417BE-B991-49F0-BB1D-6697D2C97148}.Release|x86.Deploy.0 = Release|x86
		{E17C5B13-ADE3-4DDA-894D-CF0042FC01AD}.Ad-Hoc|Any CPU.ActiveCfg = Ad-Hoc|iPhone
		{E17C5B13-ADE3-4DDA-894D-CF0042FC01AD}.Ad-Hoc|ARM.ActiveCfg = Ad-Hoc|iPhone
		{E17C5B13-ADE3-4DDA-894D-CF0042FC01AD}.Ad-Hoc|iPhone.ActiveCfg = Ad-Hoc|iPhone
		{E17C5B13-ADE3-4DDA-894D-CF0042FC01AD}.Ad-Hoc|iPhone.Build.0 = Ad-Hoc|iPhone
		{E17C5B13-ADE3-4DDA-894D-CF0042FC01AD}.Ad-Hoc|iPhoneSimulator.ActiveCfg = Ad-Hoc|iPhoneSimulator
		{E17C5B13-ADE3-4DDA-894D-CF0042FC01AD}.Ad-Hoc|iPhoneSimulator.Build.0 = Ad-Hoc|iPhoneSimulator
		{E17C5B13-ADE3-4DDA-894D-CF0042FC01AD}.Ad-Hoc|x64.ActiveCfg = Ad-Hoc|iPhone
		{E17C5B13-ADE3-4DDA-894D-CF0042FC01AD}.Ad-Hoc|x86.ActiveCfg = Ad-Hoc|iPhone
		{E17C5B13-ADE3-4DDA-894D-CF0042FC01AD}.AppStore|Any CPU.ActiveCfg = AppStore|iPhone
		{E17C5B13-ADE3-4DDA-894D-CF0042FC01AD}.AppStore|ARM.ActiveCfg = AppStore|iPhone
		{E17C5B13-ADE3-4DDA-894D-CF0042FC01AD}.AppStore|iPhone.ActiveCfg = AppStore|iPhone
		{E17C5B13-ADE3-4DDA-894D-CF0042FC01AD}.AppStore|iPhone.Build.0 = AppStore|iPhone
		{E17C5B13-ADE3-4DDA-894D-CF0042FC01AD}.AppStore|iPhoneSimulator.ActiveCfg = AppStore|iPhoneSimulator
		{E17C5B13-ADE3-4DDA-894D-CF0042FC01AD}.AppStore|iPhoneSimulator.Build.0 = AppStore|iPhoneSimulator
		{E17C5B13-ADE3-4DDA-894D-CF0042FC01AD}.AppStore|x64.ActiveCfg = AppStore|iPhone
		{E17C5B13-ADE3-4DDA-894D-CF0042FC01AD}.AppStore|x86.ActiveCfg = AppStore|iPhone
		{E17C5B13-ADE3-4DDA-894D-CF0042FC01AD}.Debug|Any CPU.ActiveCfg = Debug|iPhone
		{E17C5B13-ADE3-4DDA-894D-CF0042FC01AD}.Debug|ARM.ActiveCfg = Debug|iPhone
		{E17C5B13-ADE3-4DDA-894D-CF0042FC01AD}.Debug|iPhone.ActiveCfg = Debug|iPhone
		{E17C5B13-ADE3-4DDA-894D-CF0042FC01AD}.Debug|iPhone.Build.0 = Debug|iPhone
		{E17C5B13-ADE3-4DDA-894D-CF0042FC01AD}.Debug|iPhoneSimulator.ActiveCfg = Debug|iPhoneSimulator
		{E17C5B13-ADE3-4DDA-894D-CF0042FC01AD}.Debug|iPhoneSimulator.Build.0 = Debug|iPhoneSimulator
		{E17C5B13-ADE3-4DDA-894D-CF0042FC01AD}.Debug|x64.ActiveCfg = Debug|iPhone
		{E17C5B13-ADE3-4DDA-894D-CF0042FC01AD}.Debug|x86.ActiveCfg = Debug|iPhone
		{E17C5B13-ADE3-4DDA-894D-CF0042FC01AD}.Release|Any CPU.ActiveCfg = Release|iPhone
		{E17C5B13-ADE3-4DDA-894D-CF0042FC01AD}.Release|ARM.ActiveCfg = Release|iPhone
		{E17C5B13-ADE3-4DDA-894D-CF0042FC01AD}.Release|iPhone.ActiveCfg = Release|iPhone
		{E17C5B13-ADE3-4DDA-894D-CF0042FC01AD}.Release|iPhone.Build.0 = Release|iPhone
		{E17C5B13-ADE3-4DDA-894D-CF0042FC01AD}.Release|iPhoneSimulator.ActiveCfg = Release|iPhoneSimulator
		{E17C5B13-ADE3-4DDA-894D-CF0042FC01AD}.Release|iPhoneSimulator.Build.0 = Release|iPhoneSimulator
		{E17C5B13-ADE3-4DDA-894D-CF0042FC01AD}.Release|x64.ActiveCfg = Release|iPhone
		{E17C5B13-ADE3-4DDA-894D-CF0042FC01AD}.Release|x86.ActiveCfg = Release|iPhone
	EndGlobalSection
	GlobalSection(SolutionProperties) = preSolution
		HideSolutionNode = FALSE
	EndGlobalSection
EndGlobal
