
Microsoft Visual Studio Solution File, Format Version 12.00
# Visual Studio 14
VisualStudioVersion = 14.0.25420.1
MinimumVisualStudioVersion = 10.0.40219.1
Project("{FAE04EC0-301F-11D3-BF4B-00C04F79EFBC}") = "XamarinFormsLicao3.Android", "XamarinFormsLicao3\XamarinFormsLicao3.Android\XamarinFormsLicao3.Android.csproj", "{ED7BDBA0-3D13-4E7A-9540-21FB9ECE30D3}"
EndProject
Project("{FAE04EC0-301F-11D3-BF4B-00C04F79EFBC}") = "XamarinFormsLicao3", "XamarinFormsLicao3\XamarinFormsLicao3\XamarinFormsLicao3.csproj", "{29F5D093-6418-4516-971A-044B3D5435EA}"
EndProject
Project("{FAE04EC0-301F-11D3-BF4B-00C04F79EFBC}") = "XamarinFormsLicao3.UWP", "XamarinFormsLicao3\XamarinFormsLicao3.UWP\XamarinFormsLicao3.UWP.csproj", "{0278F616-EC70-42C7-9650-2D06C6CD0AAC}"
EndProject
Project("{FAE04EC0-301F-11D3-BF4B-00C04F79EFBC}") = "XamarinFormsLicao3.iOS", "XamarinFormsLicao3\XamarinFormsLicao3.iOS\XamarinFormsLicao3.iOS.csproj", "{54104CCA-0069-4128-8773-B70B2E1C9A8F}"
EndProject
Global
	GlobalSection(SolutionConfigurationPlatforms) = preSolution
		Ad-Hoc|Any CPU = Ad-Hoc|Any CPU
		Ad-Hoc|ARM = Ad-Hoc|ARM
		Ad-Hoc|iPhone = Ad-Hoc|iPhone
		Ad-Hoc|iPhoneSimulator = Ad-Hoc|iPhoneSimulator
		Ad-Hoc|x64 = Ad-Hoc|x64
		Ad-Hoc|x86 = Ad-Hoc|x86
		AppStore|Any CPU = AppStore|Any CPU
		AppStore|ARM = AppStore|ARM
		AppStore|iPhone = AppStore|iPhone
		AppStore|iPhoneSimulator = AppStore|iPhoneSimulator
		AppStore|x64 = AppStore|x64
		AppStore|x86 = AppStore|x86
		Debug|Any CPU = Debug|Any CPU
		Debug|ARM = Debug|ARM
		Debug|iPhone = Debug|iPhone
		Debug|iPhoneSimulator = Debug|iPhoneSimulator
		Debug|x64 = Debug|x64
		Debug|x86 = Debug|x86
		Release|Any CPU = Release|Any CPU
		Release|ARM = Release|ARM
		Release|iPhone = Release|iPhone
		Release|iPhoneSimulator = Release|iPhoneSimulator
		Release|x64 = Release|x64
		Release|x86 = Release|x86
	EndGlobalSection
	GlobalSection(ProjectConfigurationPlatforms) = postSolution
		{ED7BDBA0-3D13-4E7A-9540-21FB9ECE30D3}.Ad-Hoc|Any CPU.ActiveCfg = Release|Any CPU
		{ED7BDBA0-3D13-4E7A-9540-21FB9ECE30D3}.Ad-Hoc|Any CPU.Build.0 = Release|Any CPU
		{ED7BDBA0-3D13-4E7A-9540-21FB9ECE30D3}.Ad-Hoc|Any CPU.Deploy.0 = Release|Any CPU
		{ED7BDBA0-3D13-4E7A-9540-21FB9ECE30D3}.Ad-Hoc|ARM.ActiveCfg = Release|Any CPU
		{ED7BDBA0-3D13-4E7A-9540-21FB9ECE30D3}.Ad-Hoc|ARM.Build.0 = Release|Any CPU
		{ED7BDBA0-3D13-4E7A-9540-21FB9ECE30D3}.Ad-Hoc|ARM.Deploy.0 = Release|Any CPU
		{ED7BDBA0-3D13-4E7A-9540-21FB9ECE30D3}.Ad-Hoc|iPhone.ActiveCfg = Release|Any CPU
		{ED7BDBA0-3D13-4E7A-9540-21FB9ECE30D3}.Ad-Hoc|iPhone.Build.0 = Release|Any CPU
		{ED7BDBA0-3D13-4E7A-9540-21FB9ECE30D3}.Ad-Hoc|iPhone.Deploy.0 = Release|Any CPU
		{ED7BDBA0-3D13-4E7A-9540-21FB9ECE30D3}.Ad-Hoc|iPhoneSimulator.ActiveCfg = Release|Any CPU
		{ED7BDBA0-3D13-4E7A-9540-21FB9ECE30D3}.Ad-Hoc|iPhoneSimulator.Build.0 = Release|Any CPU
		{ED7BDBA0-3D13-4E7A-9540-21FB9ECE30D3}.Ad-Hoc|iPhoneSimulator.Deploy.0 = Release|Any CPU
		{ED7BDBA0-3D13-4E7A-9540-21FB9ECE30D3}.Ad-Hoc|x64.ActiveCfg = Release|Any CPU
		{ED7BDBA0-3D13-4E7A-9540-21FB9ECE30D3}.Ad-Hoc|x64.Build.0 = Release|Any CPU
		{ED7BDBA0-3D13-4E7A-9540-21FB9ECE30D3}.Ad-Hoc|x64.Deploy.0 = Release|Any CPU
		{ED7BDBA0-3D13-4E7A-9540-21FB9ECE30D3}.Ad-Hoc|x86.ActiveCfg = Release|Any CPU
		{ED7BDBA0-3D13-4E7A-9540-21FB9ECE30D3}.Ad-Hoc|x86.Build.0 = Release|Any CPU
		{ED7BDBA0-3D13-4E7A-9540-21FB9ECE30D3}.Ad-Hoc|x86.Deploy.0 = Release|Any CPU
		{ED7BDBA0-3D13-4E7A-9540-21FB9ECE30D3}.AppStore|Any CPU.ActiveCfg = Release|Any CPU
		{ED7BDBA0-3D13-4E7A-9540-21FB9ECE30D3}.AppStore|Any CPU.Build.0 = Release|Any CPU
		{ED7BDBA0-3D13-4E7A-9540-21FB9ECE30D3}.AppStore|Any CPU.Deploy.0 = Release|Any CPU
		{ED7BDBA0-3D13-4E7A-9540-21FB9ECE30D3}.AppStore|ARM.ActiveCfg = Release|Any CPU
		{ED7BDBA0-3D13-4E7A-9540-21FB9ECE30D3}.AppStore|ARM.Build.0 = Release|Any CPU
		{ED7BDBA0-3D13-4E7A-9540-21FB9ECE30D3}.AppStore|ARM.Deploy.0 = Release|Any CPU
		{ED7BDBA0-3D13-4E7A-9540-21FB9ECE30D3}.AppStore|iPhone.ActiveCfg = Release|Any CPU
		{ED7BDBA0-3D13-4E7A-9540-21FB9ECE30D3}.AppStore|iPhone.Build.0 = Release|Any CPU
		{ED7BDBA0-3D13-4E7A-9540-21FB9ECE30D3}.AppStore|iPhone.Deploy.0 = Release|Any CPU
		{ED7BDBA0-3D13-4E7A-9540-21FB9ECE30D3}.AppStore|iPhoneSimulator.ActiveCfg = Release|Any CPU
		{ED7BDBA0-3D13-4E7A-9540-21FB9ECE30D3}.AppStore|iPhoneSimulator.Build.0 = Release|Any CPU
		{ED7BDBA0-3D13-4E7A-9540-21FB9ECE30D3}.AppStore|iPhoneSimulator.Deploy.0 = Release|Any CPU
		{ED7BDBA0-3D13-4E7A-9540-21FB9ECE30D3}.AppStore|x64.ActiveCfg = Release|Any CPU
		{ED7BDBA0-3D13-4E7A-9540-21FB9ECE30D3}.AppStore|x64.Build.0 = Release|Any CPU
		{ED7BDBA0-3D13-4E7A-9540-21FB9ECE30D3}.AppStore|x64.Deploy.0 = Release|Any CPU
		{ED7BDBA0-3D13-4E7A-9540-21FB9ECE30D3}.AppStore|x86.ActiveCfg = Release|Any CPU
		{ED7BDBA0-3D13-4E7A-9540-21FB9ECE30D3}.AppStore|x86.Build.0 = Release|Any CPU
		{ED7BDBA0-3D13-4E7A-9540-21FB9ECE30D3}.AppStore|x86.Deploy.0 = Release|Any CPU
		{ED7BDBA0-3D13-4E7A-9540-21FB9ECE30D3}.Debug|Any CPU.ActiveCfg = Debug|Any CPU
		{ED7BDBA0-3D13-4E7A-9540-21FB9ECE30D3}.Debug|Any CPU.Build.0 = Debug|Any CPU
		{ED7BDBA0-3D13-4E7A-9540-21FB9ECE30D3}.Debug|Any CPU.Deploy.0 = Debug|Any CPU
		{ED7BDBA0-3D13-4E7A-9540-21FB9ECE30D3}.Debug|ARM.ActiveCfg = Debug|Any CPU
		{ED7BDBA0-3D13-4E7A-9540-21FB9ECE30D3}.Debug|ARM.Build.0 = Debug|Any CPU
		{ED7BDBA0-3D13-4E7A-9540-21FB9ECE30D3}.Debug|ARM.Deploy.0 = Debug|Any CPU
		{ED7BDBA0-3D13-4E7A-9540-21FB9ECE30D3}.Debug|iPhone.ActiveCfg = Debug|Any CPU
		{ED7BDBA0-3D13-4E7A-9540-21FB9ECE30D3}.Debug|iPhone.Build.0 = Debug|Any CPU
		{ED7BDBA0-3D13-4E7A-9540-21FB9ECE30D3}.Debug|iPhone.Deploy.0 = Debug|Any CPU
		{ED7BDBA0-3D13-4E7A-9540-21FB9ECE30D3}.Debug|iPhoneSimulator.ActiveCfg = Debug|Any CPU
		{ED7BDBA0-3D13-4E7A-9540-21FB9ECE30D3}.Debug|iPhoneSimulator.Build.0 = Debug|Any CPU
		{ED7BDBA0-3D13-4E7A-9540-21FB9ECE30D3}.Debug|iPhoneSimulator.Deploy.0 = Debug|Any CPU
		{ED7BDBA0-3D13-4E7A-9540-21FB9ECE30D3}.Debug|x64.ActiveCfg = Debug|Any CPU
		{ED7BDBA0-3D13-4E7A-9540-21FB9ECE30D3}.Debug|x64.Build.0 = Debug|Any CPU
		{ED7BDBA0-3D13-4E7A-9540-21FB9ECE30D3}.Debug|x64.Deploy.0 = Debug|Any CPU
		{ED7BDBA0-3D13-4E7A-9540-21FB9ECE30D3}.Debug|x86.ActiveCfg = Debug|Any CPU
		{ED7BDBA0-3D13-4E7A-9540-21FB9ECE30D3}.Debug|x86.Build.0 = Debug|Any CPU
		{ED7BDBA0-3D13-4E7A-9540-21FB9ECE30D3}.Debug|x86.Deploy.0 = Debug|Any CPU
		{ED7BDBA0-3D13-4E7A-9540-21FB9ECE30D3}.Release|Any CPU.ActiveCfg = Release|Any CPU
		{ED7BDBA0-3D13-4E7A-9540-21FB9ECE30D3}.Release|Any CPU.Build.0 = Release|Any CPU
		{ED7BDBA0-3D13-4E7A-9540-21FB9ECE30D3}.Release|Any CPU.Deploy.0 = Release|Any CPU
		{ED7BDBA0-3D13-4E7A-9540-21FB9ECE30D3}.Release|ARM.ActiveCfg = Release|Any CPU
		{ED7BDBA0-3D13-4E7A-9540-21FB9ECE30D3}.Release|ARM.Build.0 = Release|Any CPU
		{ED7BDBA0-3D13-4E7A-9540-21FB9ECE30D3}.Release|ARM.Deploy.0 = Release|Any CPU
		{ED7BDBA0-3D13-4E7A-9540-21FB9ECE30D3}.Release|iPhone.ActiveCfg = Release|Any CPU
		{ED7BDBA0-3D13-4E7A-9540-21FB9ECE30D3}.Release|iPhone.Build.0 = Release|Any CPU
		{ED7BDBA0-3D13-4E7A-9540-21FB9ECE30D3}.Release|iPhone.Deploy.0 = Release|Any CPU
		{ED7BDBA0-3D13-4E7A-9540-21FB9ECE30D3}.Release|iPhoneSimulator.ActiveCfg = Release|Any CPU
		{ED7BDBA0-3D13-4E7A-9540-21FB9ECE30D3}.Release|iPhoneSimulator.Build.0 = Release|Any CPU
		{ED7BDBA0-3D13-4E7A-9540-21FB9ECE30D3}.Release|iPhoneSimulator.Deploy.0 = Release|Any CPU
		{ED7BDBA0-3D13-4E7A-9540-21FB9ECE30D3}.Release|x64.ActiveCfg = Release|Any CPU
		{ED7BDBA0-3D13-4E7A-9540-21FB9ECE30D3}.Release|x64.Build.0 = Release|Any CPU
		{ED7BDBA0-3D13-4E7A-9540-21FB9ECE30D3}.Release|x64.Deploy.0 = Release|Any CPU
		{ED7BDBA0-3D13-4E7A-9540-21FB9ECE30D3}.Release|x86.ActiveCfg = Release|Any CPU
		{ED7BDBA0-3D13-4E7A-9540-21FB9ECE30D3}.Release|x86.Build.0 = Release|Any CPU
		{ED7BDBA0-3D13-4E7A-9540-21FB9ECE30D3}.Release|x86.Deploy.0 = Release|Any CPU
		{29F5D093-6418-4516-971A-044B3D5435EA}.Ad-Hoc|Any CPU.ActiveCfg = Release|Any CPU
		{29F5D093-6418-4516-971A-044B3D5435EA}.Ad-Hoc|Any CPU.Build.0 = Release|Any CPU
		{29F5D093-6418-4516-971A-044B3D5435EA}.Ad-Hoc|ARM.ActiveCfg = Release|Any CPU
		{29F5D093-6418-4516-971A-044B3D5435EA}.Ad-Hoc|ARM.Build.0 = Release|Any CPU
		{29F5D093-6418-4516-971A-044B3D5435EA}.Ad-Hoc|iPhone.ActiveCfg = Release|Any CPU
		{29F5D093-6418-4516-971A-044B3D5435EA}.Ad-Hoc|iPhone.Build.0 = Release|Any CPU
		{29F5D093-6418-4516-971A-044B3D5435EA}.Ad-Hoc|iPhoneSimulator.ActiveCfg = Release|Any CPU
		{29F5D093-6418-4516-971A-044B3D5435EA}.Ad-Hoc|iPhoneSimulator.Build.0 = Release|Any CPU
		{29F5D093-6418-4516-971A-044B3D5435EA}.Ad-Hoc|x64.ActiveCfg = Release|Any CPU
		{29F5D093-6418-4516-971A-044B3D5435EA}.Ad-Hoc|x64.Build.0 = Release|Any CPU
		{29F5D093-6418-4516-971A-044B3D5435EA}.Ad-Hoc|x86.ActiveCfg = Release|Any CPU
		{29F5D093-6418-4516-971A-044B3D5435EA}.Ad-Hoc|x86.Build.0 = Release|Any CPU
		{29F5D093-6418-4516-971A-044B3D5435EA}.AppStore|Any CPU.ActiveCfg = Release|Any CPU
		{29F5D093-6418-4516-971A-044B3D5435EA}.AppStore|Any CPU.Build.0 = Release|Any CPU
		{29F5D093-6418-4516-971A-044B3D5435EA}.AppStore|ARM.ActiveCfg = Release|Any CPU
		{29F5D093-6418-4516-971A-044B3D5435EA}.AppStore|ARM.Build.0 = Release|Any CPU
		{29F5D093-6418-4516-971A-044B3D5435EA}.AppStore|iPhone.ActiveCfg = Release|Any CPU
		{29F5D093-6418-4516-971A-044B3D5435EA}.AppStore|iPhone.Build.0 = Release|Any CPU
		{29F5D093-6418-4516-971A-044B3D5435EA}.AppStore|iPhoneSimulator.ActiveCfg = Release|Any CPU
		{29F5D093-6418-4516-971A-044B3D5435EA}.AppStore|iPhoneSimulator.Build.0 = Release|Any CPU
		{29F5D093-6418-4516-971A-044B3D5435EA}.AppStore|x64.ActiveCfg = Release|Any CPU
		{29F5D093-6418-4516-971A-044B3D5435EA}.AppStore|x64.Build.0 = Release|Any CPU
		{29F5D093-6418-4516-971A-044B3D5435EA}.AppStore|x86.ActiveCfg = Release|Any CPU
		{29F5D093-6418-4516-971A-044B3D5435EA}.AppStore|x86.Build.0 = Release|Any CPU
		{29F5D093-6418-4516-971A-044B3D5435EA}.Debug|Any CPU.ActiveCfg = Debug|Any CPU
		{29F5D093-6418-4516-971A-044B3D5435EA}.Debug|Any CPU.Build.0 = Debug|Any CPU
		{29F5D093-6418-4516-971A-044B3D5435EA}.Debug|ARM.ActiveCfg = Debug|Any CPU
		{29F5D093-6418-4516-971A-044B3D5435EA}.Debug|ARM.Build.0 = Debug|Any CPU
		{29F5D093-6418-4516-971A-044B3D5435EA}.Debug|iPhone.ActiveCfg = Debug|Any CPU
		{29F5D093-6418-4516-971A-044B3D5435EA}.Debug|iPhone.Build.0 = Debug|Any CPU
		{29F5D093-6418-4516-971A-044B3D5435EA}.Debug|iPhoneSimulator.ActiveCfg = Debug|Any CPU
		{29F5D093-6418-4516-971A-044B3D5435EA}.Debug|iPhoneSimulator.Build.0 = Debug|Any CPU
		{29F5D093-6418-4516-971A-044B3D5435EA}.Debug|x64.ActiveCfg = Debug|Any CPU
		{29F5D093-6418-4516-971A-044B3D5435EA}.Debug|x64.Build.0 = Debug|Any CPU
		{29F5D093-6418-4516-971A-044B3D5435EA}.Debug|x86.ActiveCfg = Debug|Any CPU
		{29F5D093-6418-4516-971A-044B3D5435EA}.Debug|x86.Build.0 = Debug|Any CPU
		{29F5D093-6418-4516-971A-044B3D5435EA}.Release|Any CPU.ActiveCfg = Release|Any CPU
		{29F5D093-6418-4516-971A-044B3D5435EA}.Release|Any CPU.Build.0 = Release|Any CPU
		{29F5D093-6418-4516-971A-044B3D5435EA}.Release|ARM.ActiveCfg = Release|Any CPU
		{29F5D093-6418-4516-971A-044B3D5435EA}.Release|ARM.Build.0 = Release|Any CPU
		{29F5D093-6418-4516-971A-044B3D5435EA}.Release|iPhone.ActiveCfg = Release|Any CPU
		{29F5D093-6418-4516-971A-044B3D5435EA}.Release|iPhone.Build.0 = Release|Any CPU
		{29F5D093-6418-4516-971A-044B3D5435EA}.Release|iPhoneSimulator.ActiveCfg = Release|Any CPU
		{29F5D093-6418-4516-971A-044B3D5435EA}.Release|iPhoneSimulator.Build.0 = Release|Any CPU
		{29F5D093-6418-4516-971A-044B3D5435EA}.Release|x64.ActiveCfg = Release|Any CPU
		{29F5D093-6418-4516-971A-044B3D5435EA}.Release|x64.Build.0 = Release|Any CPU
		{29F5D093-6418-4516-971A-044B3D5435EA}.Release|x86.ActiveCfg = Release|Any CPU
		{29F5D093-6418-4516-971A-044B3D5435EA}.Release|x86.Build.0 = Release|Any CPU
		{0278F616-EC70-42C7-9650-2D06C6CD0AAC}.Ad-Hoc|Any CPU.ActiveCfg = Release|x86
		{0278F616-EC70-42C7-9650-2D06C6CD0AAC}.Ad-Hoc|Any CPU.Build.0 = Release|x86
		{0278F616-EC70-42C7-9650-2D06C6CD0AAC}.Ad-Hoc|Any CPU.Deploy.0 = Release|x86
		{0278F616-EC70-42C7-9650-2D06C6CD0AAC}.Ad-Hoc|ARM.ActiveCfg = Release|ARM
		{0278F616-EC70-42C7-9650-2D06C6CD0AAC}.Ad-Hoc|ARM.Build.0 = Release|ARM
		{0278F616-EC70-42C7-9650-2D06C6CD0AAC}.Ad-Hoc|ARM.Deploy.0 = Release|ARM
		{0278F616-EC70-42C7-9650-2D06C6CD0AAC}.Ad-Hoc|iPhone.ActiveCfg = Release|x86
		{0278F616-EC70-42C7-9650-2D06C6CD0AAC}.Ad-Hoc|iPhone.Build.0 = Release|x86
		{0278F616-EC70-42C7-9650-2D06C6CD0AAC}.Ad-Hoc|iPhone.Deploy.0 = Release|x86
		{0278F616-EC70-42C7-9650-2D06C6CD0AAC}.Ad-Hoc|iPhoneSimulator.ActiveCfg = Release|x86
		{0278F616-EC70-42C7-9650-2D06C6CD0AAC}.Ad-Hoc|iPhoneSimulator.Build.0 = Release|x86
		{0278F616-EC70-42C7-9650-2D06C6CD0AAC}.Ad-Hoc|iPhoneSimulator.Deploy.0 = Release|x86
		{0278F616-EC70-42C7-9650-2D06C6CD0AAC}.Ad-Hoc|x64.ActiveCfg = Release|x64
		{0278F616-EC70-42C7-9650-2D06C6CD0AAC}.Ad-Hoc|x64.Build.0 = Release|x64
		{0278F616-EC70-42C7-9650-2D06C6CD0AAC}.Ad-Hoc|x64.Deploy.0 = Release|x64
		{0278F616-EC70-42C7-9650-2D06C6CD0AAC}.Ad-Hoc|x86.ActiveCfg = Release|x86
		{0278F616-EC70-42C7-9650-2D06C6CD0AAC}.Ad-Hoc|x86.Build.0 = Release|x86
		{0278F616-EC70-42C7-9650-2D06C6CD0AAC}.Ad-Hoc|x86.Deploy.0 = Release|x86
		{0278F616-EC70-42C7-9650-2D06C6CD0AAC}.AppStore|Any CPU.ActiveCfg = Release|x86
		{0278F616-EC70-42C7-9650-2D06C6CD0AAC}.AppStore|Any CPU.Build.0 = Release|x86
		{0278F616-EC70-42C7-9650-2D06C6CD0AAC}.AppStore|Any CPU.Deploy.0 = Release|x86
		{0278F616-EC70-42C7-9650-2D06C6CD0AAC}.AppStore|ARM.ActiveCfg = Release|ARM
		{0278F616-EC70-42C7-9650-2D06C6CD0AAC}.AppStore|ARM.Build.0 = Release|ARM
		{0278F616-EC70-42C7-9650-2D06C6CD0AAC}.AppStore|ARM.Deploy.0 = Release|ARM
		{0278F616-EC70-42C7-9650-2D06C6CD0AAC}.AppStore|iPhone.ActiveCfg = Release|x86
		{0278F616-EC70-42C7-9650-2D06C6CD0AAC}.AppStore|iPhone.Build.0 = Release|x86
		{0278F616-EC70-42C7-9650-2D06C6CD0AAC}.AppStore|iPhone.Deploy.0 = Release|x86
		{0278F616-EC70-42C7-9650-2D06C6CD0AAC}.AppStore|iPhoneSimulator.ActiveCfg = Release|x86
		{0278F616-EC70-42C7-9650-2D06C6CD0AAC}.AppStore|iPhoneSimulator.Build.0 = Release|x86
		{0278F616-EC70-42C7-9650-2D06C6CD0AAC}.AppStore|iPhoneSimulator.Deploy.0 = Release|x86
		{0278F616-EC70-42C7-9650-2D06C6CD0AAC}.AppStore|x64.ActiveCfg = Release|x64
		{0278F616-EC70-42C7-9650-2D06C6CD0AAC}.AppStore|x64.Build.0 = Release|x64
		{0278F616-EC70-42C7-9650-2D06C6CD0AAC}.AppStore|x64.Deploy.0 = Release|x64
		{0278F616-EC70-42C7-9650-2D06C6CD0AAC}.AppStore|x86.ActiveCfg = Release|x86
		{0278F616-EC70-42C7-9650-2D06C6CD0AAC}.AppStore|x86.Build.0 = Release|x86
		{0278F616-EC70-42C7-9650-2D06C6CD0AAC}.AppStore|x86.Deploy.0 = Release|x86
		{0278F616-EC70-42C7-9650-2D06C6CD0AAC}.Debug|Any CPU.ActiveCfg = Debug|x86
		{0278F616-EC70-42C7-9650-2D06C6CD0AAC}.Debug|Any CPU.Build.0 = Debug|x86
		{0278F616-EC70-42C7-9650-2D06C6CD0AAC}.Debug|Any CPU.Deploy.0 = Debug|x86
		{0278F616-EC70-42C7-9650-2D06C6CD0AAC}.Debug|ARM.ActiveCfg = Debug|ARM
		{0278F616-EC70-42C7-9650-2D06C6CD0AAC}.Debug|ARM.Build.0 = Debug|ARM
		{0278F616-EC70-42C7-9650-2D06C6CD0AAC}.Debug|ARM.Deploy.0 = Debug|ARM
		{0278F616-EC70-42C7-9650-2D06C6CD0AAC}.Debug|iPhone.ActiveCfg = Debug|x86
		{0278F616-EC70-42C7-9650-2D06C6CD0AAC}.Debug|iPhoneSimulator.ActiveCfg = Debug|x86
		{0278F616-EC70-42C7-9650-2D06C6CD0AAC}.Debug|x64.ActiveCfg = Debug|x64
		{0278F616-EC70-42C7-9650-2D06C6CD0AAC}.Debug|x64.Build.0 = Debug|x64
		{0278F616-EC70-42C7-9650-2D06C6CD0AAC}.Debug|x64.Deploy.0 = Debug|x64
		{0278F616-EC70-42C7-9650-2D06C6CD0AAC}.Debug|x86.ActiveCfg = Debug|x86
		{0278F616-EC70-42C7-9650-2D06C6CD0AAC}.Debug|x86.Build.0 = Debug|x86
		{0278F616-EC70-42C7-9650-2D06C6CD0AAC}.Debug|x86.Deploy.0 = Debug|x86
		{0278F616-EC70-42C7-9650-2D06C6CD0AAC}.Release|Any CPU.ActiveCfg = Release|x86
		{0278F616-EC70-42C7-9650-2D06C6CD0AAC}.Release|ARM.ActiveCfg = Release|ARM
		{0278F616-EC70-42C7-9650-2D06C6CD0AAC}.Release|ARM.Build.0 = Release|ARM
		{0278F616-EC70-42C7-9650-2D06C6CD0AAC}.Release|ARM.Deploy.0 = Release|ARM
		{0278F616-EC70-42C7-9650-2D06C6CD0AAC}.Release|iPhone.ActiveCfg = Release|x86
		{0278F616-EC70-42C7-9650-2D06C6CD0AAC}.Release|iPhoneSimulator.ActiveCfg = Release|x86
		{0278F616-EC70-42C7-9650-2D06C6CD0AAC}.Release|x64.ActiveCfg = Release|x64
		{0278F616-EC70-42C7-9650-2D06C6CD0AAC}.Release|x64.Build.0 = Release|x64
		{0278F616-EC70-42C7-9650-2D06C6CD0AAC}.Release|x64.Deploy.0 = Release|x64
		{0278F616-EC70-42C7-9650-2D06C6CD0AAC}.Release|x86.ActiveCfg = Release|x86
		{0278F616-EC70-42C7-9650-2D06C6CD0AAC}.Release|x86.Build.0 = Release|x86
		{0278F616-EC70-42C7-9650-2D06C6CD0AAC}.Release|x86.Deploy.0 = Release|x86
		{54104CCA-0069-4128-8773-B70B2E1C9A8F}.Ad-Hoc|Any CPU.ActiveCfg = Ad-Hoc|iPhone
		{54104CCA-0069-4128-8773-B70B2E1C9A8F}.Ad-Hoc|ARM.ActiveCfg = Ad-Hoc|iPhone
		{54104CCA-0069-4128-8773-B70B2E1C9A8F}.Ad-Hoc|iPhone.ActiveCfg = Ad-Hoc|iPhone
		{54104CCA-0069-4128-8773-B70B2E1C9A8F}.Ad-Hoc|iPhone.Build.0 = Ad-Hoc|iPhone
		{54104CCA-0069-4128-8773-B70B2E1C9A8F}.Ad-Hoc|iPhoneSimulator.ActiveCfg = Ad-Hoc|iPhoneSimulator
		{54104CCA-0069-4128-8773-B70B2E1C9A8F}.Ad-Hoc|iPhoneSimulator.Build.0 = Ad-Hoc|iPhoneSimulator
		{54104CCA-0069-4128-8773-B70B2E1C9A8F}.Ad-Hoc|x64.ActiveCfg = Ad-Hoc|iPhone
		{54104CCA-0069-4128-8773-B70B2E1C9A8F}.Ad-Hoc|x86.ActiveCfg = Ad-Hoc|iPhone
		{54104CCA-0069-4128-8773-B70B2E1C9A8F}.AppStore|Any CPU.ActiveCfg = AppStore|iPhone
		{54104CCA-0069-4128-8773-B70B2E1C9A8F}.AppStore|ARM.ActiveCfg = AppStore|iPhone
		{54104CCA-0069-4128-8773-B70B2E1C9A8F}.AppStore|iPhone.ActiveCfg = AppStore|iPhone
		{54104CCA-0069-4128-8773-B70B2E1C9A8F}.AppStore|iPhone.Build.0 = AppStore|iPhone
		{54104CCA-0069-4128-8773-B70B2E1C9A8F}.AppStore|iPhoneSimulator.ActiveCfg = AppStore|iPhoneSimulator
		{54104CCA-0069-4128-8773-B70B2E1C9A8F}.AppStore|iPhoneSimulator.Build.0 = AppStore|iPhoneSimulator
		{54104CCA-0069-4128-8773-B70B2E1C9A8F}.AppStore|x64.ActiveCfg = AppStore|iPhone
		{54104CCA-0069-4128-8773-B70B2E1C9A8F}.AppStore|x86.ActiveCfg = AppStore|iPhone
		{54104CCA-0069-4128-8773-B70B2E1C9A8F}.Debug|Any CPU.ActiveCfg = Debug|iPhone
		{54104CCA-0069-4128-8773-B70B2E1C9A8F}.Debug|Any CPU.Build.0 = Debug|iPhone
		{54104CCA-0069-4128-8773-B70B2E1C9A8F}.Debug|ARM.ActiveCfg = Debug|iPhone
		{54104CCA-0069-4128-8773-B70B2E1C9A8F}.Debug|iPhone.ActiveCfg = Debug|iPhone
		{54104CCA-0069-4128-8773-B70B2E1C9A8F}.Debug|iPhone.Build.0 = Debug|iPhone
		{54104CCA-0069-4128-8773-B70B2E1C9A8F}.Debug|iPhoneSimulator.ActiveCfg = Debug|iPhoneSimulator
		{54104CCA-0069-4128-8773-B70B2E1C9A8F}.Debug|iPhoneSimulator.Build.0 = Debug|iPhoneSimulator
		{54104CCA-0069-4128-8773-B70B2E1C9A8F}.Debug|x64.ActiveCfg = Debug|iPhone
		{54104CCA-0069-4128-8773-B70B2E1C9A8F}.Debug|x86.ActiveCfg = Debug|iPhone
		{54104CCA-0069-4128-8773-B70B2E1C9A8F}.Release|Any CPU.ActiveCfg = Release|iPhone
		{54104CCA-0069-4128-8773-B70B2E1C9A8F}.Release|ARM.ActiveCfg = Release|iPhone
		{54104CCA-0069-4128-8773-B70B2E1C9A8F}.Release|iPhone.ActiveCfg = Release|iPhone
		{54104CCA-0069-4128-8773-B70B2E1C9A8F}.Release|iPhone.Build.0 = Release|iPhone
		{54104CCA-0069-4128-8773-B70B2E1C9A8F}.Release|iPhoneSimulator.ActiveCfg = Release|iPhoneSimulator
		{54104CCA-0069-4128-8773-B70B2E1C9A8F}.Release|iPhoneSimulator.Build.0 = Release|iPhoneSimulator
		{54104CCA-0069-4128-8773-B70B2E1C9A8F}.Release|x64.ActiveCfg = Release|iPhone
		{54104CCA-0069-4128-8773-B70B2E1C9A8F}.Release|x86.ActiveCfg = Release|iPhone
	EndGlobalSection
	GlobalSection(SolutionProperties) = preSolution
		HideSolutionNode = FALSE
	EndGlobalSection
EndGlobal
