
Microsoft Visual Studio Solution File, Format Version 12.00
# Visual Studio 2012
Project("{FAE04EC0-301F-11D3-BF4B-00C04F79EFBC}") = "XamariniOSLicao3", "XamariniOSLicao3\XamariniOSLicao3.csproj", "{AB362171-FEDD-4AB2-B179-570AE9B0D5D6}"
EndProject
Global
	GlobalSection(SolutionConfigurationPlatforms) = preSolution
		Debug|iPhoneSimulator = Debug|iPhoneSimulator
		Release|iPhone = Release|iPhone
		Release|iPhoneSimulator = Release|iPhoneSimulator
		Debug|iPhone = Debug|iPhone
	EndGlobalSection
	GlobalSection(ProjectConfigurationPlatforms) = postSolution
		{AB362171-FEDD-4AB2-B179-570AE9B0D5D6}.Debug|iPhoneSimulator.ActiveCfg = Debug|iPhoneSimulator
		{AB362171-FEDD-4AB2-B179-570AE9B0D5D6}.Debug|iPhoneSimulator.Build.0 = Debug|iPhoneSimulator
		{AB362171-FEDD-4AB2-B179-570AE9B0D5D6}.Release|iPhone.ActiveCfg = Release|iPhone
		{AB362171-FEDD-4AB2-B179-570AE9B0D5D6}.Release|iPhone.Build.0 = Release|iPhone
		{AB362171-FEDD-4AB2-B179-570AE9B0D5D6}.Release|iPhoneSimulator.ActiveCfg = Release|iPhoneSimulator
		{AB362171-FEDD-4AB2-B179-570AE9B0D5D6}.Release|iPhoneSimulator.Build.0 = Release|iPhoneSimulator
		{AB362171-FEDD-4AB2-B179-570AE9B0D5D6}.Debug|iPhone.ActiveCfg = Debug|iPhone
		{AB362171-FEDD-4AB2-B179-570AE9B0D5D6}.Debug|iPhone.Build.0 = Debug|iPhone
	EndGlobalSection
EndGlobal
