
Microsoft Visual Studio Solution File, Format Version 12.00
# Visual Studio 14
VisualStudioVersion = 14.0.25420.1
MinimumVisualStudioVersion = 10.0.40219.1
Project("{FAE04EC0-301F-11D3-BF4B-00C04F79EFBC}") = "XamarinFormsLicao2", "XamarinFormsLicao2\XamarinFormsLicao2\XamarinFormsLicao2.csproj", "{01F20014-9DAD-4441-9E14-D549CC0848ED}"
EndProject
Project("{FAE04EC0-301F-11D3-BF4B-00C04F79EFBC}") = "XamarinFormsLicao2.Droid", "XamarinFormsLicao2\XamarinFormsLicao2.Droid\XamarinFormsLicao2.Droid.csproj", "{ED042AE1-87D7-4FBA-84D5-A2C40D32B143}"
EndProject
Project("{FAE04EC0-301F-11D3-BF4B-00C04F79EFBC}") = "XamarinFormsLicao2.iOS", "XamarinFormsLicao2\XamarinFormsLicao2.iOS\XamarinFormsLicao2.iOS.csproj", "{84187035-6B26-448A-A238-799446C32123}"
EndProject
Project("{FAE04EC0-301F-11D3-BF4B-00C04F79EFBC}") = "XamarinFormsLicao2.WinPhone", "XamarinFormsLicao2\XamarinFormsLicao2.WinPhone\XamarinFormsLicao2.WinPhone.csproj", "{7E28D176-D137-4279-9EB2-4516A7C35061}"
EndProject
Project("{FAE04EC0-301F-11D3-BF4B-00C04F79EFBC}") = "XamarinFormsLicao2.UWP", "XamarinFormsLicao2\XamarinFormsLicao2.UWP\XamarinFormsLicao2.UWP.csproj", "{EA3A9F0F-E387-4F5F-8654-B5BFB7D604A6}"
EndProject
Project("{FAE04EC0-301F-11D3-BF4B-00C04F79EFBC}") = "XamarinFormsLicao2.Windows", "XamarinFormsLicao2\XamarinFormsLicao2.Windows\XamarinFormsLicao2.Windows.csproj", "{6BDD89F8-4A42-44DE-9404-CCEC8ACDE2A9}"
EndProject
Global
	GlobalSection(SolutionConfigurationPlatforms) = preSolution
		Ad-Hoc|Any CPU = Ad-Hoc|Any CPU
		Ad-Hoc|ARM = Ad-Hoc|ARM
		Ad-Hoc|iPhone = Ad-Hoc|iPhone
		Ad-Hoc|iPhoneSimulator = Ad-Hoc|iPhoneSimulator
		Ad-Hoc|x64 = Ad-Hoc|x64
		Ad-Hoc|x86 = Ad-Hoc|x86
		AppStore|Any CPU = AppStore|Any CPU
		AppStore|ARM = AppStore|ARM
		AppStore|iPhone = AppStore|iPhone
		AppStore|iPhoneSimulator = AppStore|iPhoneSimulator
		AppStore|x64 = AppStore|x64
		AppStore|x86 = AppStore|x86
		Debug|Any CPU = Debug|Any CPU
		Debug|ARM = Debug|ARM
		Debug|iPhone = Debug|iPhone
		Debug|iPhoneSimulator = Debug|iPhoneSimulator
		Debug|x64 = Debug|x64
		Debug|x86 = Debug|x86
		Release|Any CPU = Release|Any CPU
		Release|ARM = Release|ARM
		Release|iPhone = Release|iPhone
		Release|iPhoneSimulator = Release|iPhoneSimulator
		Release|x64 = Release|x64
		Release|x86 = Release|x86
	EndGlobalSection
	GlobalSection(ProjectConfigurationPlatforms) = postSolution
		{01F20014-9DAD-4441-9E14-D549CC0848ED}.Ad-Hoc|Any CPU.ActiveCfg = Release|Any CPU
		{01F20014-9DAD-4441-9E14-D549CC0848ED}.Ad-Hoc|Any CPU.Build.0 = Release|Any CPU
		{01F20014-9DAD-4441-9E14-D549CC0848ED}.Ad-Hoc|ARM.ActiveCfg = Release|Any CPU
		{01F20014-9DAD-4441-9E14-D549CC0848ED}.Ad-Hoc|ARM.Build.0 = Release|Any CPU
		{01F20014-9DAD-4441-9E14-D549CC0848ED}.Ad-Hoc|iPhone.ActiveCfg = Release|Any CPU
		{01F20014-9DAD-4441-9E14-D549CC0848ED}.Ad-Hoc|iPhone.Build.0 = Release|Any CPU
		{01F20014-9DAD-4441-9E14-D549CC0848ED}.Ad-Hoc|iPhoneSimulator.ActiveCfg = Release|Any CPU
		{01F20014-9DAD-4441-9E14-D549CC0848ED}.Ad-Hoc|iPhoneSimulator.Build.0 = Release|Any CPU
		{01F20014-9DAD-4441-9E14-D549CC0848ED}.Ad-Hoc|x64.ActiveCfg = Release|Any CPU
		{01F20014-9DAD-4441-9E14-D549CC0848ED}.Ad-Hoc|x64.Build.0 = Release|Any CPU
		{01F20014-9DAD-4441-9E14-D549CC0848ED}.Ad-Hoc|x86.ActiveCfg = Release|Any CPU
		{01F20014-9DAD-4441-9E14-D549CC0848ED}.Ad-Hoc|x86.Build.0 = Release|Any CPU
		{01F20014-9DAD-4441-9E14-D549CC0848ED}.AppStore|Any CPU.ActiveCfg = Release|Any CPU
		{01F20014-9DAD-4441-9E14-D549CC0848ED}.AppStore|Any CPU.Build.0 = Release|Any CPU
		{01F20014-9DAD-4441-9E14-D549CC0848ED}.AppStore|ARM.ActiveCfg = Release|Any CPU
		{01F20014-9DAD-4441-9E14-D549CC0848ED}.AppStore|ARM.Build.0 = Release|Any CPU
		{01F20014-9DAD-4441-9E14-D549CC0848ED}.AppStore|iPhone.ActiveCfg = Release|Any CPU
		{01F20014-9DAD-4441-9E14-D549CC0848ED}.AppStore|iPhone.Build.0 = Release|Any CPU
		{01F20014-9DAD-4441-9E14-D549CC0848ED}.AppStore|iPhoneSimulator.ActiveCfg = Release|Any CPU
		{01F20014-9DAD-4441-9E14-D549CC0848ED}.AppStore|iPhoneSimulator.Build.0 = Release|Any CPU
		{01F20014-9DAD-4441-9E14-D549CC0848ED}.AppStore|x64.ActiveCfg = Release|Any CPU
		{01F20014-9DAD-4441-9E14-D549CC0848ED}.AppStore|x64.Build.0 = Release|Any CPU
		{01F20014-9DAD-4441-9E14-D549CC0848ED}.AppStore|x86.ActiveCfg = Release|Any CPU
		{01F20014-9DAD-4441-9E14-D549CC0848ED}.AppStore|x86.Build.0 = Release|Any CPU
		{01F20014-9DAD-4441-9E14-D549CC0848ED}.Debug|Any CPU.ActiveCfg = Debug|Any CPU
		{01F20014-9DAD-4441-9E14-D549CC0848ED}.Debug|Any CPU.Build.0 = Debug|Any CPU
		{01F20014-9DAD-4441-9E14-D549CC0848ED}.Debug|ARM.ActiveCfg = Debug|Any CPU
		{01F20014-9DAD-4441-9E14-D549CC0848ED}.Debug|ARM.Build.0 = Debug|Any CPU
		{01F20014-9DAD-4441-9E14-D549CC0848ED}.Debug|iPhone.ActiveCfg = Debug|Any CPU
		{01F20014-9DAD-4441-9E14-D549CC0848ED}.Debug|iPhone.Build.0 = Debug|Any CPU
		{01F20014-9DAD-4441-9E14-D549CC0848ED}.Debug|iPhoneSimulator.ActiveCfg = Debug|Any CPU
		{01F20014-9DAD-4441-9E14-D549CC0848ED}.Debug|iPhoneSimulator.Build.0 = Debug|Any CPU
		{01F20014-9DAD-4441-9E14-D549CC0848ED}.Debug|x64.ActiveCfg = Debug|Any CPU
		{01F20014-9DAD-4441-9E14-D549CC0848ED}.Debug|x64.Build.0 = Debug|Any CPU
		{01F20014-9DAD-4441-9E14-D549CC0848ED}.Debug|x86.ActiveCfg = Debug|Any CPU
		{01F20014-9DAD-4441-9E14-D549CC0848ED}.Debug|x86.Build.0 = Debug|Any CPU
		{01F20014-9DAD-4441-9E14-D549CC0848ED}.Release|Any CPU.ActiveCfg = Release|Any CPU
		{01F20014-9DAD-4441-9E14-D549CC0848ED}.Release|Any CPU.Build.0 = Release|Any CPU
		{01F20014-9DAD-4441-9E14-D549CC0848ED}.Release|ARM.ActiveCfg = Release|Any CPU
		{01F20014-9DAD-4441-9E14-D549CC0848ED}.Release|ARM.Build.0 = Release|Any CPU
		{01F20014-9DAD-4441-9E14-D549CC0848ED}.Release|iPhone.ActiveCfg = Release|Any CPU
		{01F20014-9DAD-4441-9E14-D549CC0848ED}.Release|iPhone.Build.0 = Release|Any CPU
		{01F20014-9DAD-4441-9E14-D549CC0848ED}.Release|iPhoneSimulator.ActiveCfg = Release|Any CPU
		{01F20014-9DAD-4441-9E14-D549CC0848ED}.Release|iPhoneSimulator.Build.0 = Release|Any CPU
		{01F20014-9DAD-4441-9E14-D549CC0848ED}.Release|x64.ActiveCfg = Release|Any CPU
		{01F20014-9DAD-4441-9E14-D549CC0848ED}.Release|x64.Build.0 = Release|Any CPU
		{01F20014-9DAD-4441-9E14-D549CC0848ED}.Release|x86.ActiveCfg = Release|Any CPU
		{01F20014-9DAD-4441-9E14-D549CC0848ED}.Release|x86.Build.0 = Release|Any CPU
		{ED042AE1-87D7-4FBA-84D5-A2C40D32B143}.Ad-Hoc|Any CPU.ActiveCfg = Release|Any CPU
		{ED042AE1-87D7-4FBA-84D5-A2C40D32B143}.Ad-Hoc|Any CPU.Build.0 = Release|Any CPU
		{ED042AE1-87D7-4FBA-84D5-A2C40D32B143}.Ad-Hoc|Any CPU.Deploy.0 = Release|Any CPU
		{ED042AE1-87D7-4FBA-84D5-A2C40D32B143}.Ad-Hoc|ARM.ActiveCfg = Release|Any CPU
		{ED042AE1-87D7-4FBA-84D5-A2C40D32B143}.Ad-Hoc|ARM.Build.0 = Release|Any CPU
		{ED042AE1-87D7-4FBA-84D5-A2C40D32B143}.Ad-Hoc|ARM.Deploy.0 = Release|Any CPU
		{ED042AE1-87D7-4FBA-84D5-A2C40D32B143}.Ad-Hoc|iPhone.ActiveCfg = Release|Any CPU
		{ED042AE1-87D7-4FBA-84D5-A2C40D32B143}.Ad-Hoc|iPhone.Build.0 = Release|Any CPU
		{ED042AE1-87D7-4FBA-84D5-A2C40D32B143}.Ad-Hoc|iPhone.Deploy.0 = Release|Any CPU
		{ED042AE1-87D7-4FBA-84D5-A2C40D32B143}.Ad-Hoc|iPhoneSimulator.ActiveCfg = Release|Any CPU
		{ED042AE1-87D7-4FBA-84D5-A2C40D32B143}.Ad-Hoc|iPhoneSimulator.Build.0 = Release|Any CPU
		{ED042AE1-87D7-4FBA-84D5-A2C40D32B143}.Ad-Hoc|iPhoneSimulator.Deploy.0 = Release|Any CPU
		{ED042AE1-87D7-4FBA-84D5-A2C40D32B143}.Ad-Hoc|x64.ActiveCfg = Release|Any CPU
		{ED042AE1-87D7-4FBA-84D5-A2C40D32B143}.Ad-Hoc|x64.Build.0 = Release|Any CPU
		{ED042AE1-87D7-4FBA-84D5-A2C40D32B143}.Ad-Hoc|x64.Deploy.0 = Release|Any CPU
		{ED042AE1-87D7-4FBA-84D5-A2C40D32B143}.Ad-Hoc|x86.ActiveCfg = Release|Any CPU
		{ED042AE1-87D7-4FBA-84D5-A2C40D32B143}.Ad-Hoc|x86.Build.0 = Release|Any CPU
		{ED042AE1-87D7-4FBA-84D5-A2C40D32B143}.Ad-Hoc|x86.Deploy.0 = Release|Any CPU
		{ED042AE1-87D7-4FBA-84D5-A2C40D32B143}.AppStore|Any CPU.ActiveCfg = Release|Any CPU
		{ED042AE1-87D7-4FBA-84D5-A2C40D32B143}.AppStore|Any CPU.Build.0 = Release|Any CPU
		{ED042AE1-87D7-4FBA-84D5-A2C40D32B143}.AppStore|Any CPU.Deploy.0 = Release|Any CPU
		{ED042AE1-87D7-4FBA-84D5-A2C40D32B143}.AppStore|ARM.ActiveCfg = Release|Any CPU
		{ED042AE1-87D7-4FBA-84D5-A2C40D32B143}.AppStore|ARM.Build.0 = Release|Any CPU
		{ED042AE1-87D7-4FBA-84D5-A2C40D32B143}.AppStore|ARM.Deploy.0 = Release|Any CPU
		{ED042AE1-87D7-4FBA-84D5-A2C40D32B143}.AppStore|iPhone.ActiveCfg = Release|Any CPU
		{ED042AE1-87D7-4FBA-84D5-A2C40D32B143}.AppStore|iPhone.Build.0 = Release|Any CPU
		{ED042AE1-87D7-4FBA-84D5-A2C40D32B143}.AppStore|iPhone.Deploy.0 = Release|Any CPU
		{ED042AE1-87D7-4FBA-84D5-A2C40D32B143}.AppStore|iPhoneSimulator.ActiveCfg = Release|Any CPU
		{ED042AE1-87D7-4FBA-84D5-A2C40D32B143}.AppStore|iPhoneSimulator.Build.0 = Release|Any CPU
		{ED042AE1-87D7-4FBA-84D5-A2C40D32B143}.AppStore|iPhoneSimulator.Deploy.0 = Release|Any CPU
		{ED042AE1-87D7-4FBA-84D5-A2C40D32B143}.AppStore|x64.ActiveCfg = Release|Any CPU
		{ED042AE1-87D7-4FBA-84D5-A2C40D32B143}.AppStore|x64.Build.0 = Release|Any CPU
		{ED042AE1-87D7-4FBA-84D5-A2C40D32B143}.AppStore|x64.Deploy.0 = Release|Any CPU
		{ED042AE1-87D7-4FBA-84D5-A2C40D32B143}.AppStore|x86.ActiveCfg = Release|Any CPU
		{ED042AE1-87D7-4FBA-84D5-A2C40D32B143}.AppStore|x86.Build.0 = Release|Any CPU
		{ED042AE1-87D7-4FBA-84D5-A2C40D32B143}.AppStore|x86.Deploy.0 = Release|Any CPU
		{ED042AE1-87D7-4FBA-84D5-A2C40D32B143}.Debug|Any CPU.ActiveCfg = Debug|Any CPU
		{ED042AE1-87D7-4FBA-84D5-A2C40D32B143}.Debug|Any CPU.Build.0 = Debug|Any CPU
		{ED042AE1-87D7-4FBA-84D5-A2C40D32B143}.Debug|Any CPU.Deploy.0 = Debug|Any CPU
		{ED042AE1-87D7-4FBA-84D5-A2C40D32B143}.Debug|ARM.ActiveCfg = Debug|Any CPU
		{ED042AE1-87D7-4FBA-84D5-A2C40D32B143}.Debug|ARM.Build.0 = Debug|Any CPU
		{ED042AE1-87D7-4FBA-84D5-A2C40D32B143}.Debug|ARM.Deploy.0 = Debug|Any CPU
		{ED042AE1-87D7-4FBA-84D5-A2C40D32B143}.Debug|iPhone.ActiveCfg = Debug|Any CPU
		{ED042AE1-87D7-4FBA-84D5-A2C40D32B143}.Debug|iPhone.Build.0 = Debug|Any CPU
		{ED042AE1-87D7-4FBA-84D5-A2C40D32B143}.Debug|iPhone.Deploy.0 = Debug|Any CPU
		{ED042AE1-87D7-4FBA-84D5-A2C40D32B143}.Debug|iPhoneSimulator.ActiveCfg = Debug|Any CPU
		{ED042AE1-87D7-4FBA-84D5-A2C40D32B143}.Debug|iPhoneSimulator.Build.0 = Debug|Any CPU
		{ED042AE1-87D7-4FBA-84D5-A2C40D32B143}.Debug|iPhoneSimulator.Deploy.0 = Debug|Any CPU
		{ED042AE1-87D7-4FBA-84D5-A2C40D32B143}.Debug|x64.ActiveCfg = Debug|Any CPU
		{ED042AE1-87D7-4FBA-84D5-A2C40D32B143}.Debug|x64.Build.0 = Debug|Any CPU
		{ED042AE1-87D7-4FBA-84D5-A2C40D32B143}.Debug|x64.Deploy.0 = Debug|Any CPU
		{ED042AE1-87D7-4FBA-84D5-A2C40D32B143}.Debug|x86.ActiveCfg = Debug|Any CPU
		{ED042AE1-87D7-4FBA-84D5-A2C40D32B143}.Debug|x86.Build.0 = Debug|Any CPU
		{ED042AE1-87D7-4FBA-84D5-A2C40D32B143}.Debug|x86.Deploy.0 = Debug|Any CPU
		{ED042AE1-87D7-4FBA-84D5-A2C40D32B143}.Release|Any CPU.ActiveCfg = Release|Any CPU
		{ED042AE1-87D7-4FBA-84D5-A2C40D32B143}.Release|Any CPU.Build.0 = Release|Any CPU
		{ED042AE1-87D7-4FBA-84D5-A2C40D32B143}.Release|Any CPU.Deploy.0 = Release|Any CPU
		{ED042AE1-87D7-4FBA-84D5-A2C40D32B143}.Release|ARM.ActiveCfg = Release|Any CPU
		{ED042AE1-87D7-4FBA-84D5-A2C40D32B143}.Release|ARM.Build.0 = Release|Any CPU
		{ED042AE1-87D7-4FBA-84D5-A2C40D32B143}.Release|ARM.Deploy.0 = Release|Any CPU
		{ED042AE1-87D7-4FBA-84D5-A2C40D32B143}.Release|iPhone.ActiveCfg = Release|Any CPU
		{ED042AE1-87D7-4FBA-84D5-A2C40D32B143}.Release|iPhone.Build.0 = Release|Any CPU
		{ED042AE1-87D7-4FBA-84D5-A2C40D32B143}.Release|iPhone.Deploy.0 = Release|Any CPU
		{ED042AE1-87D7-4FBA-84D5-A2C40D32B143}.Release|iPhoneSimulator.ActiveCfg = Release|Any CPU
		{ED042AE1-87D7-4FBA-84D5-A2C40D32B143}.Release|iPhoneSimulator.Build.0 = Release|Any CPU
		{ED042AE1-87D7-4FBA-84D5-A2C40D32B143}.Release|iPhoneSimulator.Deploy.0 = Release|Any CPU
		{ED042AE1-87D7-4FBA-84D5-A2C40D32B143}.Release|x64.ActiveCfg = Release|Any CPU
		{ED042AE1-87D7-4FBA-84D5-A2C40D32B143}.Release|x64.Build.0 = Release|Any CPU
		{ED042AE1-87D7-4FBA-84D5-A2C40D32B143}.Release|x64.Deploy.0 = Release|Any CPU
		{ED042AE1-87D7-4FBA-84D5-A2C40D32B143}.Release|x86.ActiveCfg = Release|Any CPU
		{ED042AE1-87D7-4FBA-84D5-A2C40D32B143}.Release|x86.Build.0 = Release|Any CPU
		{ED042AE1-87D7-4FBA-84D5-A2C40D32B143}.Release|x86.Deploy.0 = Release|Any CPU
		{84187035-6B26-448A-A238-799446C32123}.Ad-Hoc|Any CPU.ActiveCfg = Ad-Hoc|iPhone
		{84187035-6B26-448A-A238-799446C32123}.Ad-Hoc|ARM.ActiveCfg = Ad-Hoc|iPhone
		{84187035-6B26-448A-A238-799446C32123}.Ad-Hoc|iPhone.ActiveCfg = Ad-Hoc|iPhone
		{84187035-6B26-448A-A238-799446C32123}.Ad-Hoc|iPhone.Build.0 = Ad-Hoc|iPhone
		{84187035-6B26-448A-A238-799446C32123}.Ad-Hoc|iPhoneSimulator.ActiveCfg = Ad-Hoc|iPhoneSimulator
		{84187035-6B26-448A-A238-799446C32123}.Ad-Hoc|iPhoneSimulator.Build.0 = Ad-Hoc|iPhoneSimulator
		{84187035-6B26-448A-A238-799446C32123}.Ad-Hoc|x64.ActiveCfg = Ad-Hoc|iPhone
		{84187035-6B26-448A-A238-799446C32123}.Ad-Hoc|x86.ActiveCfg = Ad-Hoc|iPhone
		{84187035-6B26-448A-A238-799446C32123}.AppStore|Any CPU.ActiveCfg = AppStore|iPhone
		{84187035-6B26-448A-A238-799446C32123}.AppStore|ARM.ActiveCfg = AppStore|iPhone
		{84187035-6B26-448A-A238-799446C32123}.AppStore|iPhone.ActiveCfg = AppStore|iPhone
		{84187035-6B26-448A-A238-799446C32123}.AppStore|iPhone.Build.0 = AppStore|iPhone
		{84187035-6B26-448A-A238-799446C32123}.AppStore|iPhoneSimulator.ActiveCfg = AppStore|iPhoneSimulator
		{84187035-6B26-448A-A238-799446C32123}.AppStore|iPhoneSimulator.Build.0 = AppStore|iPhoneSimulator
		{84187035-6B26-448A-A238-799446C32123}.AppStore|x64.ActiveCfg = AppStore|iPhone
		{84187035-6B26-448A-A238-799446C32123}.AppStore|x86.ActiveCfg = AppStore|iPhone
		{84187035-6B26-448A-A238-799446C32123}.Debug|Any CPU.ActiveCfg = Debug|iPhone
		{84187035-6B26-448A-A238-799446C32123}.Debug|ARM.ActiveCfg = Debug|iPhone
		{84187035-6B26-448A-A238-799446C32123}.Debug|iPhone.ActiveCfg = Debug|iPhone
		{84187035-6B26-448A-A238-799446C32123}.Debug|iPhone.Build.0 = Debug|iPhone
		{84187035-6B26-448A-A238-799446C32123}.Debug|iPhoneSimulator.ActiveCfg = Debug|iPhoneSimulator
		{84187035-6B26-448A-A238-799446C32123}.Debug|iPhoneSimulator.Build.0 = Debug|iPhoneSimulator
		{84187035-6B26-448A-A238-799446C32123}.Debug|x64.ActiveCfg = Debug|iPhone
		{84187035-6B26-448A-A238-799446C32123}.Debug|x86.ActiveCfg = Debug|iPhone
		{84187035-6B26-448A-A238-799446C32123}.Release|Any CPU.ActiveCfg = Release|iPhone
		{84187035-6B26-448A-A238-799446C32123}.Release|ARM.ActiveCfg = Release|iPhone
		{84187035-6B26-448A-A238-799446C32123}.Release|iPhone.ActiveCfg = Release|iPhone
		{84187035-6B26-448A-A238-799446C32123}.Release|iPhone.Build.0 = Release|iPhone
		{84187035-6B26-448A-A238-799446C32123}.Release|iPhoneSimulator.ActiveCfg = Release|iPhoneSimulator
		{84187035-6B26-448A-A238-799446C32123}.Release|iPhoneSimulator.Build.0 = Release|iPhoneSimulator
		{84187035-6B26-448A-A238-799446C32123}.Release|x64.ActiveCfg = Release|iPhone
		{84187035-6B26-448A-A238-799446C32123}.Release|x86.ActiveCfg = Release|iPhone
		{7E28D176-D137-4279-9EB2-4516A7C35061}.Ad-Hoc|Any CPU.ActiveCfg = Release|Any CPU
		{7E28D176-D137-4279-9EB2-4516A7C35061}.Ad-Hoc|Any CPU.Build.0 = Release|Any CPU
		{7E28D176-D137-4279-9EB2-4516A7C35061}.Ad-Hoc|Any CPU.Deploy.0 = Release|Any CPU
		{7E28D176-D137-4279-9EB2-4516A7C35061}.Ad-Hoc|ARM.ActiveCfg = Release|ARM
		{7E28D176-D137-4279-9EB2-4516A7C35061}.Ad-Hoc|ARM.Build.0 = Release|ARM
		{7E28D176-D137-4279-9EB2-4516A7C35061}.Ad-Hoc|ARM.Deploy.0 = Release|ARM
		{7E28D176-D137-4279-9EB2-4516A7C35061}.Ad-Hoc|iPhone.ActiveCfg = Release|Any CPU
		{7E28D176-D137-4279-9EB2-4516A7C35061}.Ad-Hoc|iPhone.Build.0 = Release|Any CPU
		{7E28D176-D137-4279-9EB2-4516A7C35061}.Ad-Hoc|iPhone.Deploy.0 = Release|Any CPU
		{7E28D176-D137-4279-9EB2-4516A7C35061}.Ad-Hoc|iPhoneSimulator.ActiveCfg = Release|Any CPU
		{7E28D176-D137-4279-9EB2-4516A7C35061}.Ad-Hoc|iPhoneSimulator.Build.0 = Release|Any CPU
		{7E28D176-D137-4279-9EB2-4516A7C35061}.Ad-Hoc|iPhoneSimulator.Deploy.0 = Release|Any CPU
		{7E28D176-D137-4279-9EB2-4516A7C35061}.Ad-Hoc|x64.ActiveCfg = Release|Any CPU
		{7E28D176-D137-4279-9EB2-4516A7C35061}.Ad-Hoc|x64.Build.0 = Release|Any CPU
		{7E28D176-D137-4279-9EB2-4516A7C35061}.Ad-Hoc|x64.Deploy.0 = Release|Any CPU
		{7E28D176-D137-4279-9EB2-4516A7C35061}.Ad-Hoc|x86.ActiveCfg = Release|x86
		{7E28D176-D137-4279-9EB2-4516A7C35061}.Ad-Hoc|x86.Build.0 = Release|x86
		{7E28D176-D137-4279-9EB2-4516A7C35061}.Ad-Hoc|x86.Deploy.0 = Release|x86
		{7E28D176-D137-4279-9EB2-4516A7C35061}.AppStore|Any CPU.ActiveCfg = Release|Any CPU
		{7E28D176-D137-4279-9EB2-4516A7C35061}.AppStore|Any CPU.Build.0 = Release|Any CPU
		{7E28D176-D137-4279-9EB2-4516A7C35061}.AppStore|Any CPU.Deploy.0 = Release|Any CPU
		{7E28D176-D137-4279-9EB2-4516A7C35061}.AppStore|ARM.ActiveCfg = Release|ARM
		{7E28D176-D137-4279-9EB2-4516A7C35061}.AppStore|ARM.Build.0 = Release|ARM
		{7E28D176-D137-4279-9EB2-4516A7C35061}.AppStore|ARM.Deploy.0 = Release|ARM
		{7E28D176-D137-4279-9EB2-4516A7C35061}.AppStore|iPhone.ActiveCfg = Release|Any CPU
		{7E28D176-D137-4279-9EB2-4516A7C35061}.AppStore|iPhone.Build.0 = Release|Any CPU
		{7E28D176-D137-4279-9EB2-4516A7C35061}.AppStore|iPhone.Deploy.0 = Release|Any CPU
		{7E28D176-D137-4279-9EB2-4516A7C35061}.AppStore|iPhoneSimulator.ActiveCfg = Release|Any CPU
		{7E28D176-D137-4279-9EB2-4516A7C35061}.AppStore|iPhoneSimulator.Build.0 = Release|Any CPU
		{7E28D176-D137-4279-9EB2-4516A7C35061}.AppStore|iPhoneSimulator.Deploy.0 = Release|Any CPU
		{7E28D176-D137-4279-9EB2-4516A7C35061}.AppStore|x64.ActiveCfg = Release|Any CPU
		{7E28D176-D137-4279-9EB2-4516A7C35061}.AppStore|x64.Build.0 = Release|Any CPU
		{7E28D176-D137-4279-9EB2-4516A7C35061}.AppStore|x64.Deploy.0 = Release|Any CPU
		{7E28D176-D137-4279-9EB2-4516A7C35061}.AppStore|x86.ActiveCfg = Release|x86
		{7E28D176-D137-4279-9EB2-4516A7C35061}.AppStore|x86.Build.0 = Release|x86
		{7E28D176-D137-4279-9EB2-4516A7C35061}.AppStore|x86.Deploy.0 = Release|x86
		{7E28D176-D137-4279-9EB2-4516A7C35061}.Debug|Any CPU.ActiveCfg = Debug|Any CPU
		{7E28D176-D137-4279-9EB2-4516A7C35061}.Debug|Any CPU.Build.0 = Debug|Any CPU
		{7E28D176-D137-4279-9EB2-4516A7C35061}.Debug|Any CPU.Deploy.0 = Debug|Any CPU
		{7E28D176-D137-4279-9EB2-4516A7C35061}.Debug|ARM.ActiveCfg = Debug|ARM
		{7E28D176-D137-4279-9EB2-4516A7C35061}.Debug|ARM.Build.0 = Debug|ARM
		{7E28D176-D137-4279-9EB2-4516A7C35061}.Debug|ARM.Deploy.0 = Debug|ARM
		{7E28D176-D137-4279-9EB2-4516A7C35061}.Debug|iPhone.ActiveCfg = Debug|Any CPU
		{7E28D176-D137-4279-9EB2-4516A7C35061}.Debug|iPhone.Build.0 = Debug|Any CPU
		{7E28D176-D137-4279-9EB2-4516A7C35061}.Debug|iPhone.Deploy.0 = Debug|Any CPU
		{7E28D176-D137-4279-9EB2-4516A7C35061}.Debug|iPhoneSimulator.ActiveCfg = Debug|Any CPU
		{7E28D176-D137-4279-9EB2-4516A7C35061}.Debug|iPhoneSimulator.Build.0 = Debug|Any CPU
		{7E28D176-D137-4279-9EB2-4516A7C35061}.Debug|iPhoneSimulator.Deploy.0 = Debug|Any CPU
		{7E28D176-D137-4279-9EB2-4516A7C35061}.Debug|x64.ActiveCfg = Debug|Any CPU
		{7E28D176-D137-4279-9EB2-4516A7C35061}.Debug|x64.Build.0 = Debug|Any CPU
		{7E28D176-D137-4279-9EB2-4516A7C35061}.Debug|x64.Deploy.0 = Debug|Any CPU
		{7E28D176-D137-4279-9EB2-4516A7C35061}.Debug|x86.ActiveCfg = Debug|x86
		{7E28D176-D137-4279-9EB2-4516A7C35061}.Debug|x86.Build.0 = Debug|x86
		{7E28D176-D137-4279-9EB2-4516A7C35061}.Debug|x86.Deploy.0 = Debug|x86
		{7E28D176-D137-4279-9EB2-4516A7C35061}.Release|Any CPU.ActiveCfg = Release|Any CPU
		{7E28D176-D137-4279-9EB2-4516A7C35061}.Release|Any CPU.Build.0 = Release|Any CPU
		{7E28D176-D137-4279-9EB2-4516A7C35061}.Release|Any CPU.Deploy.0 = Release|Any CPU
		{7E28D176-D137-4279-9EB2-4516A7C35061}.Release|ARM.ActiveCfg = Release|ARM
		{7E28D176-D137-4279-9EB2-4516A7C35061}.Release|ARM.Build.0 = Release|ARM
		{7E28D176-D137-4279-9EB2-4516A7C35061}.Release|ARM.Deploy.0 = Release|ARM
		{7E28D176-D137-4279-9EB2-4516A7C35061}.Release|iPhone.ActiveCfg = Release|Any CPU
		{7E28D176-D137-4279-9EB2-4516A7C35061}.Release|iPhone.Build.0 = Release|Any CPU
		{7E28D176-D137-4279-9EB2-4516A7C35061}.Release|iPhone.Deploy.0 = Release|Any CPU
		{7E28D176-D137-4279-9EB2-4516A7C35061}.Release|iPhoneSimulator.ActiveCfg = Release|Any CPU
		{7E28D176-D137-4279-9EB2-4516A7C35061}.Release|iPhoneSimulator.Build.0 = Release|Any CPU
		{7E28D176-D137-4279-9EB2-4516A7C35061}.Release|iPhoneSimulator.Deploy.0 = Release|Any CPU
		{7E28D176-D137-4279-9EB2-4516A7C35061}.Release|x64.ActiveCfg = Release|Any CPU
		{7E28D176-D137-4279-9EB2-4516A7C35061}.Release|x64.Build.0 = Release|Any CPU
		{7E28D176-D137-4279-9EB2-4516A7C35061}.Release|x64.Deploy.0 = Release|Any CPU
		{7E28D176-D137-4279-9EB2-4516A7C35061}.Release|x86.ActiveCfg = Release|x86
		{7E28D176-D137-4279-9EB2-4516A7C35061}.Release|x86.Build.0 = Release|x86
		{7E28D176-D137-4279-9EB2-4516A7C35061}.Release|x86.Deploy.0 = Release|x86
		{EA3A9F0F-E387-4F5F-8654-B5BFB7D604A6}.Ad-Hoc|Any CPU.ActiveCfg = Release|x86
		{EA3A9F0F-E387-4F5F-8654-B5BFB7D604A6}.Ad-Hoc|Any CPU.Build.0 = Release|x86
		{EA3A9F0F-E387-4F5F-8654-B5BFB7D604A6}.Ad-Hoc|Any CPU.Deploy.0 = Release|x86
		{EA3A9F0F-E387-4F5F-8654-B5BFB7D604A6}.Ad-Hoc|ARM.ActiveCfg = Release|ARM
		{EA3A9F0F-E387-4F5F-8654-B5BFB7D604A6}.Ad-Hoc|ARM.Build.0 = Release|ARM
		{EA3A9F0F-E387-4F5F-8654-B5BFB7D604A6}.Ad-Hoc|ARM.Deploy.0 = Release|ARM
		{EA3A9F0F-E387-4F5F-8654-B5BFB7D604A6}.Ad-Hoc|iPhone.ActiveCfg = Release|x86
		{EA3A9F0F-E387-4F5F-8654-B5BFB7D604A6}.Ad-Hoc|iPhone.Build.0 = Release|x86
		{EA3A9F0F-E387-4F5F-8654-B5BFB7D604A6}.Ad-Hoc|iPhone.Deploy.0 = Release|x86
		{EA3A9F0F-E387-4F5F-8654-B5BFB7D604A6}.Ad-Hoc|iPhoneSimulator.ActiveCfg = Release|x86
		{EA3A9F0F-E387-4F5F-8654-B5BFB7D604A6}.Ad-Hoc|iPhoneSimulator.Build.0 = Release|x86
		{EA3A9F0F-E387-4F5F-8654-B5BFB7D604A6}.Ad-Hoc|iPhoneSimulator.Deploy.0 = Release|x86
		{EA3A9F0F-E387-4F5F-8654-B5BFB7D604A6}.Ad-Hoc|x64.ActiveCfg = Release|x64
		{EA3A9F0F-E387-4F5F-8654-B5BFB7D604A6}.Ad-Hoc|x64.Build.0 = Release|x64
		{EA3A9F0F-E387-4F5F-8654-B5BFB7D604A6}.Ad-Hoc|x64.Deploy.0 = Release|x64
		{EA3A9F0F-E387-4F5F-8654-B5BFB7D604A6}.Ad-Hoc|x86.ActiveCfg = Release|x86
		{EA3A9F0F-E387-4F5F-8654-B5BFB7D604A6}.Ad-Hoc|x86.Build.0 = Release|x86
		{EA3A9F0F-E387-4F5F-8654-B5BFB7D604A6}.Ad-Hoc|x86.Deploy.0 = Release|x86
		{EA3A9F0F-E387-4F5F-8654-B5BFB7D604A6}.AppStore|Any CPU.ActiveCfg = Release|x86
		{EA3A9F0F-E387-4F5F-8654-B5BFB7D604A6}.AppStore|Any CPU.Build.0 = Release|x86
		{EA3A9F0F-E387-4F5F-8654-B5BFB7D604A6}.AppStore|Any CPU.Deploy.0 = Release|x86
		{EA3A9F0F-E387-4F5F-8654-B5BFB7D604A6}.AppStore|ARM.ActiveCfg = Release|ARM
		{EA3A9F0F-E387-4F5F-8654-B5BFB7D604A6}.AppStore|ARM.Build.0 = Release|ARM
		{EA3A9F0F-E387-4F5F-8654-B5BFB7D604A6}.AppStore|ARM.Deploy.0 = Release|ARM
		{EA3A9F0F-E387-4F5F-8654-B5BFB7D604A6}.AppStore|iPhone.ActiveCfg = Release|x86
		{EA3A9F0F-E387-4F5F-8654-B5BFB7D604A6}.AppStore|iPhone.Build.0 = Release|x86
		{EA3A9F0F-E387-4F5F-8654-B5BFB7D604A6}.AppStore|iPhone.Deploy.0 = Release|x86
		{EA3A9F0F-E387-4F5F-8654-B5BFB7D604A6}.AppStore|iPhoneSimulator.ActiveCfg = Release|x86
		{EA3A9F0F-E387-4F5F-8654-B5BFB7D604A6}.AppStore|iPhoneSimulator.Build.0 = Release|x86
		{EA3A9F0F-E387-4F5F-8654-B5BFB7D604A6}.AppStore|iPhoneSimulator.Deploy.0 = Release|x86
		{EA3A9F0F-E387-4F5F-8654-B5BFB7D604A6}.AppStore|x64.ActiveCfg = Release|x64
		{EA3A9F0F-E387-4F5F-8654-B5BFB7D604A6}.AppStore|x64.Build.0 = Release|x64
		{EA3A9F0F-E387-4F5F-8654-B5BFB7D604A6}.AppStore|x64.Deploy.0 = Release|x64
		{EA3A9F0F-E387-4F5F-8654-B5BFB7D604A6}.AppStore|x86.ActiveCfg = Release|x86
		{EA3A9F0F-E387-4F5F-8654-B5BFB7D604A6}.AppStore|x86.Build.0 = Release|x86
		{EA3A9F0F-E387-4F5F-8654-B5BFB7D604A6}.AppStore|x86.Deploy.0 = Release|x86
		{EA3A9F0F-E387-4F5F-8654-B5BFB7D604A6}.Debug|Any CPU.ActiveCfg = Debug|x86
		{EA3A9F0F-E387-4F5F-8654-B5BFB7D604A6}.Debug|ARM.ActiveCfg = Debug|ARM
		{EA3A9F0F-E387-4F5F-8654-B5BFB7D604A6}.Debug|ARM.Build.0 = Debug|ARM
		{EA3A9F0F-E387-4F5F-8654-B5BFB7D604A6}.Debug|ARM.Deploy.0 = Debug|ARM
		{EA3A9F0F-E387-4F5F-8654-B5BFB7D604A6}.Debug|iPhone.ActiveCfg = Debug|x86
		{EA3A9F0F-E387-4F5F-8654-B5BFB7D604A6}.Debug|iPhoneSimulator.ActiveCfg = Debug|x86
		{EA3A9F0F-E387-4F5F-8654-B5BFB7D604A6}.Debug|x64.ActiveCfg = Debug|x64
		{EA3A9F0F-E387-4F5F-8654-B5BFB7D604A6}.Debug|x64.Build.0 = Debug|x64
		{EA3A9F0F-E387-4F5F-8654-B5BFB7D604A6}.Debug|x64.Deploy.0 = Debug|x64
		{EA3A9F0F-E387-4F5F-8654-B5BFB7D604A6}.Debug|x86.ActiveCfg = Debug|x86
		{EA3A9F0F-E387-4F5F-8654-B5BFB7D604A6}.Debug|x86.Build.0 = Debug|x86
		{EA3A9F0F-E387-4F5F-8654-B5BFB7D604A6}.Debug|x86.Deploy.0 = Debug|x86
		{EA3A9F0F-E387-4F5F-8654-B5BFB7D604A6}.Release|Any CPU.ActiveCfg = Release|x86
		{EA3A9F0F-E387-4F5F-8654-B5BFB7D604A6}.Release|ARM.ActiveCfg = Release|ARM
		{EA3A9F0F-E387-4F5F-8654-B5BFB7D604A6}.Release|ARM.Build.0 = Release|ARM
		{EA3A9F0F-E387-4F5F-8654-B5BFB7D604A6}.Release|ARM.Deploy.0 = Release|ARM
		{EA3A9F0F-E387-4F5F-8654-B5BFB7D604A6}.Release|iPhone.ActiveCfg = Release|x86
		{EA3A9F0F-E387-4F5F-8654-B5BFB7D604A6}.Release|iPhoneSimulator.ActiveCfg = Release|x86
		{EA3A9F0F-E387-4F5F-8654-B5BFB7D604A6}.Release|x64.ActiveCfg = Release|x64
		{EA3A9F0F-E387-4F5F-8654-B5BFB7D604A6}.Release|x64.Build.0 = Release|x64
		{EA3A9F0F-E387-4F5F-8654-B5BFB7D604A6}.Release|x64.Deploy.0 = Release|x64
		{EA3A9F0F-E387-4F5F-8654-B5BFB7D604A6}.Release|x86.ActiveCfg = Release|x86
		{EA3A9F0F-E387-4F5F-8654-B5BFB7D604A6}.Release|x86.Build.0 = Release|x86
		{EA3A9F0F-E387-4F5F-8654-B5BFB7D604A6}.Release|x86.Deploy.0 = Release|x86
		{6BDD89F8-4A42-44DE-9404-CCEC8ACDE2A9}.Ad-Hoc|Any CPU.ActiveCfg = Release|Any CPU
		{6BDD89F8-4A42-44DE-9404-CCEC8ACDE2A9}.Ad-Hoc|Any CPU.Build.0 = Release|Any CPU
		{6BDD89F8-4A42-44DE-9404-CCEC8ACDE2A9}.Ad-Hoc|Any CPU.Deploy.0 = Release|Any CPU
		{6BDD89F8-4A42-44DE-9404-CCEC8ACDE2A9}.Ad-Hoc|ARM.ActiveCfg = Release|ARM
		{6BDD89F8-4A42-44DE-9404-CCEC8ACDE2A9}.Ad-Hoc|ARM.Build.0 = Release|ARM
		{6BDD89F8-4A42-44DE-9404-CCEC8ACDE2A9}.Ad-Hoc|ARM.Deploy.0 = Release|ARM
		{6BDD89F8-4A42-44DE-9404-CCEC8ACDE2A9}.Ad-Hoc|iPhone.ActiveCfg = Release|Any CPU
		{6BDD89F8-4A42-44DE-9404-CCEC8ACDE2A9}.Ad-Hoc|iPhone.Build.0 = Release|Any CPU
		{6BDD89F8-4A42-44DE-9404-CCEC8ACDE2A9}.Ad-Hoc|iPhone.Deploy.0 = Release|Any CPU
		{6BDD89F8-4A42-44DE-9404-CCEC8ACDE2A9}.Ad-Hoc|iPhoneSimulator.ActiveCfg = Release|Any CPU
		{6BDD89F8-4A42-44DE-9404-CCEC8ACDE2A9}.Ad-Hoc|iPhoneSimulator.Build.0 = Release|Any CPU
		{6BDD89F8-4A42-44DE-9404-CCEC8ACDE2A9}.Ad-Hoc|iPhoneSimulator.Deploy.0 = Release|Any CPU
		{6BDD89F8-4A42-44DE-9404-CCEC8ACDE2A9}.Ad-Hoc|x64.ActiveCfg = Release|x64
		{6BDD89F8-4A42-44DE-9404-CCEC8ACDE2A9}.Ad-Hoc|x64.Build.0 = Release|x64
		{6BDD89F8-4A42-44DE-9404-CCEC8ACDE2A9}.Ad-Hoc|x64.Deploy.0 = Release|x64
		{6BDD89F8-4A42-44DE-9404-CCEC8ACDE2A9}.Ad-Hoc|x86.ActiveCfg = Release|x86
		{6BDD89F8-4A42-44DE-9404-CCEC8ACDE2A9}.Ad-Hoc|x86.Build.0 = Release|x86
		{6BDD89F8-4A42-44DE-9404-CCEC8ACDE2A9}.Ad-Hoc|x86.Deploy.0 = Release|x86
		{6BDD89F8-4A42-44DE-9404-CCEC8ACDE2A9}.AppStore|Any CPU.ActiveCfg = Release|Any CPU
		{6BDD89F8-4A42-44DE-9404-CCEC8ACDE2A9}.AppStore|Any CPU.Build.0 = Release|Any CPU
		{6BDD89F8-4A42-44DE-9404-CCEC8ACDE2A9}.AppStore|Any CPU.Deploy.0 = Release|Any CPU
		{6BDD89F8-4A42-44DE-9404-CCEC8ACDE2A9}.AppStore|ARM.ActiveCfg = Release|ARM
		{6BDD89F8-4A42-44DE-9404-CCEC8ACDE2A9}.AppStore|ARM.Build.0 = Release|ARM
		{6BDD89F8-4A42-44DE-9404-CCEC8ACDE2A9}.AppStore|ARM.Deploy.0 = Release|ARM
		{6BDD89F8-4A42-44DE-9404-CCEC8ACDE2A9}.AppStore|iPhone.ActiveCfg = Release|Any CPU
		{6BDD89F8-4A42-44DE-9404-CCEC8ACDE2A9}.AppStore|iPhone.Build.0 = Release|Any CPU
		{6BDD89F8-4A42-44DE-9404-CCEC8ACDE2A9}.AppStore|iPhone.Deploy.0 = Release|Any CPU
		{6BDD89F8-4A42-44DE-9404-CCEC8ACDE2A9}.AppStore|iPhoneSimulator.ActiveCfg = Release|Any CPU
		{6BDD89F8-4A42-44DE-9404-CCEC8ACDE2A9}.AppStore|iPhoneSimulator.Build.0 = Release|Any CPU
		{6BDD89F8-4A42-44DE-9404-CCEC8ACDE2A9}.AppStore|iPhoneSimulator.Deploy.0 = Release|Any CPU
		{6BDD89F8-4A42-44DE-9404-CCEC8ACDE2A9}.AppStore|x64.ActiveCfg = Release|x64
		{6BDD89F8-4A42-44DE-9404-CCEC8ACDE2A9}.AppStore|x64.Build.0 = Release|x64
		{6BDD89F8-4A42-44DE-9404-CCEC8ACDE2A9}.AppStore|x64.Deploy.0 = Release|x64
		{6BDD89F8-4A42-44DE-9404-CCEC8ACDE2A9}.AppStore|x86.ActiveCfg = Release|x86
		{6BDD89F8-4A42-44DE-9404-CCEC8ACDE2A9}.AppStore|x86.Build.0 = Release|x86
		{6BDD89F8-4A42-44DE-9404-CCEC8ACDE2A9}.AppStore|x86.Deploy.0 = Release|x86
		{6BDD89F8-4A42-44DE-9404-CCEC8ACDE2A9}.Debug|Any CPU.ActiveCfg = Debug|Any CPU
		{6BDD89F8-4A42-44DE-9404-CCEC8ACDE2A9}.Debug|Any CPU.Build.0 = Debug|Any CPU
		{6BDD89F8-4A42-44DE-9404-CCEC8ACDE2A9}.Debug|Any CPU.Deploy.0 = Debug|Any CPU
		{6BDD89F8-4A42-44DE-9404-CCEC8ACDE2A9}.Debug|ARM.ActiveCfg = Debug|ARM
		{6BDD89F8-4A42-44DE-9404-CCEC8ACDE2A9}.Debug|ARM.Build.0 = Debug|ARM
		{6BDD89F8-4A42-44DE-9404-CCEC8ACDE2A9}.Debug|ARM.Deploy.0 = Debug|ARM
		{6BDD89F8-4A42-44DE-9404-CCEC8ACDE2A9}.Debug|iPhone.ActiveCfg = Debug|Any CPU
		{6BDD89F8-4A42-44DE-9404-CCEC8ACDE2A9}.Debug|iPhone.Build.0 = Debug|Any CPU
		{6BDD89F8-4A42-44DE-9404-CCEC8ACDE2A9}.Debug|iPhone.Deploy.0 = Debug|Any CPU
		{6BDD89F8-4A42-44DE-9404-CCEC8ACDE2A9}.Debug|iPhoneSimulator.ActiveCfg = Debug|Any CPU
		{6BDD89F8-4A42-44DE-9404-CCEC8ACDE2A9}.Debug|iPhoneSimulator.Build.0 = Debug|Any CPU
		{6BDD89F8-4A42-44DE-9404-CCEC8ACDE2A9}.Debug|iPhoneSimulator.Deploy.0 = Debug|Any CPU
		{6BDD89F8-4A42-44DE-9404-CCEC8ACDE2A9}.Debug|x64.ActiveCfg = Debug|x64
		{6BDD89F8-4A42-44DE-9404-CCEC8ACDE2A9}.Debug|x64.Build.0 = Debug|x64
		{6BDD89F8-4A42-44DE-9404-CCEC8ACDE2A9}.Debug|x64.Deploy.0 = Debug|x64
		{6BDD89F8-4A42-44DE-9404-CCEC8ACDE2A9}.Debug|x86.ActiveCfg = Debug|x86
		{6BDD89F8-4A42-44DE-9404-CCEC8ACDE2A9}.Debug|x86.Build.0 = Debug|x86
		{6BDD89F8-4A42-44DE-9404-CCEC8ACDE2A9}.Debug|x86.Deploy.0 = Debug|x86
		{6BDD89F8-4A42-44DE-9404-CCEC8ACDE2A9}.Release|Any CPU.ActiveCfg = Release|Any CPU
		{6BDD89F8-4A42-44DE-9404-CCEC8ACDE2A9}.Release|Any CPU.Build.0 = Release|Any CPU
		{6BDD89F8-4A42-44DE-9404-CCEC8ACDE2A9}.Release|Any CPU.Deploy.0 = Release|Any CPU
		{6BDD89F8-4A42-44DE-9404-CCEC8ACDE2A9}.Release|ARM.ActiveCfg = Release|ARM
		{6BDD89F8-4A42-44DE-9404-CCEC8ACDE2A9}.Release|ARM.Build.0 = Release|ARM
		{6BDD89F8-4A42-44DE-9404-CCEC8ACDE2A9}.Release|ARM.Deploy.0 = Release|ARM
		{6BDD89F8-4A42-44DE-9404-CCEC8ACDE2A9}.Release|iPhone.ActiveCfg = Release|Any CPU
		{6BDD89F8-4A42-44DE-9404-CCEC8ACDE2A9}.Release|iPhone.Build.0 = Release|Any CPU
		{6BDD89F8-4A42-44DE-9404-CCEC8ACDE2A9}.Release|iPhone.Deploy.0 = Release|Any CPU
		{6BDD89F8-4A42-44DE-9404-CCEC8ACDE2A9}.Release|iPhoneSimulator.ActiveCfg = Release|Any CPU
		{6BDD89F8-4A42-44DE-9404-CCEC8ACDE2A9}.Release|iPhoneSimulator.Build.0 = Release|Any CPU
		{6BDD89F8-4A42-44DE-9404-CCEC8ACDE2A9}.Release|iPhoneSimulator.Deploy.0 = Release|Any CPU
		{6BDD89F8-4A42-44DE-9404-CCEC8ACDE2A9}.Release|x64.ActiveCfg = Release|x64
		{6BDD89F8-4A42-44DE-9404-CCEC8ACDE2A9}.Release|x64.Build.0 = Release|x64
		{6BDD89F8-4A42-44DE-9404-CCEC8ACDE2A9}.Release|x64.Deploy.0 = Release|x64
		{6BDD89F8-4A42-44DE-9404-CCEC8ACDE2A9}.Release|x86.ActiveCfg = Release|x86
		{6BDD89F8-4A42-44DE-9404-CCEC8ACDE2A9}.Release|x86.Build.0 = Release|x86
		{6BDD89F8-4A42-44DE-9404-CCEC8ACDE2A9}.Release|x86.Deploy.0 = Release|x86
	EndGlobalSection
	GlobalSection(SolutionProperties) = preSolution
		HideSolutionNode = FALSE
	EndGlobalSection
EndGlobal
