
Microsoft Visual Studio Solution File, Format Version 12.00
# Visual Studio 14
VisualStudioVersion = 14.0.25420.1
MinimumVisualStudioVersion = 10.0.40219.1
Project("{FAE04EC0-301F-11D3-BF4B-00C04F79EFBC}") = "XamarinFormsLicao5.Android", "XamarinFormsLicao5\XamarinFormsLicao5.Android\XamarinFormsLicao5.Android.csproj", "{C2E3A1B6-7A4B-4453-8447-3CCCC5CAF8C4}"
EndProject
Project("{FAE04EC0-301F-11D3-BF4B-00C04F79EFBC}") = "XamarinFormsLicao5", "XamarinFormsLicao5\XamarinFormsLicao5\XamarinFormsLicao5.csproj", "{0BA14CCF-80A4-45DD-BC31-F76F5D84E648}"
EndProject
Project("{FAE04EC0-301F-11D3-BF4B-00C04F79EFBC}") = "XamarinFormsLicao5.UWP", "XamarinFormsLicao5\XamarinFormsLicao5.UWP\XamarinFormsLicao5.UWP.csproj", "{C083ED77-61B7-4400-9DCE-C69577538F2B}"
EndProject
Project("{FAE04EC0-301F-11D3-BF4B-00C04F79EFBC}") = "XamarinFormsLicao5.iOS", "XamarinFormsLicao5\XamarinFormsLicao5.iOS\XamarinFormsLicao5.iOS.csproj", "{0CB94790-311D-454E-AC1E-BAB8663EF92E}"
EndProject
Global
	GlobalSection(SolutionConfigurationPlatforms) = preSolution
		Ad-Hoc|Any CPU = Ad-Hoc|Any CPU
		Ad-Hoc|ARM = Ad-Hoc|ARM
		Ad-Hoc|iPhone = Ad-Hoc|iPhone
		Ad-Hoc|iPhoneSimulator = Ad-Hoc|iPhoneSimulator
		Ad-Hoc|x64 = Ad-Hoc|x64
		Ad-Hoc|x86 = Ad-Hoc|x86
		AppStore|Any CPU = AppStore|Any CPU
		AppStore|ARM = AppStore|ARM
		AppStore|iPhone = AppStore|iPhone
		AppStore|iPhoneSimulator = AppStore|iPhoneSimulator
		AppStore|x64 = AppStore|x64
		AppStore|x86 = AppStore|x86
		Debug|Any CPU = Debug|Any CPU
		Debug|ARM = Debug|ARM
		Debug|iPhone = Debug|iPhone
		Debug|iPhoneSimulator = Debug|iPhoneSimulator
		Debug|x64 = Debug|x64
		Debug|x86 = Debug|x86
		Release|Any CPU = Release|Any CPU
		Release|ARM = Release|ARM
		Release|iPhone = Release|iPhone
		Release|iPhoneSimulator = Release|iPhoneSimulator
		Release|x64 = Release|x64
		Release|x86 = Release|x86
	EndGlobalSection
	GlobalSection(ProjectConfigurationPlatforms) = postSolution
		{C2E3A1B6-7A4B-4453-8447-3CCCC5CAF8C4}.Ad-Hoc|Any CPU.ActiveCfg = Release|Any CPU
		{C2E3A1B6-7A4B-4453-8447-3CCCC5CAF8C4}.Ad-Hoc|Any CPU.Build.0 = Release|Any CPU
		{C2E3A1B6-7A4B-4453-8447-3CCCC5CAF8C4}.Ad-Hoc|Any CPU.Deploy.0 = Release|Any CPU
		{C2E3A1B6-7A4B-4453-8447-3CCCC5CAF8C4}.Ad-Hoc|ARM.ActiveCfg = Release|Any CPU
		{C2E3A1B6-7A4B-4453-8447-3CCCC5CAF8C4}.Ad-Hoc|ARM.Build.0 = Release|Any CPU
		{C2E3A1B6-7A4B-4453-8447-3CCCC5CAF8C4}.Ad-Hoc|ARM.Deploy.0 = Release|Any CPU
		{C2E3A1B6-7A4B-4453-8447-3CCCC5CAF8C4}.Ad-Hoc|iPhone.ActiveCfg = Release|Any CPU
		{C2E3A1B6-7A4B-4453-8447-3CCCC5CAF8C4}.Ad-Hoc|iPhone.Build.0 = Release|Any CPU
		{C2E3A1B6-7A4B-4453-8447-3CCCC5CAF8C4}.Ad-Hoc|iPhone.Deploy.0 = Release|Any CPU
		{C2E3A1B6-7A4B-4453-8447-3CCCC5CAF8C4}.Ad-Hoc|iPhoneSimulator.ActiveCfg = Release|Any CPU
		{C2E3A1B6-7A4B-4453-8447-3CCCC5CAF8C4}.Ad-Hoc|iPhoneSimulator.Build.0 = Release|Any CPU
		{C2E3A1B6-7A4B-4453-8447-3CCCC5CAF8C4}.Ad-Hoc|iPhoneSimulator.Deploy.0 = Release|Any CPU
		{C2E3A1B6-7A4B-4453-8447-3CCCC5CAF8C4}.Ad-Hoc|x64.ActiveCfg = Release|Any CPU
		{C2E3A1B6-7A4B-4453-8447-3CCCC5CAF8C4}.Ad-Hoc|x64.Build.0 = Release|Any CPU
		{C2E3A1B6-7A4B-4453-8447-3CCCC5CAF8C4}.Ad-Hoc|x64.Deploy.0 = Release|Any CPU
		{C2E3A1B6-7A4B-4453-8447-3CCCC5CAF8C4}.Ad-Hoc|x86.ActiveCfg = Release|Any CPU
		{C2E3A1B6-7A4B-4453-8447-3CCCC5CAF8C4}.Ad-Hoc|x86.Build.0 = Release|Any CPU
		{C2E3A1B6-7A4B-4453-8447-3CCCC5CAF8C4}.Ad-Hoc|x86.Deploy.0 = Release|Any CPU
		{C2E3A1B6-7A4B-4453-8447-3CCCC5CAF8C4}.AppStore|Any CPU.ActiveCfg = Release|Any CPU
		{C2E3A1B6-7A4B-4453-8447-3CCCC5CAF8C4}.AppStore|Any CPU.Build.0 = Release|Any CPU
		{C2E3A1B6-7A4B-4453-8447-3CCCC5CAF8C4}.AppStore|Any CPU.Deploy.0 = Release|Any CPU
		{C2E3A1B6-7A4B-4453-8447-3CCCC5CAF8C4}.AppStore|ARM.ActiveCfg = Release|Any CPU
		{C2E3A1B6-7A4B-4453-8447-3CCCC5CAF8C4}.AppStore|ARM.Build.0 = Release|Any CPU
		{C2E3A1B6-7A4B-4453-8447-3CCCC5CAF8C4}.AppStore|ARM.Deploy.0 = Release|Any CPU
		{C2E3A1B6-7A4B-4453-8447-3CCCC5CAF8C4}.AppStore|iPhone.ActiveCfg = Release|Any CPU
		{C2E3A1B6-7A4B-4453-8447-3CCCC5CAF8C4}.AppStore|iPhone.Build.0 = Release|Any CPU
		{C2E3A1B6-7A4B-4453-8447-3CCCC5CAF8C4}.AppStore|iPhone.Deploy.0 = Release|Any CPU
		{C2E3A1B6-7A4B-4453-8447-3CCCC5CAF8C4}.AppStore|iPhoneSimulator.ActiveCfg = Release|Any CPU
		{C2E3A1B6-7A4B-4453-8447-3CCCC5CAF8C4}.AppStore|iPhoneSimulator.Build.0 = Release|Any CPU
		{C2E3A1B6-7A4B-4453-8447-3CCCC5CAF8C4}.AppStore|iPhoneSimulator.Deploy.0 = Release|Any CPU
		{C2E3A1B6-7A4B-4453-8447-3CCCC5CAF8C4}.AppStore|x64.ActiveCfg = Release|Any CPU
		{C2E3A1B6-7A4B-4453-8447-3CCCC5CAF8C4}.AppStore|x64.Build.0 = Release|Any CPU
		{C2E3A1B6-7A4B-4453-8447-3CCCC5CAF8C4}.AppStore|x64.Deploy.0 = Release|Any CPU
		{C2E3A1B6-7A4B-4453-8447-3CCCC5CAF8C4}.AppStore|x86.ActiveCfg = Release|Any CPU
		{C2E3A1B6-7A4B-4453-8447-3CCCC5CAF8C4}.AppStore|x86.Build.0 = Release|Any CPU
		{C2E3A1B6-7A4B-4453-8447-3CCCC5CAF8C4}.AppStore|x86.Deploy.0 = Release|Any CPU
		{C2E3A1B6-7A4B-4453-8447-3CCCC5CAF8C4}.Debug|Any CPU.ActiveCfg = Debug|Any CPU
		{C2E3A1B6-7A4B-4453-8447-3CCCC5CAF8C4}.Debug|Any CPU.Build.0 = Debug|Any CPU
		{C2E3A1B6-7A4B-4453-8447-3CCCC5CAF8C4}.Debug|Any CPU.Deploy.0 = Debug|Any CPU
		{C2E3A1B6-7A4B-4453-8447-3CCCC5CAF8C4}.Debug|ARM.ActiveCfg = Debug|Any CPU
		{C2E3A1B6-7A4B-4453-8447-3CCCC5CAF8C4}.Debug|ARM.Build.0 = Debug|Any CPU
		{C2E3A1B6-7A4B-4453-8447-3CCCC5CAF8C4}.Debug|ARM.Deploy.0 = Debug|Any CPU
		{C2E3A1B6-7A4B-4453-8447-3CCCC5CAF8C4}.Debug|iPhone.ActiveCfg = Debug|Any CPU
		{C2E3A1B6-7A4B-4453-8447-3CCCC5CAF8C4}.Debug|iPhone.Build.0 = Debug|Any CPU
		{C2E3A1B6-7A4B-4453-8447-3CCCC5CAF8C4}.Debug|iPhone.Deploy.0 = Debug|Any CPU
		{C2E3A1B6-7A4B-4453-8447-3CCCC5CAF8C4}.Debug|iPhoneSimulator.ActiveCfg = Debug|Any CPU
		{C2E3A1B6-7A4B-4453-8447-3CCCC5CAF8C4}.Debug|iPhoneSimulator.Build.0 = Debug|Any CPU
		{C2E3A1B6-7A4B-4453-8447-3CCCC5CAF8C4}.Debug|iPhoneSimulator.Deploy.0 = Debug|Any CPU
		{C2E3A1B6-7A4B-4453-8447-3CCCC5CAF8C4}.Debug|x64.ActiveCfg = Debug|Any CPU
		{C2E3A1B6-7A4B-4453-8447-3CCCC5CAF8C4}.Debug|x64.Build.0 = Debug|Any CPU
		{C2E3A1B6-7A4B-4453-8447-3CCCC5CAF8C4}.Debug|x64.Deploy.0 = Debug|Any CPU
		{C2E3A1B6-7A4B-4453-8447-3CCCC5CAF8C4}.Debug|x86.ActiveCfg = Debug|Any CPU
		{C2E3A1B6-7A4B-4453-8447-3CCCC5CAF8C4}.Debug|x86.Build.0 = Debug|Any CPU
		{C2E3A1B6-7A4B-4453-8447-3CCCC5CAF8C4}.Debug|x86.Deploy.0 = Debug|Any CPU
		{C2E3A1B6-7A4B-4453-8447-3CCCC5CAF8C4}.Release|Any CPU.ActiveCfg = Release|Any CPU
		{C2E3A1B6-7A4B-4453-8447-3CCCC5CAF8C4}.Release|Any CPU.Build.0 = Release|Any CPU
		{C2E3A1B6-7A4B-4453-8447-3CCCC5CAF8C4}.Release|Any CPU.Deploy.0 = Release|Any CPU
		{C2E3A1B6-7A4B-4453-8447-3CCCC5CAF8C4}.Release|ARM.ActiveCfg = Release|Any CPU
		{C2E3A1B6-7A4B-4453-8447-3CCCC5CAF8C4}.Release|ARM.Build.0 = Release|Any CPU
		{C2E3A1B6-7A4B-4453-8447-3CCCC5CAF8C4}.Release|ARM.Deploy.0 = Release|Any CPU
		{C2E3A1B6-7A4B-4453-8447-3CCCC5CAF8C4}.Release|iPhone.ActiveCfg = Release|Any CPU
		{C2E3A1B6-7A4B-4453-8447-3CCCC5CAF8C4}.Release|iPhone.Build.0 = Release|Any CPU
		{C2E3A1B6-7A4B-4453-8447-3CCCC5CAF8C4}.Release|iPhone.Deploy.0 = Release|Any CPU
		{C2E3A1B6-7A4B-4453-8447-3CCCC5CAF8C4}.Release|iPhoneSimulator.ActiveCfg = Release|Any CPU
		{C2E3A1B6-7A4B-4453-8447-3CCCC5CAF8C4}.Release|iPhoneSimulator.Build.0 = Release|Any CPU
		{C2E3A1B6-7A4B-4453-8447-3CCCC5CAF8C4}.Release|iPhoneSimulator.Deploy.0 = Release|Any CPU
		{C2E3A1B6-7A4B-4453-8447-3CCCC5CAF8C4}.Release|x64.ActiveCfg = Release|Any CPU
		{C2E3A1B6-7A4B-4453-8447-3CCCC5CAF8C4}.Release|x64.Build.0 = Release|Any CPU
		{C2E3A1B6-7A4B-4453-8447-3CCCC5CAF8C4}.Release|x64.Deploy.0 = Release|Any CPU
		{C2E3A1B6-7A4B-4453-8447-3CCCC5CAF8C4}.Release|x86.ActiveCfg = Release|Any CPU
		{C2E3A1B6-7A4B-4453-8447-3CCCC5CAF8C4}.Release|x86.Build.0 = Release|Any CPU
		{C2E3A1B6-7A4B-4453-8447-3CCCC5CAF8C4}.Release|x86.Deploy.0 = Release|Any CPU
		{0BA14CCF-80A4-45DD-BC31-F76F5D84E648}.Ad-Hoc|Any CPU.ActiveCfg = Release|Any CPU
		{0BA14CCF-80A4-45DD-BC31-F76F5D84E648}.Ad-Hoc|Any CPU.Build.0 = Release|Any CPU
		{0BA14CCF-80A4-45DD-BC31-F76F5D84E648}.Ad-Hoc|ARM.ActiveCfg = Release|Any CPU
		{0BA14CCF-80A4-45DD-BC31-F76F5D84E648}.Ad-Hoc|ARM.Build.0 = Release|Any CPU
		{0BA14CCF-80A4-45DD-BC31-F76F5D84E648}.Ad-Hoc|iPhone.ActiveCfg = Release|Any CPU
		{0BA14CCF-80A4-45DD-BC31-F76F5D84E648}.Ad-Hoc|iPhone.Build.0 = Release|Any CPU
		{0BA14CCF-80A4-45DD-BC31-F76F5D84E648}.Ad-Hoc|iPhoneSimulator.ActiveCfg = Release|Any CPU
		{0BA14CCF-80A4-45DD-BC31-F76F5D84E648}.Ad-Hoc|iPhoneSimulator.Build.0 = Release|Any CPU
		{0BA14CCF-80A4-45DD-BC31-F76F5D84E648}.Ad-Hoc|x64.ActiveCfg = Release|Any CPU
		{0BA14CCF-80A4-45DD-BC31-F76F5D84E648}.Ad-Hoc|x64.Build.0 = Release|Any CPU
		{0BA14CCF-80A4-45DD-BC31-F76F5D84E648}.Ad-Hoc|x86.ActiveCfg = Release|Any CPU
		{0BA14CCF-80A4-45DD-BC31-F76F5D84E648}.Ad-Hoc|x86.Build.0 = Release|Any CPU
		{0BA14CCF-80A4-45DD-BC31-F76F5D84E648}.AppStore|Any CPU.ActiveCfg = Release|Any CPU
		{0BA14CCF-80A4-45DD-BC31-F76F5D84E648}.AppStore|Any CPU.Build.0 = Release|Any CPU
		{0BA14CCF-80A4-45DD-BC31-F76F5D84E648}.AppStore|ARM.ActiveCfg = Release|Any CPU
		{0BA14CCF-80A4-45DD-BC31-F76F5D84E648}.AppStore|ARM.Build.0 = Release|Any CPU
		{0BA14CCF-80A4-45DD-BC31-F76F5D84E648}.AppStore|iPhone.ActiveCfg = Release|Any CPU
		{0BA14CCF-80A4-45DD-BC31-F76F5D84E648}.AppStore|iPhone.Build.0 = Release|Any CPU
		{0BA14CCF-80A4-45DD-BC31-F76F5D84E648}.AppStore|iPhoneSimulator.ActiveCfg = Release|Any CPU
		{0BA14CCF-80A4-45DD-BC31-F76F5D84E648}.AppStore|iPhoneSimulator.Build.0 = Release|Any CPU
		{0BA14CCF-80A4-45DD-BC31-F76F5D84E648}.AppStore|x64.ActiveCfg = Release|Any CPU
		{0BA14CCF-80A4-45DD-BC31-F76F5D84E648}.AppStore|x64.Build.0 = Release|Any CPU
		{0BA14CCF-80A4-45DD-BC31-F76F5D84E648}.AppStore|x86.ActiveCfg = Release|Any CPU
		{0BA14CCF-80A4-45DD-BC31-F76F5D84E648}.AppStore|x86.Build.0 = Release|Any CPU
		{0BA14CCF-80A4-45DD-BC31-F76F5D84E648}.Debug|Any CPU.ActiveCfg = Debug|Any CPU
		{0BA14CCF-80A4-45DD-BC31-F76F5D84E648}.Debug|Any CPU.Build.0 = Debug|Any CPU
		{0BA14CCF-80A4-45DD-BC31-F76F5D84E648}.Debug|ARM.ActiveCfg = Debug|Any CPU
		{0BA14CCF-80A4-45DD-BC31-F76F5D84E648}.Debug|ARM.Build.0 = Debug|Any CPU
		{0BA14CCF-80A4-45DD-BC31-F76F5D84E648}.Debug|iPhone.ActiveCfg = Debug|Any CPU
		{0BA14CCF-80A4-45DD-BC31-F76F5D84E648}.Debug|iPhone.Build.0 = Debug|Any CPU
		{0BA14CCF-80A4-45DD-BC31-F76F5D84E648}.Debug|iPhoneSimulator.ActiveCfg = Debug|Any CPU
		{0BA14CCF-80A4-45DD-BC31-F76F5D84E648}.Debug|iPhoneSimulator.Build.0 = Debug|Any CPU
		{0BA14CCF-80A4-45DD-BC31-F76F5D84E648}.Debug|x64.ActiveCfg = Debug|Any CPU
		{0BA14CCF-80A4-45DD-BC31-F76F5D84E648}.Debug|x64.Build.0 = Debug|Any CPU
		{0BA14CCF-80A4-45DD-BC31-F76F5D84E648}.Debug|x86.ActiveCfg = Debug|Any CPU
		{0BA14CCF-80A4-45DD-BC31-F76F5D84E648}.Debug|x86.Build.0 = Debug|Any CPU
		{0BA14CCF-80A4-45DD-BC31-F76F5D84E648}.Release|Any CPU.ActiveCfg = Release|Any CPU
		{0BA14CCF-80A4-45DD-BC31-F76F5D84E648}.Release|Any CPU.Build.0 = Release|Any CPU
		{0BA14CCF-80A4-45DD-BC31-F76F5D84E648}.Release|ARM.ActiveCfg = Release|Any CPU
		{0BA14CCF-80A4-45DD-BC31-F76F5D84E648}.Release|ARM.Build.0 = Release|Any CPU
		{0BA14CCF-80A4-45DD-BC31-F76F5D84E648}.Release|iPhone.ActiveCfg = Release|Any CPU
		{0BA14CCF-80A4-45DD-BC31-F76F5D84E648}.Release|iPhone.Build.0 = Release|Any CPU
		{0BA14CCF-80A4-45DD-BC31-F76F5D84E648}.Release|iPhoneSimulator.ActiveCfg = Release|Any CPU
		{0BA14CCF-80A4-45DD-BC31-F76F5D84E648}.Release|iPhoneSimulator.Build.0 = Release|Any CPU
		{0BA14CCF-80A4-45DD-BC31-F76F5D84E648}.Release|x64.ActiveCfg = Release|Any CPU
		{0BA14CCF-80A4-45DD-BC31-F76F5D84E648}.Release|x64.Build.0 = Release|Any CPU
		{0BA14CCF-80A4-45DD-BC31-F76F5D84E648}.Release|x86.ActiveCfg = Release|Any CPU
		{0BA14CCF-80A4-45DD-BC31-F76F5D84E648}.Release|x86.Build.0 = Release|Any CPU
		{C083ED77-61B7-4400-9DCE-C69577538F2B}.Ad-Hoc|Any CPU.ActiveCfg = Release|x86
		{C083ED77-61B7-4400-9DCE-C69577538F2B}.Ad-Hoc|Any CPU.Build.0 = Release|x86
		{C083ED77-61B7-4400-9DCE-C69577538F2B}.Ad-Hoc|Any CPU.Deploy.0 = Release|x86
		{C083ED77-61B7-4400-9DCE-C69577538F2B}.Ad-Hoc|ARM.ActiveCfg = Release|ARM
		{C083ED77-61B7-4400-9DCE-C69577538F2B}.Ad-Hoc|ARM.Build.0 = Release|ARM
		{C083ED77-61B7-4400-9DCE-C69577538F2B}.Ad-Hoc|ARM.Deploy.0 = Release|ARM
		{C083ED77-61B7-4400-9DCE-C69577538F2B}.Ad-Hoc|iPhone.ActiveCfg = Release|x86
		{C083ED77-61B7-4400-9DCE-C69577538F2B}.Ad-Hoc|iPhone.Build.0 = Release|x86
		{C083ED77-61B7-4400-9DCE-C69577538F2B}.Ad-Hoc|iPhone.Deploy.0 = Release|x86
		{C083ED77-61B7-4400-9DCE-C69577538F2B}.Ad-Hoc|iPhoneSimulator.ActiveCfg = Release|x86
		{C083ED77-61B7-4400-9DCE-C69577538F2B}.Ad-Hoc|iPhoneSimulator.Build.0 = Release|x86
		{C083ED77-61B7-4400-9DCE-C69577538F2B}.Ad-Hoc|iPhoneSimulator.Deploy.0 = Release|x86
		{C083ED77-61B7-4400-9DCE-C69577538F2B}.Ad-Hoc|x64.ActiveCfg = Release|x64
		{C083ED77-61B7-4400-9DCE-C69577538F2B}.Ad-Hoc|x64.Build.0 = Release|x64
		{C083ED77-61B7-4400-9DCE-C69577538F2B}.Ad-Hoc|x64.Deploy.0 = Release|x64
		{C083ED77-61B7-4400-9DCE-C69577538F2B}.Ad-Hoc|x86.ActiveCfg = Release|x86
		{C083ED77-61B7-4400-9DCE-C69577538F2B}.Ad-Hoc|x86.Build.0 = Release|x86
		{C083ED77-61B7-4400-9DCE-C69577538F2B}.Ad-Hoc|x86.Deploy.0 = Release|x86
		{C083ED77-61B7-4400-9DCE-C69577538F2B}.AppStore|Any CPU.ActiveCfg = Release|x86
		{C083ED77-61B7-4400-9DCE-C69577538F2B}.AppStore|Any CPU.Build.0 = Release|x86
		{C083ED77-61B7-4400-9DCE-C69577538F2B}.AppStore|Any CPU.Deploy.0 = Release|x86
		{C083ED77-61B7-4400-9DCE-C69577538F2B}.AppStore|ARM.ActiveCfg = Release|ARM
		{C083ED77-61B7-4400-9DCE-C69577538F2B}.AppStore|ARM.Build.0 = Release|ARM
		{C083ED77-61B7-4400-9DCE-C69577538F2B}.AppStore|ARM.Deploy.0 = Release|ARM
		{C083ED77-61B7-4400-9DCE-C69577538F2B}.AppStore|iPhone.ActiveCfg = Release|x86
		{C083ED77-61B7-4400-9DCE-C69577538F2B}.AppStore|iPhone.Build.0 = Release|x86
		{C083ED77-61B7-4400-9DCE-C69577538F2B}.AppStore|iPhone.Deploy.0 = Release|x86
		{C083ED77-61B7-4400-9DCE-C69577538F2B}.AppStore|iPhoneSimulator.ActiveCfg = Release|x86
		{C083ED77-61B7-4400-9DCE-C69577538F2B}.AppStore|iPhoneSimulator.Build.0 = Release|x86
		{C083ED77-61B7-4400-9DCE-C69577538F2B}.AppStore|iPhoneSimulator.Deploy.0 = Release|x86
		{C083ED77-61B7-4400-9DCE-C69577538F2B}.AppStore|x64.ActiveCfg = Release|x64
		{C083ED77-61B7-4400-9DCE-C69577538F2B}.AppStore|x64.Build.0 = Release|x64
		{C083ED77-61B7-4400-9DCE-C69577538F2B}.AppStore|x64.Deploy.0 = Release|x64
		{C083ED77-61B7-4400-9DCE-C69577538F2B}.AppStore|x86.ActiveCfg = Release|x86
		{C083ED77-61B7-4400-9DCE-C69577538F2B}.AppStore|x86.Build.0 = Release|x86
		{C083ED77-61B7-4400-9DCE-C69577538F2B}.AppStore|x86.Deploy.0 = Release|x86
		{C083ED77-61B7-4400-9DCE-C69577538F2B}.Debug|Any CPU.ActiveCfg = Debug|x86
		{C083ED77-61B7-4400-9DCE-C69577538F2B}.Debug|ARM.ActiveCfg = Debug|ARM
		{C083ED77-61B7-4400-9DCE-C69577538F2B}.Debug|ARM.Build.0 = Debug|ARM
		{C083ED77-61B7-4400-9DCE-C69577538F2B}.Debug|ARM.Deploy.0 = Debug|ARM
		{C083ED77-61B7-4400-9DCE-C69577538F2B}.Debug|iPhone.ActiveCfg = Debug|x86
		{C083ED77-61B7-4400-9DCE-C69577538F2B}.Debug|iPhoneSimulator.ActiveCfg = Debug|x86
		{C083ED77-61B7-4400-9DCE-C69577538F2B}.Debug|x64.ActiveCfg = Debug|x64
		{C083ED77-61B7-4400-9DCE-C69577538F2B}.Debug|x64.Build.0 = Debug|x64
		{C083ED77-61B7-4400-9DCE-C69577538F2B}.Debug|x64.Deploy.0 = Debug|x64
		{C083ED77-61B7-4400-9DCE-C69577538F2B}.Debug|x86.ActiveCfg = Debug|x86
		{C083ED77-61B7-4400-9DCE-C69577538F2B}.Debug|x86.Build.0 = Debug|x86
		{C083ED77-61B7-4400-9DCE-C69577538F2B}.Debug|x86.Deploy.0 = Debug|x86
		{C083ED77-61B7-4400-9DCE-C69577538F2B}.Release|Any CPU.ActiveCfg = Release|x86
		{C083ED77-61B7-4400-9DCE-C69577538F2B}.Release|ARM.ActiveCfg = Release|ARM
		{C083ED77-61B7-4400-9DCE-C69577538F2B}.Release|ARM.Build.0 = Release|ARM
		{C083ED77-61B7-4400-9DCE-C69577538F2B}.Release|ARM.Deploy.0 = Release|ARM
		{C083ED77-61B7-4400-9DCE-C69577538F2B}.Release|iPhone.ActiveCfg = Release|x86
		{C083ED77-61B7-4400-9DCE-C69577538F2B}.Release|iPhoneSimulator.ActiveCfg = Release|x86
		{C083ED77-61B7-4400-9DCE-C69577538F2B}.Release|x64.ActiveCfg = Release|x64
		{C083ED77-61B7-4400-9DCE-C69577538F2B}.Release|x64.Build.0 = Release|x64
		{C083ED77-61B7-4400-9DCE-C69577538F2B}.Release|x64.Deploy.0 = Release|x64
		{C083ED77-61B7-4400-9DCE-C69577538F2B}.Release|x86.ActiveCfg = Release|x86
		{C083ED77-61B7-4400-9DCE-C69577538F2B}.Release|x86.Build.0 = Release|x86
		{C083ED77-61B7-4400-9DCE-C69577538F2B}.Release|x86.Deploy.0 = Release|x86
		{0CB94790-311D-454E-AC1E-BAB8663EF92E}.Ad-Hoc|Any CPU.ActiveCfg = Ad-Hoc|iPhone
		{0CB94790-311D-454E-AC1E-BAB8663EF92E}.Ad-Hoc|ARM.ActiveCfg = Ad-Hoc|iPhone
		{0CB94790-311D-454E-AC1E-BAB8663EF92E}.Ad-Hoc|iPhone.ActiveCfg = Ad-Hoc|iPhone
		{0CB94790-311D-454E-AC1E-BAB8663EF92E}.Ad-Hoc|iPhone.Build.0 = Ad-Hoc|iPhone
		{0CB94790-311D-454E-AC1E-BAB8663EF92E}.Ad-Hoc|iPhoneSimulator.ActiveCfg = Ad-Hoc|iPhoneSimulator
		{0CB94790-311D-454E-AC1E-BAB8663EF92E}.Ad-Hoc|iPhoneSimulator.Build.0 = Ad-Hoc|iPhoneSimulator
		{0CB94790-311D-454E-AC1E-BAB8663EF92E}.Ad-Hoc|x64.ActiveCfg = Ad-Hoc|iPhone
		{0CB94790-311D-454E-AC1E-BAB8663EF92E}.Ad-Hoc|x86.ActiveCfg = Ad-Hoc|iPhone
		{0CB94790-311D-454E-AC1E-BAB8663EF92E}.AppStore|Any CPU.ActiveCfg = AppStore|iPhone
		{0CB94790-311D-454E-AC1E-BAB8663EF92E}.AppStore|ARM.ActiveCfg = AppStore|iPhone
		{0CB94790-311D-454E-AC1E-BAB8663EF92E}.AppStore|iPhone.ActiveCfg = AppStore|iPhone
		{0CB94790-311D-454E-AC1E-BAB8663EF92E}.AppStore|iPhone.Build.0 = AppStore|iPhone
		{0CB94790-311D-454E-AC1E-BAB8663EF92E}.AppStore|iPhoneSimulator.ActiveCfg = AppStore|iPhoneSimulator
		{0CB94790-311D-454E-AC1E-BAB8663EF92E}.AppStore|iPhoneSimulator.Build.0 = AppStore|iPhoneSimulator
		{0CB94790-311D-454E-AC1E-BAB8663EF92E}.AppStore|x64.ActiveCfg = AppStore|iPhone
		{0CB94790-311D-454E-AC1E-BAB8663EF92E}.AppStore|x86.ActiveCfg = AppStore|iPhone
		{0CB94790-311D-454E-AC1E-BAB8663EF92E}.Debug|Any CPU.ActiveCfg = Debug|iPhone
		{0CB94790-311D-454E-AC1E-BAB8663EF92E}.Debug|ARM.ActiveCfg = Debug|iPhone
		{0CB94790-311D-454E-AC1E-BAB8663EF92E}.Debug|iPhone.ActiveCfg = Debug|iPhone
		{0CB94790-311D-454E-AC1E-BAB8663EF92E}.Debug|iPhone.Build.0 = Debug|iPhone
		{0CB94790-311D-454E-AC1E-BAB8663EF92E}.Debug|iPhoneSimulator.ActiveCfg = Debug|iPhoneSimulator
		{0CB94790-311D-454E-AC1E-BAB8663EF92E}.Debug|iPhoneSimulator.Build.0 = Debug|iPhoneSimulator
		{0CB94790-311D-454E-AC1E-BAB8663EF92E}.Debug|x64.ActiveCfg = Debug|iPhone
		{0CB94790-311D-454E-AC1E-BAB8663EF92E}.Debug|x86.ActiveCfg = Debug|iPhone
		{0CB94790-311D-454E-AC1E-BAB8663EF92E}.Release|Any CPU.ActiveCfg = Release|iPhone
		{0CB94790-311D-454E-AC1E-BAB8663EF92E}.Release|ARM.ActiveCfg = Release|iPhone
		{0CB94790-311D-454E-AC1E-BAB8663EF92E}.Release|iPhone.ActiveCfg = Release|iPhone
		{0CB94790-311D-454E-AC1E-BAB8663EF92E}.Release|iPhone.Build.0 = Release|iPhone
		{0CB94790-311D-454E-AC1E-BAB8663EF92E}.Release|iPhoneSimulator.ActiveCfg = Release|iPhoneSimulator
		{0CB94790-311D-454E-AC1E-BAB8663EF92E}.Release|iPhoneSimulator.Build.0 = Release|iPhoneSimulator
		{0CB94790-311D-454E-AC1E-BAB8663EF92E}.Release|x64.ActiveCfg = Release|iPhone
		{0CB94790-311D-454E-AC1E-BAB8663EF92E}.Release|x86.ActiveCfg = Release|iPhone
	EndGlobalSection
	GlobalSection(SolutionProperties) = preSolution
		HideSolutionNode = FALSE
	EndGlobalSection
EndGlobal
