
Microsoft Visual Studio Solution File, Format Version 12.00
# Visual Studio 14
VisualStudioVersion = 14.0.25420.1
MinimumVisualStudioVersion = 10.0.40219.1
Project("{FAE04EC0-301F-11D3-BF4B-00C04F79EFBC}") = "XamarinFormsLicao1", "XamarinFormsLicao1\XamarinFormsLicao1\XamarinFormsLicao1.csproj", "{1862C6AC-BEE3-4D1C-8F23-9612A6B28121}"
EndProject
Project("{FAE04EC0-301F-11D3-BF4B-00C04F79EFBC}") = "XamarinFormsLicao1.Droid", "XamarinFormsLicao1\XamarinFormsLicao1.Droid\XamarinFormsLicao1.Droid.csproj", "{7D626F1D-AB8F-499E-8DE6-8B8F296BB89F}"
EndProject
Project("{FAE04EC0-301F-11D3-BF4B-00C04F79EFBC}") = "XamarinFormsLicao1.iOS", "XamarinFormsLicao1\XamarinFormsLicao1.iOS\XamarinFormsLicao1.iOS.csproj", "{9B58C1C4-2ED9-4880-85A1-50DF8EEBD3C9}"
EndProject
Project("{FAE04EC0-301F-11D3-BF4B-00C04F79EFBC}") = "XamarinFormsLicao1.WinPhone", "XamarinFormsLicao1\XamarinFormsLicao1.WinPhone\XamarinFormsLicao1.WinPhone.csproj", "{47435431-6D99-4E9C-B2F5-370D9DE1383C}"
EndProject
Project("{FAE04EC0-301F-11D3-BF4B-00C04F79EFBC}") = "XamarinFormsLicao1.UWP", "XamarinFormsLicao1\XamarinFormsLicao1.UWP\XamarinFormsLicao1.UWP.csproj", "{DA0CAF4D-B851-42BA-AF64-81E6C9E83F62}"
EndProject
Project("{FAE04EC0-301F-11D3-BF4B-00C04F79EFBC}") = "XamarinFormsLicao1.Windows", "XamarinFormsLicao1\XamarinFormsLicao1.Windows\XamarinFormsLicao1.Windows.csproj", "{1FDF4168-DFD0-4766-B91E-B38F04CF0623}"
EndProject
Global
	GlobalSection(SolutionConfigurationPlatforms) = preSolution
		Ad-Hoc|Any CPU = Ad-Hoc|Any CPU
		Ad-Hoc|ARM = Ad-Hoc|ARM
		Ad-Hoc|iPhone = Ad-Hoc|iPhone
		Ad-Hoc|iPhoneSimulator = Ad-Hoc|iPhoneSimulator
		Ad-Hoc|x64 = Ad-Hoc|x64
		Ad-Hoc|x86 = Ad-Hoc|x86
		AppStore|Any CPU = AppStore|Any CPU
		AppStore|ARM = AppStore|ARM
		AppStore|iPhone = AppStore|iPhone
		AppStore|iPhoneSimulator = AppStore|iPhoneSimulator
		AppStore|x64 = AppStore|x64
		AppStore|x86 = AppStore|x86
		Debug|Any CPU = Debug|Any CPU
		Debug|ARM = Debug|ARM
		Debug|iPhone = Debug|iPhone
		Debug|iPhoneSimulator = Debug|iPhoneSimulator
		Debug|x64 = Debug|x64
		Debug|x86 = Debug|x86
		Release|Any CPU = Release|Any CPU
		Release|ARM = Release|ARM
		Release|iPhone = Release|iPhone
		Release|iPhoneSimulator = Release|iPhoneSimulator
		Release|x64 = Release|x64
		Release|x86 = Release|x86
	EndGlobalSection
	GlobalSection(ProjectConfigurationPlatforms) = postSolution
		{1862C6AC-BEE3-4D1C-8F23-9612A6B28121}.Ad-Hoc|Any CPU.ActiveCfg = Release|Any CPU
		{1862C6AC-BEE3-4D1C-8F23-9612A6B28121}.Ad-Hoc|Any CPU.Build.0 = Release|Any CPU
		{1862C6AC-BEE3-4D1C-8F23-9612A6B28121}.Ad-Hoc|ARM.ActiveCfg = Release|Any CPU
		{1862C6AC-BEE3-4D1C-8F23-9612A6B28121}.Ad-Hoc|ARM.Build.0 = Release|Any CPU
		{1862C6AC-BEE3-4D1C-8F23-9612A6B28121}.Ad-Hoc|iPhone.ActiveCfg = Release|Any CPU
		{1862C6AC-BEE3-4D1C-8F23-9612A6B28121}.Ad-Hoc|iPhone.Build.0 = Release|Any CPU
		{1862C6AC-BEE3-4D1C-8F23-9612A6B28121}.Ad-Hoc|iPhoneSimulator.ActiveCfg = Release|Any CPU
		{1862C6AC-BEE3-4D1C-8F23-9612A6B28121}.Ad-Hoc|iPhoneSimulator.Build.0 = Release|Any CPU
		{1862C6AC-BEE3-4D1C-8F23-9612A6B28121}.Ad-Hoc|x64.ActiveCfg = Release|Any CPU
		{1862C6AC-BEE3-4D1C-8F23-9612A6B28121}.Ad-Hoc|x64.Build.0 = Release|Any CPU
		{1862C6AC-BEE3-4D1C-8F23-9612A6B28121}.Ad-Hoc|x86.ActiveCfg = Release|Any CPU
		{1862C6AC-BEE3-4D1C-8F23-9612A6B28121}.Ad-Hoc|x86.Build.0 = Release|Any CPU
		{1862C6AC-BEE3-4D1C-8F23-9612A6B28121}.AppStore|Any CPU.ActiveCfg = Release|Any CPU
		{1862C6AC-BEE3-4D1C-8F23-9612A6B28121}.AppStore|Any CPU.Build.0 = Release|Any CPU
		{1862C6AC-BEE3-4D1C-8F23-9612A6B28121}.AppStore|ARM.ActiveCfg = Release|Any CPU
		{1862C6AC-BEE3-4D1C-8F23-9612A6B28121}.AppStore|ARM.Build.0 = Release|Any CPU
		{1862C6AC-BEE3-4D1C-8F23-9612A6B28121}.AppStore|iPhone.ActiveCfg = Release|Any CPU
		{1862C6AC-BEE3-4D1C-8F23-9612A6B28121}.AppStore|iPhone.Build.0 = Release|Any CPU
		{1862C6AC-BEE3-4D1C-8F23-9612A6B28121}.AppStore|iPhoneSimulator.ActiveCfg = Release|Any CPU
		{1862C6AC-BEE3-4D1C-8F23-9612A6B28121}.AppStore|iPhoneSimulator.Build.0 = Release|Any CPU
		{1862C6AC-BEE3-4D1C-8F23-9612A6B28121}.AppStore|x64.ActiveCfg = Release|Any CPU
		{1862C6AC-BEE3-4D1C-8F23-9612A6B28121}.AppStore|x64.Build.0 = Release|Any CPU
		{1862C6AC-BEE3-4D1C-8F23-9612A6B28121}.AppStore|x86.ActiveCfg = Release|Any CPU
		{1862C6AC-BEE3-4D1C-8F23-9612A6B28121}.AppStore|x86.Build.0 = Release|Any CPU
		{1862C6AC-BEE3-4D1C-8F23-9612A6B28121}.Debug|Any CPU.ActiveCfg = Debug|Any CPU
		{1862C6AC-BEE3-4D1C-8F23-9612A6B28121}.Debug|Any CPU.Build.0 = Debug|Any CPU
		{1862C6AC-BEE3-4D1C-8F23-9612A6B28121}.Debug|ARM.ActiveCfg = Debug|Any CPU
		{1862C6AC-BEE3-4D1C-8F23-9612A6B28121}.Debug|ARM.Build.0 = Debug|Any CPU
		{1862C6AC-BEE3-4D1C-8F23-9612A6B28121}.Debug|iPhone.ActiveCfg = Debug|Any CPU
		{1862C6AC-BEE3-4D1C-8F23-9612A6B28121}.Debug|iPhone.Build.0 = Debug|Any CPU
		{1862C6AC-BEE3-4D1C-8F23-9612A6B28121}.Debug|iPhoneSimulator.ActiveCfg = Debug|Any CPU
		{1862C6AC-BEE3-4D1C-8F23-9612A6B28121}.Debug|iPhoneSimulator.Build.0 = Debug|Any CPU
		{1862C6AC-BEE3-4D1C-8F23-9612A6B28121}.Debug|x64.ActiveCfg = Debug|Any CPU
		{1862C6AC-BEE3-4D1C-8F23-9612A6B28121}.Debug|x64.Build.0 = Debug|Any CPU
		{1862C6AC-BEE3-4D1C-8F23-9612A6B28121}.Debug|x86.ActiveCfg = Debug|Any CPU
		{1862C6AC-BEE3-4D1C-8F23-9612A6B28121}.Debug|x86.Build.0 = Debug|Any CPU
		{1862C6AC-BEE3-4D1C-8F23-9612A6B28121}.Release|Any CPU.ActiveCfg = Release|Any CPU
		{1862C6AC-BEE3-4D1C-8F23-9612A6B28121}.Release|Any CPU.Build.0 = Release|Any CPU
		{1862C6AC-BEE3-4D1C-8F23-9612A6B28121}.Release|ARM.ActiveCfg = Release|Any CPU
		{1862C6AC-BEE3-4D1C-8F23-9612A6B28121}.Release|ARM.Build.0 = Release|Any CPU
		{1862C6AC-BEE3-4D1C-8F23-9612A6B28121}.Release|iPhone.ActiveCfg = Release|Any CPU
		{1862C6AC-BEE3-4D1C-8F23-9612A6B28121}.Release|iPhone.Build.0 = Release|Any CPU
		{1862C6AC-BEE3-4D1C-8F23-9612A6B28121}.Release|iPhoneSimulator.ActiveCfg = Release|Any CPU
		{1862C6AC-BEE3-4D1C-8F23-9612A6B28121}.Release|iPhoneSimulator.Build.0 = Release|Any CPU
		{1862C6AC-BEE3-4D1C-8F23-9612A6B28121}.Release|x64.ActiveCfg = Release|Any CPU
		{1862C6AC-BEE3-4D1C-8F23-9612A6B28121}.Release|x64.Build.0 = Release|Any CPU
		{1862C6AC-BEE3-4D1C-8F23-9612A6B28121}.Release|x86.ActiveCfg = Release|Any CPU
		{1862C6AC-BEE3-4D1C-8F23-9612A6B28121}.Release|x86.Build.0 = Release|Any CPU
		{7D626F1D-AB8F-499E-8DE6-8B8F296BB89F}.Ad-Hoc|Any CPU.ActiveCfg = Release|Any CPU
		{7D626F1D-AB8F-499E-8DE6-8B8F296BB89F}.Ad-Hoc|Any CPU.Build.0 = Release|Any CPU
		{7D626F1D-AB8F-499E-8DE6-8B8F296BB89F}.Ad-Hoc|Any CPU.Deploy.0 = Release|Any CPU
		{7D626F1D-AB8F-499E-8DE6-8B8F296BB89F}.Ad-Hoc|ARM.ActiveCfg = Release|Any CPU
		{7D626F1D-AB8F-499E-8DE6-8B8F296BB89F}.Ad-Hoc|ARM.Build.0 = Release|Any CPU
		{7D626F1D-AB8F-499E-8DE6-8B8F296BB89F}.Ad-Hoc|ARM.Deploy.0 = Release|Any CPU
		{7D626F1D-AB8F-499E-8DE6-8B8F296BB89F}.Ad-Hoc|iPhone.ActiveCfg = Release|Any CPU
		{7D626F1D-AB8F-499E-8DE6-8B8F296BB89F}.Ad-Hoc|iPhone.Build.0 = Release|Any CPU
		{7D626F1D-AB8F-499E-8DE6-8B8F296BB89F}.Ad-Hoc|iPhone.Deploy.0 = Release|Any CPU
		{7D626F1D-AB8F-499E-8DE6-8B8F296BB89F}.Ad-Hoc|iPhoneSimulator.ActiveCfg = Release|Any CPU
		{7D626F1D-AB8F-499E-8DE6-8B8F296BB89F}.Ad-Hoc|iPhoneSimulator.Build.0 = Release|Any CPU
		{7D626F1D-AB8F-499E-8DE6-8B8F296BB89F}.Ad-Hoc|iPhoneSimulator.Deploy.0 = Release|Any CPU
		{7D626F1D-AB8F-499E-8DE6-8B8F296BB89F}.Ad-Hoc|x64.ActiveCfg = Release|Any CPU
		{7D626F1D-AB8F-499E-8DE6-8B8F296BB89F}.Ad-Hoc|x64.Build.0 = Release|Any CPU
		{7D626F1D-AB8F-499E-8DE6-8B8F296BB89F}.Ad-Hoc|x64.Deploy.0 = Release|Any CPU
		{7D626F1D-AB8F-499E-8DE6-8B8F296BB89F}.Ad-Hoc|x86.ActiveCfg = Release|Any CPU
		{7D626F1D-AB8F-499E-8DE6-8B8F296BB89F}.Ad-Hoc|x86.Build.0 = Release|Any CPU
		{7D626F1D-AB8F-499E-8DE6-8B8F296BB89F}.Ad-Hoc|x86.Deploy.0 = Release|Any CPU
		{7D626F1D-AB8F-499E-8DE6-8B8F296BB89F}.AppStore|Any CPU.ActiveCfg = Release|Any CPU
		{7D626F1D-AB8F-499E-8DE6-8B8F296BB89F}.AppStore|Any CPU.Build.0 = Release|Any CPU
		{7D626F1D-AB8F-499E-8DE6-8B8F296BB89F}.AppStore|Any CPU.Deploy.0 = Release|Any CPU
		{7D626F1D-AB8F-499E-8DE6-8B8F296BB89F}.AppStore|ARM.ActiveCfg = Release|Any CPU
		{7D626F1D-AB8F-499E-8DE6-8B8F296BB89F}.AppStore|ARM.Build.0 = Release|Any CPU
		{7D626F1D-AB8F-499E-8DE6-8B8F296BB89F}.AppStore|ARM.Deploy.0 = Release|Any CPU
		{7D626F1D-AB8F-499E-8DE6-8B8F296BB89F}.AppStore|iPhone.ActiveCfg = Release|Any CPU
		{7D626F1D-AB8F-499E-8DE6-8B8F296BB89F}.AppStore|iPhone.Build.0 = Release|Any CPU
		{7D626F1D-AB8F-499E-8DE6-8B8F296BB89F}.AppStore|iPhone.Deploy.0 = Release|Any CPU
		{7D626F1D-AB8F-499E-8DE6-8B8F296BB89F}.AppStore|iPhoneSimulator.ActiveCfg = Release|Any CPU
		{7D626F1D-AB8F-499E-8DE6-8B8F296BB89F}.AppStore|iPhoneSimulator.Build.0 = Release|Any CPU
		{7D626F1D-AB8F-499E-8DE6-8B8F296BB89F}.AppStore|iPhoneSimulator.Deploy.0 = Release|Any CPU
		{7D626F1D-AB8F-499E-8DE6-8B8F296BB89F}.AppStore|x64.ActiveCfg = Release|Any CPU
		{7D626F1D-AB8F-499E-8DE6-8B8F296BB89F}.AppStore|x64.Build.0 = Release|Any CPU
		{7D626F1D-AB8F-499E-8DE6-8B8F296BB89F}.AppStore|x64.Deploy.0 = Release|Any CPU
		{7D626F1D-AB8F-499E-8DE6-8B8F296BB89F}.AppStore|x86.ActiveCfg = Release|Any CPU
		{7D626F1D-AB8F-499E-8DE6-8B8F296BB89F}.AppStore|x86.Build.0 = Release|Any CPU
		{7D626F1D-AB8F-499E-8DE6-8B8F296BB89F}.AppStore|x86.Deploy.0 = Release|Any CPU
		{7D626F1D-AB8F-499E-8DE6-8B8F296BB89F}.Debug|Any CPU.ActiveCfg = Debug|Any CPU
		{7D626F1D-AB8F-499E-8DE6-8B8F296BB89F}.Debug|Any CPU.Build.0 = Debug|Any CPU
		{7D626F1D-AB8F-499E-8DE6-8B8F296BB89F}.Debug|Any CPU.Deploy.0 = Debug|Any CPU
		{7D626F1D-AB8F-499E-8DE6-8B8F296BB89F}.Debug|ARM.ActiveCfg = Debug|Any CPU
		{7D626F1D-AB8F-499E-8DE6-8B8F296BB89F}.Debug|ARM.Build.0 = Debug|Any CPU
		{7D626F1D-AB8F-499E-8DE6-8B8F296BB89F}.Debug|ARM.Deploy.0 = Debug|Any CPU
		{7D626F1D-AB8F-499E-8DE6-8B8F296BB89F}.Debug|iPhone.ActiveCfg = Debug|Any CPU
		{7D626F1D-AB8F-499E-8DE6-8B8F296BB89F}.Debug|iPhone.Build.0 = Debug|Any CPU
		{7D626F1D-AB8F-499E-8DE6-8B8F296BB89F}.Debug|iPhone.Deploy.0 = Debug|Any CPU
		{7D626F1D-AB8F-499E-8DE6-8B8F296BB89F}.Debug|iPhoneSimulator.ActiveCfg = Debug|Any CPU
		{7D626F1D-AB8F-499E-8DE6-8B8F296BB89F}.Debug|iPhoneSimulator.Build.0 = Debug|Any CPU
		{7D626F1D-AB8F-499E-8DE6-8B8F296BB89F}.Debug|iPhoneSimulator.Deploy.0 = Debug|Any CPU
		{7D626F1D-AB8F-499E-8DE6-8B8F296BB89F}.Debug|x64.ActiveCfg = Debug|Any CPU
		{7D626F1D-AB8F-499E-8DE6-8B8F296BB89F}.Debug|x64.Build.0 = Debug|Any CPU
		{7D626F1D-AB8F-499E-8DE6-8B8F296BB89F}.Debug|x64.Deploy.0 = Debug|Any CPU
		{7D626F1D-AB8F-499E-8DE6-8B8F296BB89F}.Debug|x86.ActiveCfg = Debug|Any CPU
		{7D626F1D-AB8F-499E-8DE6-8B8F296BB89F}.Debug|x86.Build.0 = Debug|Any CPU
		{7D626F1D-AB8F-499E-8DE6-8B8F296BB89F}.Debug|x86.Deploy.0 = Debug|Any CPU
		{7D626F1D-AB8F-499E-8DE6-8B8F296BB89F}.Release|Any CPU.ActiveCfg = Release|Any CPU
		{7D626F1D-AB8F-499E-8DE6-8B8F296BB89F}.Release|Any CPU.Build.0 = Release|Any CPU
		{7D626F1D-AB8F-499E-8DE6-8B8F296BB89F}.Release|Any CPU.Deploy.0 = Release|Any CPU
		{7D626F1D-AB8F-499E-8DE6-8B8F296BB89F}.Release|ARM.ActiveCfg = Release|Any CPU
		{7D626F1D-AB8F-499E-8DE6-8B8F296BB89F}.Release|ARM.Build.0 = Release|Any CPU
		{7D626F1D-AB8F-499E-8DE6-8B8F296BB89F}.Release|ARM.Deploy.0 = Release|Any CPU
		{7D626F1D-AB8F-499E-8DE6-8B8F296BB89F}.Release|iPhone.ActiveCfg = Release|Any CPU
		{7D626F1D-AB8F-499E-8DE6-8B8F296BB89F}.Release|iPhone.Build.0 = Release|Any CPU
		{7D626F1D-AB8F-499E-8DE6-8B8F296BB89F}.Release|iPhone.Deploy.0 = Release|Any CPU
		{7D626F1D-AB8F-499E-8DE6-8B8F296BB89F}.Release|iPhoneSimulator.ActiveCfg = Release|Any CPU
		{7D626F1D-AB8F-499E-8DE6-8B8F296BB89F}.Release|iPhoneSimulator.Build.0 = Release|Any CPU
		{7D626F1D-AB8F-499E-8DE6-8B8F296BB89F}.Release|iPhoneSimulator.Deploy.0 = Release|Any CPU
		{7D626F1D-AB8F-499E-8DE6-8B8F296BB89F}.Release|x64.ActiveCfg = Release|Any CPU
		{7D626F1D-AB8F-499E-8DE6-8B8F296BB89F}.Release|x64.Build.0 = Release|Any CPU
		{7D626F1D-AB8F-499E-8DE6-8B8F296BB89F}.Release|x64.Deploy.0 = Release|Any CPU
		{7D626F1D-AB8F-499E-8DE6-8B8F296BB89F}.Release|x86.ActiveCfg = Release|Any CPU
		{7D626F1D-AB8F-499E-8DE6-8B8F296BB89F}.Release|x86.Build.0 = Release|Any CPU
		{7D626F1D-AB8F-499E-8DE6-8B8F296BB89F}.Release|x86.Deploy.0 = Release|Any CPU
		{9B58C1C4-2ED9-4880-85A1-50DF8EEBD3C9}.Ad-Hoc|Any CPU.ActiveCfg = Ad-Hoc|iPhone
		{9B58C1C4-2ED9-4880-85A1-50DF8EEBD3C9}.Ad-Hoc|ARM.ActiveCfg = Ad-Hoc|iPhone
		{9B58C1C4-2ED9-4880-85A1-50DF8EEBD3C9}.Ad-Hoc|iPhone.ActiveCfg = Ad-Hoc|iPhone
		{9B58C1C4-2ED9-4880-85A1-50DF8EEBD3C9}.Ad-Hoc|iPhone.Build.0 = Ad-Hoc|iPhone
		{9B58C1C4-2ED9-4880-85A1-50DF8EEBD3C9}.Ad-Hoc|iPhoneSimulator.ActiveCfg = Ad-Hoc|iPhoneSimulator
		{9B58C1C4-2ED9-4880-85A1-50DF8EEBD3C9}.Ad-Hoc|iPhoneSimulator.Build.0 = Ad-Hoc|iPhoneSimulator
		{9B58C1C4-2ED9-4880-85A1-50DF8EEBD3C9}.Ad-Hoc|x64.ActiveCfg = Ad-Hoc|iPhone
		{9B58C1C4-2ED9-4880-85A1-50DF8EEBD3C9}.Ad-Hoc|x86.ActiveCfg = Ad-Hoc|iPhone
		{9B58C1C4-2ED9-4880-85A1-50DF8EEBD3C9}.AppStore|Any CPU.ActiveCfg = AppStore|iPhone
		{9B58C1C4-2ED9-4880-85A1-50DF8EEBD3C9}.AppStore|ARM.ActiveCfg = AppStore|iPhone
		{9B58C1C4-2ED9-4880-85A1-50DF8EEBD3C9}.AppStore|iPhone.ActiveCfg = AppStore|iPhone
		{9B58C1C4-2ED9-4880-85A1-50DF8EEBD3C9}.AppStore|iPhone.Build.0 = AppStore|iPhone
		{9B58C1C4-2ED9-4880-85A1-50DF8EEBD3C9}.AppStore|iPhoneSimulator.ActiveCfg = AppStore|iPhoneSimulator
		{9B58C1C4-2ED9-4880-85A1-50DF8EEBD3C9}.AppStore|iPhoneSimulator.Build.0 = AppStore|iPhoneSimulator
		{9B58C1C4-2ED9-4880-85A1-50DF8EEBD3C9}.AppStore|x64.ActiveCfg = AppStore|iPhone
		{9B58C1C4-2ED9-4880-85A1-50DF8EEBD3C9}.AppStore|x86.ActiveCfg = AppStore|iPhone
		{9B58C1C4-2ED9-4880-85A1-50DF8EEBD3C9}.Debug|Any CPU.ActiveCfg = Debug|iPhone
		{9B58C1C4-2ED9-4880-85A1-50DF8EEBD3C9}.Debug|ARM.ActiveCfg = Debug|iPhone
		{9B58C1C4-2ED9-4880-85A1-50DF8EEBD3C9}.Debug|iPhone.ActiveCfg = Debug|iPhone
		{9B58C1C4-2ED9-4880-85A1-50DF8EEBD3C9}.Debug|iPhone.Build.0 = Debug|iPhone
		{9B58C1C4-2ED9-4880-85A1-50DF8EEBD3C9}.Debug|iPhoneSimulator.ActiveCfg = Debug|iPhoneSimulator
		{9B58C1C4-2ED9-4880-85A1-50DF8EEBD3C9}.Debug|iPhoneSimulator.Build.0 = Debug|iPhoneSimulator
		{9B58C1C4-2ED9-4880-85A1-50DF8EEBD3C9}.Debug|x64.ActiveCfg = Debug|iPhone
		{9B58C1C4-2ED9-4880-85A1-50DF8EEBD3C9}.Debug|x86.ActiveCfg = Debug|iPhone
		{9B58C1C4-2ED9-4880-85A1-50DF8EEBD3C9}.Release|Any CPU.ActiveCfg = Release|iPhone
		{9B58C1C4-2ED9-4880-85A1-50DF8EEBD3C9}.Release|ARM.ActiveCfg = Release|iPhone
		{9B58C1C4-2ED9-4880-85A1-50DF8EEBD3C9}.Release|iPhone.ActiveCfg = Release|iPhone
		{9B58C1C4-2ED9-4880-85A1-50DF8EEBD3C9}.Release|iPhone.Build.0 = Release|iPhone
		{9B58C1C4-2ED9-4880-85A1-50DF8EEBD3C9}.Release|iPhoneSimulator.ActiveCfg = Release|iPhoneSimulator
		{9B58C1C4-2ED9-4880-85A1-50DF8EEBD3C9}.Release|iPhoneSimulator.Build.0 = Release|iPhoneSimulator
		{9B58C1C4-2ED9-4880-85A1-50DF8EEBD3C9}.Release|x64.ActiveCfg = Release|iPhone
		{9B58C1C4-2ED9-4880-85A1-50DF8EEBD3C9}.Release|x86.ActiveCfg = Release|iPhone
		{47435431-6D99-4E9C-B2F5-370D9DE1383C}.Ad-Hoc|Any CPU.ActiveCfg = Release|Any CPU
		{47435431-6D99-4E9C-B2F5-370D9DE1383C}.Ad-Hoc|Any CPU.Build.0 = Release|Any CPU
		{47435431-6D99-4E9C-B2F5-370D9DE1383C}.Ad-Hoc|Any CPU.Deploy.0 = Release|Any CPU
		{47435431-6D99-4E9C-B2F5-370D9DE1383C}.Ad-Hoc|ARM.ActiveCfg = Release|ARM
		{47435431-6D99-4E9C-B2F5-370D9DE1383C}.Ad-Hoc|ARM.Build.0 = Release|ARM
		{47435431-6D99-4E9C-B2F5-370D9DE1383C}.Ad-Hoc|ARM.Deploy.0 = Release|ARM
		{47435431-6D99-4E9C-B2F5-370D9DE1383C}.Ad-Hoc|iPhone.ActiveCfg = Release|Any CPU
		{47435431-6D99-4E9C-B2F5-370D9DE1383C}.Ad-Hoc|iPhone.Build.0 = Release|Any CPU
		{47435431-6D99-4E9C-B2F5-370D9DE1383C}.Ad-Hoc|iPhone.Deploy.0 = Release|Any CPU
		{47435431-6D99-4E9C-B2F5-370D9DE1383C}.Ad-Hoc|iPhoneSimulator.ActiveCfg = Release|Any CPU
		{47435431-6D99-4E9C-B2F5-370D9DE1383C}.Ad-Hoc|iPhoneSimulator.Build.0 = Release|Any CPU
		{47435431-6D99-4E9C-B2F5-370D9DE1383C}.Ad-Hoc|iPhoneSimulator.Deploy.0 = Release|Any CPU
		{47435431-6D99-4E9C-B2F5-370D9DE1383C}.Ad-Hoc|x64.ActiveCfg = Release|Any CPU
		{47435431-6D99-4E9C-B2F5-370D9DE1383C}.Ad-Hoc|x64.Build.0 = Release|Any CPU
		{47435431-6D99-4E9C-B2F5-370D9DE1383C}.Ad-Hoc|x64.Deploy.0 = Release|Any CPU
		{47435431-6D99-4E9C-B2F5-370D9DE1383C}.Ad-Hoc|x86.ActiveCfg = Release|x86
		{47435431-6D99-4E9C-B2F5-370D9DE1383C}.Ad-Hoc|x86.Build.0 = Release|x86
		{47435431-6D99-4E9C-B2F5-370D9DE1383C}.Ad-Hoc|x86.Deploy.0 = Release|x86
		{47435431-6D99-4E9C-B2F5-370D9DE1383C}.AppStore|Any CPU.ActiveCfg = Release|Any CPU
		{47435431-6D99-4E9C-B2F5-370D9DE1383C}.AppStore|Any CPU.Build.0 = Release|Any CPU
		{47435431-6D99-4E9C-B2F5-370D9DE1383C}.AppStore|Any CPU.Deploy.0 = Release|Any CPU
		{47435431-6D99-4E9C-B2F5-370D9DE1383C}.AppStore|ARM.ActiveCfg = Release|ARM
		{47435431-6D99-4E9C-B2F5-370D9DE1383C}.AppStore|ARM.Build.0 = Release|ARM
		{47435431-6D99-4E9C-B2F5-370D9DE1383C}.AppStore|ARM.Deploy.0 = Release|ARM
		{47435431-6D99-4E9C-B2F5-370D9DE1383C}.AppStore|iPhone.ActiveCfg = Release|Any CPU
		{47435431-6D99-4E9C-B2F5-370D9DE1383C}.AppStore|iPhone.Build.0 = Release|Any CPU
		{47435431-6D99-4E9C-B2F5-370D9DE1383C}.AppStore|iPhone.Deploy.0 = Release|Any CPU
		{47435431-6D99-4E9C-B2F5-370D9DE1383C}.AppStore|iPhoneSimulator.ActiveCfg = Release|Any CPU
		{47435431-6D99-4E9C-B2F5-370D9DE1383C}.AppStore|iPhoneSimulator.Build.0 = Release|Any CPU
		{47435431-6D99-4E9C-B2F5-370D9DE1383C}.AppStore|iPhoneSimulator.Deploy.0 = Release|Any CPU
		{47435431-6D99-4E9C-B2F5-370D9DE1383C}.AppStore|x64.ActiveCfg = Release|Any CPU
		{47435431-6D99-4E9C-B2F5-370D9DE1383C}.AppStore|x64.Build.0 = Release|Any CPU
		{47435431-6D99-4E9C-B2F5-370D9DE1383C}.AppStore|x64.Deploy.0 = Release|Any CPU
		{47435431-6D99-4E9C-B2F5-370D9DE1383C}.AppStore|x86.ActiveCfg = Release|x86
		{47435431-6D99-4E9C-B2F5-370D9DE1383C}.AppStore|x86.Build.0 = Release|x86
		{47435431-6D99-4E9C-B2F5-370D9DE1383C}.AppStore|x86.Deploy.0 = Release|x86
		{47435431-6D99-4E9C-B2F5-370D9DE1383C}.Debug|Any CPU.ActiveCfg = Debug|Any CPU
		{47435431-6D99-4E9C-B2F5-370D9DE1383C}.Debug|Any CPU.Build.0 = Debug|Any CPU
		{47435431-6D99-4E9C-B2F5-370D9DE1383C}.Debug|Any CPU.Deploy.0 = Debug|Any CPU
		{47435431-6D99-4E9C-B2F5-370D9DE1383C}.Debug|ARM.ActiveCfg = Debug|ARM
		{47435431-6D99-4E9C-B2F5-370D9DE1383C}.Debug|ARM.Build.0 = Debug|ARM
		{47435431-6D99-4E9C-B2F5-370D9DE1383C}.Debug|ARM.Deploy.0 = Debug|ARM
		{47435431-6D99-4E9C-B2F5-370D9DE1383C}.Debug|iPhone.ActiveCfg = Debug|Any CPU
		{47435431-6D99-4E9C-B2F5-370D9DE1383C}.Debug|iPhone.Build.0 = Debug|Any CPU
		{47435431-6D99-4E9C-B2F5-370D9DE1383C}.Debug|iPhone.Deploy.0 = Debug|Any CPU
		{47435431-6D99-4E9C-B2F5-370D9DE1383C}.Debug|iPhoneSimulator.ActiveCfg = Debug|Any CPU
		{47435431-6D99-4E9C-B2F5-370D9DE1383C}.Debug|iPhoneSimulator.Build.0 = Debug|Any CPU
		{47435431-6D99-4E9C-B2F5-370D9DE1383C}.Debug|iPhoneSimulator.Deploy.0 = Debug|Any CPU
		{47435431-6D99-4E9C-B2F5-370D9DE1383C}.Debug|x64.ActiveCfg = Debug|Any CPU
		{47435431-6D99-4E9C-B2F5-370D9DE1383C}.Debug|x64.Build.0 = Debug|Any CPU
		{47435431-6D99-4E9C-B2F5-370D9DE1383C}.Debug|x64.Deploy.0 = Debug|Any CPU
		{47435431-6D99-4E9C-B2F5-370D9DE1383C}.Debug|x86.ActiveCfg = Debug|x86
		{47435431-6D99-4E9C-B2F5-370D9DE1383C}.Debug|x86.Build.0 = Debug|x86
		{47435431-6D99-4E9C-B2F5-370D9DE1383C}.Debug|x86.Deploy.0 = Debug|x86
		{47435431-6D99-4E9C-B2F5-370D9DE1383C}.Release|Any CPU.ActiveCfg = Release|Any CPU
		{47435431-6D99-4E9C-B2F5-370D9DE1383C}.Release|Any CPU.Build.0 = Release|Any CPU
		{47435431-6D99-4E9C-B2F5-370D9DE1383C}.Release|Any CPU.Deploy.0 = Release|Any CPU
		{47435431-6D99-4E9C-B2F5-370D9DE1383C}.Release|ARM.ActiveCfg = Release|ARM
		{47435431-6D99-4E9C-B2F5-370D9DE1383C}.Release|ARM.Build.0 = Release|ARM
		{47435431-6D99-4E9C-B2F5-370D9DE1383C}.Release|ARM.Deploy.0 = Release|ARM
		{47435431-6D99-4E9C-B2F5-370D9DE1383C}.Release|iPhone.ActiveCfg = Release|Any CPU
		{47435431-6D99-4E9C-B2F5-370D9DE1383C}.Release|iPhone.Build.0 = Release|Any CPU
		{47435431-6D99-4E9C-B2F5-370D9DE1383C}.Release|iPhone.Deploy.0 = Release|Any CPU
		{47435431-6D99-4E9C-B2F5-370D9DE1383C}.Release|iPhoneSimulator.ActiveCfg = Release|Any CPU
		{47435431-6D99-4E9C-B2F5-370D9DE1383C}.Release|iPhoneSimulator.Build.0 = Release|Any CPU
		{47435431-6D99-4E9C-B2F5-370D9DE1383C}.Release|iPhoneSimulator.Deploy.0 = Release|Any CPU
		{47435431-6D99-4E9C-B2F5-370D9DE1383C}.Release|x64.ActiveCfg = Release|Any CPU
		{47435431-6D99-4E9C-B2F5-370D9DE1383C}.Release|x64.Build.0 = Release|Any CPU
		{47435431-6D99-4E9C-B2F5-370D9DE1383C}.Release|x64.Deploy.0 = Release|Any CPU
		{47435431-6D99-4E9C-B2F5-370D9DE1383C}.Release|x86.ActiveCfg = Release|x86
		{47435431-6D99-4E9C-B2F5-370D9DE1383C}.Release|x86.Build.0 = Release|x86
		{47435431-6D99-4E9C-B2F5-370D9DE1383C}.Release|x86.Deploy.0 = Release|x86
		{DA0CAF4D-B851-42BA-AF64-81E6C9E83F62}.Ad-Hoc|Any CPU.ActiveCfg = Release|x86
		{DA0CAF4D-B851-42BA-AF64-81E6C9E83F62}.Ad-Hoc|Any CPU.Build.0 = Release|x86
		{DA0CAF4D-B851-42BA-AF64-81E6C9E83F62}.Ad-Hoc|Any CPU.Deploy.0 = Release|x86
		{DA0CAF4D-B851-42BA-AF64-81E6C9E83F62}.Ad-Hoc|ARM.ActiveCfg = Release|ARM
		{DA0CAF4D-B851-42BA-AF64-81E6C9E83F62}.Ad-Hoc|ARM.Build.0 = Release|ARM
		{DA0CAF4D-B851-42BA-AF64-81E6C9E83F62}.Ad-Hoc|ARM.Deploy.0 = Release|ARM
		{DA0CAF4D-B851-42BA-AF64-81E6C9E83F62}.Ad-Hoc|iPhone.ActiveCfg = Release|x86
		{DA0CAF4D-B851-42BA-AF64-81E6C9E83F62}.Ad-Hoc|iPhone.Build.0 = Release|x86
		{DA0CAF4D-B851-42BA-AF64-81E6C9E83F62}.Ad-Hoc|iPhone.Deploy.0 = Release|x86
		{DA0CAF4D-B851-42BA-AF64-81E6C9E83F62}.Ad-Hoc|iPhoneSimulator.ActiveCfg = Release|x86
		{DA0CAF4D-B851-42BA-AF64-81E6C9E83F62}.Ad-Hoc|iPhoneSimulator.Build.0 = Release|x86
		{DA0CAF4D-B851-42BA-AF64-81E6C9E83F62}.Ad-Hoc|iPhoneSimulator.Deploy.0 = Release|x86
		{DA0CAF4D-B851-42BA-AF64-81E6C9E83F62}.Ad-Hoc|x64.ActiveCfg = Release|x64
		{DA0CAF4D-B851-42BA-AF64-81E6C9E83F62}.Ad-Hoc|x64.Build.0 = Release|x64
		{DA0CAF4D-B851-42BA-AF64-81E6C9E83F62}.Ad-Hoc|x64.Deploy.0 = Release|x64
		{DA0CAF4D-B851-42BA-AF64-81E6C9E83F62}.Ad-Hoc|x86.ActiveCfg = Release|x86
		{DA0CAF4D-B851-42BA-AF64-81E6C9E83F62}.Ad-Hoc|x86.Build.0 = Release|x86
		{DA0CAF4D-B851-42BA-AF64-81E6C9E83F62}.Ad-Hoc|x86.Deploy.0 = Release|x86
		{DA0CAF4D-B851-42BA-AF64-81E6C9E83F62}.AppStore|Any CPU.ActiveCfg = Release|x86
		{DA0CAF4D-B851-42BA-AF64-81E6C9E83F62}.AppStore|Any CPU.Build.0 = Release|x86
		{DA0CAF4D-B851-42BA-AF64-81E6C9E83F62}.AppStore|Any CPU.Deploy.0 = Release|x86
		{DA0CAF4D-B851-42BA-AF64-81E6C9E83F62}.AppStore|ARM.ActiveCfg = Release|ARM
		{DA0CAF4D-B851-42BA-AF64-81E6C9E83F62}.AppStore|ARM.Build.0 = Release|ARM
		{DA0CAF4D-B851-42BA-AF64-81E6C9E83F62}.AppStore|ARM.Deploy.0 = Release|ARM
		{DA0CAF4D-B851-42BA-AF64-81E6C9E83F62}.AppStore|iPhone.ActiveCfg = Release|x86
		{DA0CAF4D-B851-42BA-AF64-81E6C9E83F62}.AppStore|iPhone.Build.0 = Release|x86
		{DA0CAF4D-B851-42BA-AF64-81E6C9E83F62}.AppStore|iPhone.Deploy.0 = Release|x86
		{DA0CAF4D-B851-42BA-AF64-81E6C9E83F62}.AppStore|iPhoneSimulator.ActiveCfg = Release|x86
		{DA0CAF4D-B851-42BA-AF64-81E6C9E83F62}.AppStore|iPhoneSimulator.Build.0 = Release|x86
		{DA0CAF4D-B851-42BA-AF64-81E6C9E83F62}.AppStore|iPhoneSimulator.Deploy.0 = Release|x86
		{DA0CAF4D-B851-42BA-AF64-81E6C9E83F62}.AppStore|x64.ActiveCfg = Release|x64
		{DA0CAF4D-B851-42BA-AF64-81E6C9E83F62}.AppStore|x64.Build.0 = Release|x64
		{DA0CAF4D-B851-42BA-AF64-81E6C9E83F62}.AppStore|x64.Deploy.0 = Release|x64
		{DA0CAF4D-B851-42BA-AF64-81E6C9E83F62}.AppStore|x86.ActiveCfg = Release|x86
		{DA0CAF4D-B851-42BA-AF64-81E6C9E83F62}.AppStore|x86.Build.0 = Release|x86
		{DA0CAF4D-B851-42BA-AF64-81E6C9E83F62}.AppStore|x86.Deploy.0 = Release|x86
		{DA0CAF4D-B851-42BA-AF64-81E6C9E83F62}.Debug|Any CPU.ActiveCfg = Debug|x86
		{DA0CAF4D-B851-42BA-AF64-81E6C9E83F62}.Debug|ARM.ActiveCfg = Debug|ARM
		{DA0CAF4D-B851-42BA-AF64-81E6C9E83F62}.Debug|ARM.Build.0 = Debug|ARM
		{DA0CAF4D-B851-42BA-AF64-81E6C9E83F62}.Debug|ARM.Deploy.0 = Debug|ARM
		{DA0CAF4D-B851-42BA-AF64-81E6C9E83F62}.Debug|iPhone.ActiveCfg = Debug|x86
		{DA0CAF4D-B851-42BA-AF64-81E6C9E83F62}.Debug|iPhoneSimulator.ActiveCfg = Debug|x86
		{DA0CAF4D-B851-42BA-AF64-81E6C9E83F62}.Debug|x64.ActiveCfg = Debug|x64
		{DA0CAF4D-B851-42BA-AF64-81E6C9E83F62}.Debug|x64.Build.0 = Debug|x64
		{DA0CAF4D-B851-42BA-AF64-81E6C9E83F62}.Debug|x64.Deploy.0 = Debug|x64
		{DA0CAF4D-B851-42BA-AF64-81E6C9E83F62}.Debug|x86.ActiveCfg = Debug|x86
		{DA0CAF4D-B851-42BA-AF64-81E6C9E83F62}.Debug|x86.Build.0 = Debug|x86
		{DA0CAF4D-B851-42BA-AF64-81E6C9E83F62}.Debug|x86.Deploy.0 = Debug|x86
		{DA0CAF4D-B851-42BA-AF64-81E6C9E83F62}.Release|Any CPU.ActiveCfg = Release|x86
		{DA0CAF4D-B851-42BA-AF64-81E6C9E83F62}.Release|ARM.ActiveCfg = Release|ARM
		{DA0CAF4D-B851-42BA-AF64-81E6C9E83F62}.Release|ARM.Build.0 = Release|ARM
		{DA0CAF4D-B851-42BA-AF64-81E6C9E83F62}.Release|ARM.Deploy.0 = Release|ARM
		{DA0CAF4D-B851-42BA-AF64-81E6C9E83F62}.Release|iPhone.ActiveCfg = Release|x86
		{DA0CAF4D-B851-42BA-AF64-81E6C9E83F62}.Release|iPhoneSimulator.ActiveCfg = Release|x86
		{DA0CAF4D-B851-42BA-AF64-81E6C9E83F62}.Release|x64.ActiveCfg = Release|x64
		{DA0CAF4D-B851-42BA-AF64-81E6C9E83F62}.Release|x64.Build.0 = Release|x64
		{DA0CAF4D-B851-42BA-AF64-81E6C9E83F62}.Release|x64.Deploy.0 = Release|x64
		{DA0CAF4D-B851-42BA-AF64-81E6C9E83F62}.Release|x86.ActiveCfg = Release|x86
		{DA0CAF4D-B851-42BA-AF64-81E6C9E83F62}.Release|x86.Build.0 = Release|x86
		{DA0CAF4D-B851-42BA-AF64-81E6C9E83F62}.Release|x86.Deploy.0 = Release|x86
		{1FDF4168-DFD0-4766-B91E-B38F04CF0623}.Ad-Hoc|Any CPU.ActiveCfg = Release|Any CPU
		{1FDF4168-DFD0-4766-B91E-B38F04CF0623}.Ad-Hoc|Any CPU.Build.0 = Release|Any CPU
		{1FDF4168-DFD0-4766-B91E-B38F04CF0623}.Ad-Hoc|Any CPU.Deploy.0 = Release|Any CPU
		{1FDF4168-DFD0-4766-B91E-B38F04CF0623}.Ad-Hoc|ARM.ActiveCfg = Release|ARM
		{1FDF4168-DFD0-4766-B91E-B38F04CF0623}.Ad-Hoc|ARM.Build.0 = Release|ARM
		{1FDF4168-DFD0-4766-B91E-B38F04CF0623}.Ad-Hoc|ARM.Deploy.0 = Release|ARM
		{1FDF4168-DFD0-4766-B91E-B38F04CF0623}.Ad-Hoc|iPhone.ActiveCfg = Release|Any CPU
		{1FDF4168-DFD0-4766-B91E-B38F04CF0623}.Ad-Hoc|iPhone.Build.0 = Release|Any CPU
		{1FDF4168-DFD0-4766-B91E-B38F04CF0623}.Ad-Hoc|iPhone.Deploy.0 = Release|Any CPU
		{1FDF4168-DFD0-4766-B91E-B38F04CF0623}.Ad-Hoc|iPhoneSimulator.ActiveCfg = Release|Any CPU
		{1FDF4168-DFD0-4766-B91E-B38F04CF0623}.Ad-Hoc|iPhoneSimulator.Build.0 = Release|Any CPU
		{1FDF4168-DFD0-4766-B91E-B38F04CF0623}.Ad-Hoc|iPhoneSimulator.Deploy.0 = Release|Any CPU
		{1FDF4168-DFD0-4766-B91E-B38F04CF0623}.Ad-Hoc|x64.ActiveCfg = Release|x64
		{1FDF4168-DFD0-4766-B91E-B38F04CF0623}.Ad-Hoc|x64.Build.0 = Release|x64
		{1FDF4168-DFD0-4766-B91E-B38F04CF0623}.Ad-Hoc|x64.Deploy.0 = Release|x64
		{1FDF4168-DFD0-4766-B91E-B38F04CF0623}.Ad-Hoc|x86.ActiveCfg = Release|x86
		{1FDF4168-DFD0-4766-B91E-B38F04CF0623}.Ad-Hoc|x86.Build.0 = Release|x86
		{1FDF4168-DFD0-4766-B91E-B38F04CF0623}.Ad-Hoc|x86.Deploy.0 = Release|x86
		{1FDF4168-DFD0-4766-B91E-B38F04CF0623}.AppStore|Any CPU.ActiveCfg = Release|Any CPU
		{1FDF4168-DFD0-4766-B91E-B38F04CF0623}.AppStore|Any CPU.Build.0 = Release|Any CPU
		{1FDF4168-DFD0-4766-B91E-B38F04CF0623}.AppStore|Any CPU.Deploy.0 = Release|Any CPU
		{1FDF4168-DFD0-4766-B91E-B38F04CF0623}.AppStore|ARM.ActiveCfg = Release|ARM
		{1FDF4168-DFD0-4766-B91E-B38F04CF0623}.AppStore|ARM.Build.0 = Release|ARM
		{1FDF4168-DFD0-4766-B91E-B38F04CF0623}.AppStore|ARM.Deploy.0 = Release|ARM
		{1FDF4168-DFD0-4766-B91E-B38F04CF0623}.AppStore|iPhone.ActiveCfg = Release|Any CPU
		{1FDF4168-DFD0-4766-B91E-B38F04CF0623}.AppStore|iPhone.Build.0 = Release|Any CPU
		{1FDF4168-DFD0-4766-B91E-B38F04CF0623}.AppStore|iPhone.Deploy.0 = Release|Any CPU
		{1FDF4168-DFD0-4766-B91E-B38F04CF0623}.AppStore|iPhoneSimulator.ActiveCfg = Release|Any CPU
		{1FDF4168-DFD0-4766-B91E-B38F04CF0623}.AppStore|iPhoneSimulator.Build.0 = Release|Any CPU
		{1FDF4168-DFD0-4766-B91E-B38F04CF0623}.AppStore|iPhoneSimulator.Deploy.0 = Release|Any CPU
		{1FDF4168-DFD0-4766-B91E-B38F04CF0623}.AppStore|x64.ActiveCfg = Release|x64
		{1FDF4168-DFD0-4766-B91E-B38F04CF0623}.AppStore|x64.Build.0 = Release|x64
		{1FDF4168-DFD0-4766-B91E-B38F04CF0623}.AppStore|x64.Deploy.0 = Release|x64
		{1FDF4168-DFD0-4766-B91E-B38F04CF0623}.AppStore|x86.ActiveCfg = Release|x86
		{1FDF4168-DFD0-4766-B91E-B38F04CF0623}.AppStore|x86.Build.0 = Release|x86
		{1FDF4168-DFD0-4766-B91E-B38F04CF0623}.AppStore|x86.Deploy.0 = Release|x86
		{1FDF4168-DFD0-4766-B91E-B38F04CF0623}.Debug|Any CPU.ActiveCfg = Debug|Any CPU
		{1FDF4168-DFD0-4766-B91E-B38F04CF0623}.Debug|Any CPU.Build.0 = Debug|Any CPU
		{1FDF4168-DFD0-4766-B91E-B38F04CF0623}.Debug|Any CPU.Deploy.0 = Debug|Any CPU
		{1FDF4168-DFD0-4766-B91E-B38F04CF0623}.Debug|ARM.ActiveCfg = Debug|ARM
		{1FDF4168-DFD0-4766-B91E-B38F04CF0623}.Debug|ARM.Build.0 = Debug|ARM
		{1FDF4168-DFD0-4766-B91E-B38F04CF0623}.Debug|ARM.Deploy.0 = Debug|ARM
		{1FDF4168-DFD0-4766-B91E-B38F04CF0623}.Debug|iPhone.ActiveCfg = Debug|Any CPU
		{1FDF4168-DFD0-4766-B91E-B38F04CF0623}.Debug|iPhone.Build.0 = Debug|Any CPU
		{1FDF4168-DFD0-4766-B91E-B38F04CF0623}.Debug|iPhone.Deploy.0 = Debug|Any CPU
		{1FDF4168-DFD0-4766-B91E-B38F04CF0623}.Debug|iPhoneSimulator.ActiveCfg = Debug|Any CPU
		{1FDF4168-DFD0-4766-B91E-B38F04CF0623}.Debug|iPhoneSimulator.Build.0 = Debug|Any CPU
		{1FDF4168-DFD0-4766-B91E-B38F04CF0623}.Debug|iPhoneSimulator.Deploy.0 = Debug|Any CPU
		{1FDF4168-DFD0-4766-B91E-B38F04CF0623}.Debug|x64.ActiveCfg = Debug|x64
		{1FDF4168-DFD0-4766-B91E-B38F04CF0623}.Debug|x64.Build.0 = Debug|x64
		{1FDF4168-DFD0-4766-B91E-B38F04CF0623}.Debug|x64.Deploy.0 = Debug|x64
		{1FDF4168-DFD0-4766-B91E-B38F04CF0623}.Debug|x86.ActiveCfg = Debug|x86
		{1FDF4168-DFD0-4766-B91E-B38F04CF0623}.Debug|x86.Build.0 = Debug|x86
		{1FDF4168-DFD0-4766-B91E-B38F04CF0623}.Debug|x86.Deploy.0 = Debug|x86
		{1FDF4168-DFD0-4766-B91E-B38F04CF0623}.Release|Any CPU.ActiveCfg = Release|Any CPU
		{1FDF4168-DFD0-4766-B91E-B38F04CF0623}.Release|Any CPU.Build.0 = Release|Any CPU
		{1FDF4168-DFD0-4766-B91E-B38F04CF0623}.Release|Any CPU.Deploy.0 = Release|Any CPU
		{1FDF4168-DFD0-4766-B91E-B38F04CF0623}.Release|ARM.ActiveCfg = Release|ARM
		{1FDF4168-DFD0-4766-B91E-B38F04CF0623}.Release|ARM.Build.0 = Release|ARM
		{1FDF4168-DFD0-4766-B91E-B38F04CF0623}.Release|ARM.Deploy.0 = Release|ARM
		{1FDF4168-DFD0-4766-B91E-B38F04CF0623}.Release|iPhone.ActiveCfg = Release|Any CPU
		{1FDF4168-DFD0-4766-B91E-B38F04CF0623}.Release|iPhone.Build.0 = Release|Any CPU
		{1FDF4168-DFD0-4766-B91E-B38F04CF0623}.Release|iPhone.Deploy.0 = Release|Any CPU
		{1FDF4168-DFD0-4766-B91E-B38F04CF0623}.Release|iPhoneSimulator.ActiveCfg = Release|Any CPU
		{1FDF4168-DFD0-4766-B91E-B38F04CF0623}.Release|iPhoneSimulator.Build.0 = Release|Any CPU
		{1FDF4168-DFD0-4766-B91E-B38F04CF0623}.Release|iPhoneSimulator.Deploy.0 = Release|Any CPU
		{1FDF4168-DFD0-4766-B91E-B38F04CF0623}.Release|x64.ActiveCfg = Release|x64
		{1FDF4168-DFD0-4766-B91E-B38F04CF0623}.Release|x64.Build.0 = Release|x64
		{1FDF4168-DFD0-4766-B91E-B38F04CF0623}.Release|x64.Deploy.0 = Release|x64
		{1FDF4168-DFD0-4766-B91E-B38F04CF0623}.Release|x86.ActiveCfg = Release|x86
		{1FDF4168-DFD0-4766-B91E-B38F04CF0623}.Release|x86.Build.0 = Release|x86
		{1FDF4168-DFD0-4766-B91E-B38F04CF0623}.Release|x86.Deploy.0 = Release|x86
	EndGlobalSection
	GlobalSection(SolutionProperties) = preSolution
		HideSolutionNode = FALSE
	EndGlobalSection
EndGlobal
