
Microsoft Visual Studio Solution File, Format Version 12.00
# Visual Studio 2012
Project("{FAE04EC0-301F-11D3-BF4B-00C04F79EFBC}") = "XamariniOSLicao2", "XamariniOSLicao2\XamariniOSLicao2.csproj", "{F27E1016-71A4-45B7-B3C4-FB0AB4A3C354}"
EndProject
Global
	GlobalSection(SolutionConfigurationPlatforms) = preSolution
		Debug|iPhoneSimulator = Debug|iPhoneSimulator
		Release|iPhone = Release|iPhone
		Release|iPhoneSimulator = Release|iPhoneSimulator
		Debug|iPhone = Debug|iPhone
	EndGlobalSection
	GlobalSection(ProjectConfigurationPlatforms) = postSolution
		{F27E1016-71A4-45B7-B3C4-FB0AB4A3C354}.Debug|iPhoneSimulator.ActiveCfg = Debug|iPhoneSimulator
		{F27E1016-71A4-45B7-B3C4-FB0AB4A3C354}.Debug|iPhoneSimulator.Build.0 = Debug|iPhoneSimulator
		{F27E1016-71A4-45B7-B3C4-FB0AB4A3C354}.Release|iPhone.ActiveCfg = Release|iPhone
		{F27E1016-71A4-45B7-B3C4-FB0AB4A3C354}.Release|iPhone.Build.0 = Release|iPhone
		{F27E1016-71A4-45B7-B3C4-FB0AB4A3C354}.Release|iPhoneSimulator.ActiveCfg = Release|iPhoneSimulator
		{F27E1016-71A4-45B7-B3C4-FB0AB4A3C354}.Release|iPhoneSimulator.Build.0 = Release|iPhoneSimulator
		{F27E1016-71A4-45B7-B3C4-FB0AB4A3C354}.Debug|iPhone.ActiveCfg = Debug|iPhone
		{F27E1016-71A4-45B7-B3C4-FB0AB4A3C354}.Debug|iPhone.Build.0 = Debug|iPhone
	EndGlobalSection
EndGlobal
